{
  "name": "test",
  "lockfileVersion": 2,
  "requires": true,
  "packages": {
    "": {
      "dependencies": {
        "lib-pareto-test": "^0.47.0",
        "pareto-core-async": "^0.13.0",
        "pareto-core-data": "^0.6.0",
        "pareto-core-dev": "^0.6.0",
        "pareto-core-exe": "^0.21.0",
        "pareto-core-lib": "^0.25.0",
        "pareto-core-map": "^0.6.0",
        "pareto-core-state": "^0.19.0",
        "res-pareto-main": "^0.36.0"
      }
    },
    "node_modules/diff": {
      "version": "5.1.0",
      "resolved": "https://registry.npmjs.org/diff/-/diff-5.1.0.tgz",
      "integrity": "sha512-D+mk+qE8VC/PAUrlAU34N+VfXev0ghe5ywmpqrawphmVZc1bEfn56uo9qpyGp1p4xpzOHkSW4ztBd6L7Xx4ACw==",
      "engines": {
        "node": ">=0.3.1"
      }
    },
    "node_modules/glo-pareto-common": {
      "version": "0.31.0",
      "resolved": "https://registry.npmjs.org/glo-pareto-common/-/glo-pareto-common-0.31.0.tgz",
      "integrity": "sha512-x0bblLec8hfVY1J2FEiYBmTsf+0XVCJFTL4lbB3dm0eD9bDwICJiKdy6OsCBjsCGqUWbVo12g/wgVeffPF7ZcQ==",
      "dependencies": {
        "pareto-core-types": "^0.15.0"
      }
    },
    "node_modules/lib-pareto-filesystem": {
      "version": "0.52.0",
      "resolved": "https://registry.npmjs.org/lib-pareto-filesystem/-/lib-pareto-filesystem-0.52.0.tgz",
      "integrity": "sha512-h40N6mdeXs57Zy0LtzMw01H5bbDELarvfBB4jqdBFhtMLW8+MFOzBrNM7PGps9XShk+76NnR2/kijtUtwJRgRQ==",
      "dependencies": {
        "pareto-core-async": "^0.13.0",
        "pareto-core-data": "^0.6.0",
        "pareto-core-dev": "^0.6.0",
        "pareto-core-lib": "^0.25.0",
        "pareto-core-map": "^0.6.0",
        "pareto-core-state": "^0.19.0",
        "res-pareto-filesystem": "^0.70.0"
      }
    },
    "node_modules/lib-pareto-test": {
      "version": "0.47.0",
      "resolved": "https://registry.npmjs.org/lib-pareto-test/-/lib-pareto-test-0.47.0.tgz",
      "integrity": "sha512-X0JTJBm9W50+L09wdo66TRXNbHjUiPEFctSkhfK4ZOcyHYyTHkKEfxZMKaI3zVnhySFHYH9zsfKh+PNB4J82VQ==",
      "dependencies": {
        "glo-pareto-common": "^0.31.0",
        "lib-pareto-filesystem": "^0.52.0",
        "pareto-core-async": "^0.13.0",
        "pareto-core-data": "^0.6.0",
        "pareto-core-dev": "^0.6.0",
        "pareto-core-lib": "^0.25.0",
        "pareto-core-map": "^0.6.0",
        "pareto-core-state": "^0.19.0",
        "res-pareto-arithmetic": "^0.29.0",
        "res-pareto-array": "^0.7.0",
        "res-pareto-boolean": "^0.31.0",
        "res-pareto-collation": "^0.37.0",
        "res-pareto-diff": "^0.40.0",
        "res-pareto-foreach": "^0.20.0",
        "res-pareto-main": "^0.35.0"
      }
    },
    "node_modules/lib-pareto-test/node_modules/pareto-core-internals": {
      "version": "0.19.0",
      "resolved": "https://registry.npmjs.org/pareto-core-internals/-/pareto-core-internals-0.19.0.tgz",
      "integrity": "sha512-ZHqiqxREUOMEn5gJWOr1e8L6ua+VR+6gVtErIxB8rb8WfXKsg4Bqg9/bp+7iT/C8gdcCnt1gLUV05ucV2LFK8A==",
      "dependencies": {
        "pareto-core-types": "^0.15.0"
      }
    },
    "node_modules/lib-pareto-test/node_modules/res-pareto-main": {
      "version": "0.35.0",
      "resolved": "https://registry.npmjs.org/res-pareto-main/-/res-pareto-main-0.35.0.tgz",
      "integrity": "sha512-2O0QfAp5boNX6YgGiUkO5plbm9TJEuVkw7nkdy2p7isddHoRS4auT+tA92mzRkw1zQF2Hy5lXbZXKBE13fndrg==",
      "dependencies": {
        "glo-pareto-common": "^0.31.0",
        "pareto-core-internals": "^0.19.0"
      }
    },
    "node_modules/pareto-core-async": {
      "version": "0.13.0",
      "resolved": "https://registry.npmjs.org/pareto-core-async/-/pareto-core-async-0.13.0.tgz",
      "integrity": "sha512-TmxFrQ0pWK61r8uZyBi1TZorDyJjBStPmvvuYgV8zCPS1vSeQApfraVlc2zHmsF4r0bY6vd0Ex2BfgAebVoTwA==",
      "dependencies": {
        "pareto-core-internals": "^0.17.0"
      }
    },
    "node_modules/pareto-core-data": {
      "version": "0.6.0",
      "resolved": "https://registry.npmjs.org/pareto-core-data/-/pareto-core-data-0.6.0.tgz",
      "integrity": "sha512-5UwvrHW3Tjay8lyjs5y86lCF9eoaZtItONSMzTPizM3r9IGkPOX4rJ+KtcqX274y+3w4dcdKPuszhHVtq9q7PA==",
      "dependencies": {
        "pareto-core-internals": "^0.17.0"
      }
    },
    "node_modules/pareto-core-dev": {
      "version": "0.6.0",
      "resolved": "https://registry.npmjs.org/pareto-core-dev/-/pareto-core-dev-0.6.0.tgz",
      "integrity": "sha512-2FAttCLAUGctc1s49++YmIC1gVOzYgTyI52+ZTfnCEdxG7Wzlo93YniC7JkmeRtSJQC8ka8usTHZKPW8kL7cuw==",
      "dependencies": {
        "pareto-core-internals": "^0.17.0"
      }
    },
    "node_modules/pareto-core-exe": {
      "version": "0.21.0",
      "resolved": "https://registry.npmjs.org/pareto-core-exe/-/pareto-core-exe-0.21.0.tgz",
      "integrity": "sha512-x0Sg5c1F+1dAd1y7lwBGOEDTOeHYjMLG1hzFozuMhCJm/50TdBD1shSmD39iE4ghWhhXnhKGyT7lFmqub2eeKg==",
      "dependencies": {
        "pareto-core-internals": "^0.17.0"
      }
    },
    "node_modules/pareto-core-internals": {
      "version": "0.17.3",
      "resolved": "https://registry.npmjs.org/pareto-core-internals/-/pareto-core-internals-0.17.3.tgz",
      "integrity": "sha512-qe4NOO2qJAZMxselC26mpM0N9XTA0NNbm6GOtOeX62VmxU85DYlwpPeYvkggkqNvmZJGATUYOSXRTrl+Y16Nyg==",
      "dependencies": {
        "pareto-core-types": "^0.15.0"
      }
    },
    "node_modules/pareto-core-lib": {
      "version": "0.25.0",
      "resolved": "https://registry.npmjs.org/pareto-core-lib/-/pareto-core-lib-0.25.0.tgz",
      "integrity": "sha512-Axkv08I2sahfrg5vjlYf2vgOR3QOKJAnNW2L3Ux3p9ExS4yUSq2hjm6xYHDVWN3KH09+y2lIEa1hnH9ARvQfLw==",
      "dependencies": {
        "pareto-core-internals": "^0.17.0"
      }
    },
    "node_modules/pareto-core-map": {
      "version": "0.6.0",
      "resolved": "https://registry.npmjs.org/pareto-core-map/-/pareto-core-map-0.6.0.tgz",
      "integrity": "sha512-477/pjkdNm4rnr2g7xX7ga/3hdTcIe6q/Hq+vhTy63OHm2NECOA0i65CDJMHfKPrfFEwzqRMk4bDHjOX4IAqxw==",
      "dependencies": {
        "pareto-core-internals": "^0.17.0"
      }
    },
    "node_modules/pareto-core-state": {
      "version": "0.19.0",
      "resolved": "https://registry.npmjs.org/pareto-core-state/-/pareto-core-state-0.19.0.tgz",
      "integrity": "sha512-jgphxNmrp7n9WldGScwKQhh8nexNZNx57V/6E3OGH+Wqtf/rio1SluU5qoxPhNC6GqOGUnzbnnXP7x5jNlHXfQ==",
      "dependencies": {
        "pareto-core-internals": "^0.17.0"
      }
    },
    "node_modules/pareto-core-types": {
      "version": "0.15.1",
      "resolved": "https://registry.npmjs.org/pareto-core-types/-/pareto-core-types-0.15.1.tgz",
      "integrity": "sha512-T0cu2sEXolEC/hevsCZHlLHl2zLRMl0P4SUvZHrPE5c7gtfvoFA54vsXdALEMUdiyZAmEzr10sjulCOyZ/AMUA=="
    },
    "node_modules/res-pareto-arithmetic": {
      "version": "0.29.0",
      "resolved": "https://registry.npmjs.org/res-pareto-arithmetic/-/res-pareto-arithmetic-0.29.0.tgz",
      "integrity": "sha512-BU6qA5gyb9sWoXox+AWeR7lOG+wiC9CsU3+ZkU6PG/Py0eDebHAD3QPbd0xnjPSb+w2O54VpN73T6+7MCaloTQ==",
      "dependencies": {
        "glo-pareto-common": "^0.31.0",
        "pareto-core-internals": "^0.19.0"
      }
    },
    "node_modules/res-pareto-arithmetic/node_modules/pareto-core-internals": {
      "version": "0.19.0",
      "resolved": "https://registry.npmjs.org/pareto-core-internals/-/pareto-core-internals-0.19.0.tgz",
      "integrity": "sha512-ZHqiqxREUOMEn5gJWOr1e8L6ua+VR+6gVtErIxB8rb8WfXKsg4Bqg9/bp+7iT/C8gdcCnt1gLUV05ucV2LFK8A==",
      "dependencies": {
        "pareto-core-types": "^0.15.0"
      }
    },
    "node_modules/res-pareto-array": {
      "version": "0.7.0",
      "resolved": "https://registry.npmjs.org/res-pareto-array/-/res-pareto-array-0.7.0.tgz",
      "integrity": "sha512-nM++0ZPGa6sls/jCW6PDh+cQVG9gcXbU4XR7E5QW3C2UFr/EJnQl4cqdozBvcPn3woMt3POylgQjeKcyI1s6qQ==",
      "dependencies": {
        "glo-pareto-common": "^0.31.0",
        "pareto-core-internals": "^0.19.0"
      }
    },
    "node_modules/res-pareto-array/node_modules/pareto-core-internals": {
      "version": "0.19.0",
      "resolved": "https://registry.npmjs.org/pareto-core-internals/-/pareto-core-internals-0.19.0.tgz",
      "integrity": "sha512-ZHqiqxREUOMEn5gJWOr1e8L6ua+VR+6gVtErIxB8rb8WfXKsg4Bqg9/bp+7iT/C8gdcCnt1gLUV05ucV2LFK8A==",
      "dependencies": {
        "pareto-core-types": "^0.15.0"
      }
    },
    "node_modules/res-pareto-boolean": {
      "version": "0.31.0",
      "resolved": "https://registry.npmjs.org/res-pareto-boolean/-/res-pareto-boolean-0.31.0.tgz",
      "integrity": "sha512-GhvEWTQc+O4P7F/MrDxBlbmCxlfZcZyqiEcZPPL3qlqrvSVAAQVr4nlqnGywmv+DNCbZ+RW2v5o7I1y6AeQrEA==",
      "dependencies": {
        "glo-pareto-common": "^0.31.0",
        "pareto-core-internals": "^0.19.0"
      }
    },
    "node_modules/res-pareto-boolean/node_modules/pareto-core-internals": {
      "version": "0.19.0",
      "resolved": "https://registry.npmjs.org/pareto-core-internals/-/pareto-core-internals-0.19.0.tgz",
      "integrity": "sha512-ZHqiqxREUOMEn5gJWOr1e8L6ua+VR+6gVtErIxB8rb8WfXKsg4Bqg9/bp+7iT/C8gdcCnt1gLUV05ucV2LFK8A==",
      "dependencies": {
        "pareto-core-types": "^0.15.0"
      }
    },
    "node_modules/res-pareto-collation": {
      "version": "0.37.0",
      "resolved": "https://registry.npmjs.org/res-pareto-collation/-/res-pareto-collation-0.37.0.tgz",
      "integrity": "sha512-fZu/RMZT+okXP46xFh3+GI+PATbzvOrnH1bjw07St2eQxW0RPr+ml5ORZrJWr03eFQ/wcA/H7kW3j9X/JJE4mA==",
      "dependencies": {
        "glo-pareto-common": "^0.31.0",
        "pareto-core-internals": "^0.19.0"
      }
    },
    "node_modules/res-pareto-collation/node_modules/pareto-core-internals": {
      "version": "0.19.0",
      "resolved": "https://registry.npmjs.org/pareto-core-internals/-/pareto-core-internals-0.19.0.tgz",
      "integrity": "sha512-ZHqiqxREUOMEn5gJWOr1e8L6ua+VR+6gVtErIxB8rb8WfXKsg4Bqg9/bp+7iT/C8gdcCnt1gLUV05ucV2LFK8A==",
      "dependencies": {
        "pareto-core-types": "^0.15.0"
      }
    },
    "node_modules/res-pareto-diff": {
      "version": "0.40.0",
      "resolved": "https://registry.npmjs.org/res-pareto-diff/-/res-pareto-diff-0.40.0.tgz",
      "integrity": "sha512-EEbdf7ZCUFxCXiUAeWVomlj5MJmyN76Tz9TkYpZXDw5D/fKovREIMTx22efPeE0RomLS1axeG2UXKCXvV1VAGw==",
      "dependencies": {
        "diff": "^5.1.0",
        "glo-pareto-common": "^0.31.0",
        "pareto-core-internals": "^0.19.0"
      }
    },
    "node_modules/res-pareto-diff/node_modules/pareto-core-internals": {
      "version": "0.19.0",
      "resolved": "https://registry.npmjs.org/pareto-core-internals/-/pareto-core-internals-0.19.0.tgz",
      "integrity": "sha512-ZHqiqxREUOMEn5gJWOr1e8L6ua+VR+6gVtErIxB8rb8WfXKsg4Bqg9/bp+7iT/C8gdcCnt1gLUV05ucV2LFK8A==",
      "dependencies": {
        "pareto-core-types": "^0.15.0"
      }
    },
    "node_modules/res-pareto-filesystem": {
      "version": "0.70.0",
      "resolved": "https://registry.npmjs.org/res-pareto-filesystem/-/res-pareto-filesystem-0.70.0.tgz",
      "integrity": "sha512-dLQcimNO8/ttkQTQLhqlz3Hpj4QgDSqEH1FlfDJh7PGZc5JWJktxPPcpC/KddGs3fsLKYyJYDuzy7YxAdVRLbw==",
      "dependencies": {
        "glo-pareto-common": "^0.31.0",
        "pareto-core-internals": "^0.19.0"
      }
    },
    "node_modules/res-pareto-filesystem/node_modules/pareto-core-internals": {
      "version": "0.19.0",
      "resolved": "https://registry.npmjs.org/pareto-core-internals/-/pareto-core-internals-0.19.0.tgz",
      "integrity": "sha512-ZHqiqxREUOMEn5gJWOr1e8L6ua+VR+6gVtErIxB8rb8WfXKsg4Bqg9/bp+7iT/C8gdcCnt1gLUV05ucV2LFK8A==",
      "dependencies": {
        "pareto-core-types": "^0.15.0"
      }
    },
    "node_modules/res-pareto-foreach": {
      "version": "0.20.0",
      "resolved": "https://registry.npmjs.org/res-pareto-foreach/-/res-pareto-foreach-0.20.0.tgz",
      "integrity": "sha512-JdsFxBOwbkAdar/A60Kcs/JOJXFSw3Mh8EMGdgrY224qpJro29OopAAUmjZ1eLLmxAE1Q8d+NNpSgWKv3SqPPw==",
      "dependencies": {
        "pareto-core-internals": "^0.19.0",
        "res-pareto-collation": "^0.37.0"
      }
    },
    "node_modules/res-pareto-foreach/node_modules/pareto-core-internals": {
      "version": "0.19.0",
      "resolved": "https://registry.npmjs.org/pareto-core-internals/-/pareto-core-internals-0.19.0.tgz",
      "integrity": "sha512-ZHqiqxREUOMEn5gJWOr1e8L6ua+VR+6gVtErIxB8rb8WfXKsg4Bqg9/bp+7iT/C8gdcCnt1gLUV05ucV2LFK8A==",
      "dependencies": {
        "pareto-core-types": "^0.15.0"
      }
    },
    "node_modules/res-pareto-main": {
      "version": "0.36.0",
      "resolved": "https://registry.npmjs.org/res-pareto-main/-/res-pareto-main-0.36.0.tgz",
      "integrity": "sha512-xurpafYNwktRK5iYTrflBwcAIGjG2dEqQBwNMN4GR+XPT7Y4YQC71ZhDJteAhhDPDqKtIrz1Y1jqIf3wp/Sm6A==",
      "dependencies": {
        "glo-pareto-common": "^0.32.0",
        "pareto-core-internals": "^0.19.0"
      }
    },
    "node_modules/res-pareto-main/node_modules/glo-pareto-common": {
      "version": "0.32.0",
      "resolved": "https://registry.npmjs.org/glo-pareto-common/-/glo-pareto-common-0.32.0.tgz",
      "integrity": "sha512-Z/BMXnwlp9yoKBiFR+KP3O00mzz5LVFhP3gva8yjs37G2kJWKjoYT4IlI31aF83zKdX2TS8+UwHJEj8tHCaMmg==",
      "dependencies": {
        "pareto-core-types": "^0.15.1"
      }
    },
    "node_modules/res-pareto-main/node_modules/pareto-core-internals": {
      "version": "0.19.0",
      "resolved": "https://registry.npmjs.org/pareto-core-internals/-/pareto-core-internals-0.19.0.tgz",
      "integrity": "sha512-ZHqiqxREUOMEn5gJWOr1e8L6ua+VR+6gVtErIxB8rb8WfXKsg4Bqg9/bp+7iT/C8gdcCnt1gLUV05ucV2LFK8A==",
      "dependencies": {
        "pareto-core-types": "^0.15.0"
      }
    }
  },
  "dependencies": {
    "diff": {
      "version": "5.1.0",
      "resolved": "https://registry.npmjs.org/diff/-/diff-5.1.0.tgz",
      "integrity": "sha512-D+mk+qE8VC/PAUrlAU34N+VfXev0ghe5ywmpqrawphmVZc1bEfn56uo9qpyGp1p4xpzOHkSW4ztBd6L7Xx4ACw=="
    },
    "glo-pareto-common": {
      "version": "0.31.0",
      "resolved": "https://registry.npmjs.org/glo-pareto-common/-/glo-pareto-common-0.31.0.tgz",
      "integrity": "sha512-x0bblLec8hfVY1J2FEiYBmTsf+0XVCJFTL4lbB3dm0eD9bDwICJiKdy6OsCBjsCGqUWbVo12g/wgVeffPF7ZcQ==",
      "requires": {
        "pareto-core-types": "^0.15.0"
      }
    },
    "lib-pareto-filesystem": {
      "version": "0.52.0",
      "resolved": "https://registry.npmjs.org/lib-pareto-filesystem/-/lib-pareto-filesystem-0.52.0.tgz",
      "integrity": "sha512-h40N6mdeXs57Zy0LtzMw01H5bbDELarvfBB4jqdBFhtMLW8+MFOzBrNM7PGps9XShk+76NnR2/kijtUtwJRgRQ==",
      "requires": {
        "pareto-core-async": "^0.13.0",
        "pareto-core-data": "^0.6.0",
        "pareto-core-dev": "^0.6.0",
        "pareto-core-lib": "^0.25.0",
        "pareto-core-map": "^0.6.0",
        "pareto-core-state": "^0.19.0",
        "res-pareto-filesystem": "^0.70.0"
      }
    },
    "lib-pareto-test": {
      "version": "0.47.0",
      "resolved": "https://registry.npmjs.org/lib-pareto-test/-/lib-pareto-test-0.47.0.tgz",
      "integrity": "sha512-X0JTJBm9W50+L09wdo66TRXNbHjUiPEFctSkhfK4ZOcyHYyTHkKEfxZMKaI3zVnhySFHYH9zsfKh+PNB4J82VQ==",
      "requires": {
        "glo-pareto-common": "^0.31.0",
        "lib-pareto-filesystem": "^0.52.0",
        "pareto-core-async": "^0.13.0",
        "pareto-core-data": "^0.6.0",
        "pareto-core-dev": "^0.6.0",
        "pareto-core-lib": "^0.25.0",
        "pareto-core-map": "^0.6.0",
        "pareto-core-state": "^0.19.0",
        "res-pareto-arithmetic": "^0.29.0",
        "res-pareto-array": "^0.7.0",
        "res-pareto-boolean": "^0.31.0",
        "res-pareto-collation": "^0.37.0",
        "res-pareto-diff": "^0.40.0",
        "res-pareto-foreach": "^0.20.0",
        "res-pareto-main": "^0.35.0"
      },
      "dependencies": {
        "pareto-core-internals": {
          "version": "0.19.0",
          "resolved": "https://registry.npmjs.org/pareto-core-internals/-/pareto-core-internals-0.19.0.tgz",
          "integrity": "sha512-ZHqiqxREUOMEn5gJWOr1e8L6ua+VR+6gVtErIxB8rb8WfXKsg4Bqg9/bp+7iT/C8gdcCnt1gLUV05ucV2LFK8A==",
          "requires": {
            "pareto-core-types": "^0.15.0"
          }
        },
        "res-pareto-main": {
          "version": "0.35.0",
          "resolved": "https://registry.npmjs.org/res-pareto-main/-/res-pareto-main-0.35.0.tgz",
          "integrity": "sha512-2O0QfAp5boNX6YgGiUkO5plbm9TJEuVkw7nkdy2p7isddHoRS4auT+tA92mzRkw1zQF2Hy5lXbZXKBE13fndrg==",
          "requires": {
            "glo-pareto-common": "^0.31.0",
            "pareto-core-internals": "^0.19.0"
          }
        }
      }
    },
    "pareto-core-async": {
      "version": "0.13.0",
      "resolved": "https://registry.npmjs.org/pareto-core-async/-/pareto-core-async-0.13.0.tgz",
      "integrity": "sha512-TmxFrQ0pWK61r8uZyBi1TZorDyJjBStPmvvuYgV8zCPS1vSeQApfraVlc2zHmsF4r0bY6vd0Ex2BfgAebVoTwA==",
      "requires": {
        "pareto-core-internals": "^0.17.0"
      }
    },
    "pareto-core-data": {
      "version": "0.6.0",
      "resolved": "https://registry.npmjs.org/pareto-core-data/-/pareto-core-data-0.6.0.tgz",
      "integrity": "sha512-5UwvrHW3Tjay8lyjs5y86lCF9eoaZtItONSMzTPizM3r9IGkPOX4rJ+KtcqX274y+3w4dcdKPuszhHVtq9q7PA==",
      "requires": {
        "pareto-core-internals": "^0.17.0"
      }
    },
    "pareto-core-dev": {
      "version": "0.6.0",
      "resolved": "https://registry.npmjs.org/pareto-core-dev/-/pareto-core-dev-0.6.0.tgz",
      "integrity": "sha512-2FAttCLAUGctc1s49++YmIC1gVOzYgTyI52+ZTfnCEdxG7Wzlo93YniC7JkmeRtSJQC8ka8usTHZKPW8kL7cuw==",
      "requires": {
        "pareto-core-internals": "^0.17.0"
      }
    },
    "pareto-core-exe": {
      "version": "0.21.0",
      "resolved": "https://registry.npmjs.org/pareto-core-exe/-/pareto-core-exe-0.21.0.tgz",
      "integrity": "sha512-x0Sg5c1F+1dAd1y7lwBGOEDTOeHYjMLG1hzFozuMhCJm/50TdBD1shSmD39iE4ghWhhXnhKGyT7lFmqub2eeKg==",
      "requires": {
        "pareto-core-internals": "^0.17.0"
      }
    },
    "pareto-core-internals": {
      "version": "0.17.3",
      "resolved": "https://registry.npmjs.org/pareto-core-internals/-/pareto-core-internals-0.17.3.tgz",
      "integrity": "sha512-qe4NOO2qJAZMxselC26mpM0N9XTA0NNbm6GOtOeX62VmxU85DYlwpPeYvkggkqNvmZJGATUYOSXRTrl+Y16Nyg==",
      "requires": {
        "pareto-core-types": "^0.15.0"
      }
    },
    "pareto-core-lib": {
      "version": "0.25.0",
      "resolved": "https://registry.npmjs.org/pareto-core-lib/-/pareto-core-lib-0.25.0.tgz",
      "integrity": "sha512-Axkv08I2sahfrg5vjlYf2vgOR3QOKJAnNW2L3Ux3p9ExS4yUSq2hjm6xYHDVWN3KH09+y2lIEa1hnH9ARvQfLw==",
      "requires": {
        "pareto-core-internals": "^0.17.0"
      }
    },
    "pareto-core-map": {
      "version": "0.6.0",
      "resolved": "https://registry.npmjs.org/pareto-core-map/-/pareto-core-map-0.6.0.tgz",
      "integrity": "sha512-477/pjkdNm4rnr2g7xX7ga/3hdTcIe6q/Hq+vhTy63OHm2NECOA0i65CDJMHfKPrfFEwzqRMk4bDHjOX4IAqxw==",
      "requires": {
        "pareto-core-internals": "^0.17.0"
      }
    },
    "pareto-core-state": {
      "version": "0.19.0",
      "resolved": "https://registry.npmjs.org/pareto-core-state/-/pareto-core-state-0.19.0.tgz",
      "integrity": "sha512-jgphxNmrp7n9WldGScwKQhh8nexNZNx57V/6E3OGH+Wqtf/rio1SluU5qoxPhNC6GqOGUnzbnnXP7x5jNlHXfQ==",
      "requires": {
        "pareto-core-internals": "^0.17.0"
      }
    },
    "pareto-core-types": {
      "version": "0.15.1",
      "resolved": "https://registry.npmjs.org/pareto-core-types/-/pareto-core-types-0.15.1.tgz",
      "integrity": "sha512-T0cu2sEXolEC/hevsCZHlLHl2zLRMl0P4SUvZHrPE5c7gtfvoFA54vsXdALEMUdiyZAmEzr10sjulCOyZ/AMUA=="
    },
    "res-pareto-arithmetic": {
      "version": "0.29.0",
      "resolved": "https://registry.npmjs.org/res-pareto-arithmetic/-/res-pareto-arithmetic-0.29.0.tgz",
      "integrity": "sha512-BU6qA5gyb9sWoXox+AWeR7lOG+wiC9CsU3+ZkU6PG/Py0eDebHAD3QPbd0xnjPSb+w2O54VpN73T6+7MCaloTQ==",
      "requires": {
        "glo-pareto-common": "^0.31.0",
        "pareto-core-internals": "^0.19.0"
      },
      "dependencies": {
        "pareto-core-internals": {
          "version": "0.19.0",
          "resolved": "https://registry.npmjs.org/pareto-core-internals/-/pareto-core-internals-0.19.0.tgz",
          "integrity": "sha512-ZHqiqxREUOMEn5gJWOr1e8L6ua+VR+6gVtErIxB8rb8WfXKsg4Bqg9/bp+7iT/C8gdcCnt1gLUV05ucV2LFK8A==",
          "requires": {
            "pareto-core-types": "^0.15.0"
          }
        }
      }
    },
    "res-pareto-array": {
      "version": "0.7.0",
      "resolved": "https://registry.npmjs.org/res-pareto-array/-/res-pareto-array-0.7.0.tgz",
      "integrity": "sha512-nM++0ZPGa6sls/jCW6PDh+cQVG9gcXbU4XR7E5QW3C2UFr/EJnQl4cqdozBvcPn3woMt3POylgQjeKcyI1s6qQ==",
      "requires": {
        "glo-pareto-common": "^0.31.0",
        "pareto-core-internals": "^0.19.0"
      },
      "dependencies": {
        "pareto-core-internals": {
          "version": "0.19.0",
          "resolved": "https://registry.npmjs.org/pareto-core-internals/-/pareto-core-internals-0.19.0.tgz",
          "integrity": "sha512-ZHqiqxREUOMEn5gJWOr1e8L6ua+VR+6gVtErIxB8rb8WfXKsg4Bqg9/bp+7iT/C8gdcCnt1gLUV05ucV2LFK8A==",
          "requires": {
            "pareto-core-types": "^0.15.0"
          }
        }
      }
    },
    "res-pareto-boolean": {
      "version": "0.31.0",
      "resolved": "https://registry.npmjs.org/res-pareto-boolean/-/res-pareto-boolean-0.31.0.tgz",
      "integrity": "sha512-GhvEWTQc+O4P7F/MrDxBlbmCxlfZcZyqiEcZPPL3qlqrvSVAAQVr4nlqnGywmv+DNCbZ+RW2v5o7I1y6AeQrEA==",
      "requires": {
        "glo-pareto-common": "^0.31.0",
        "pareto-core-internals": "^0.19.0"
      },
      "dependencies": {
        "pareto-core-internals": {
          "version": "0.19.0",
          "resolved": "https://registry.npmjs.org/pareto-core-internals/-/pareto-core-internals-0.19.0.tgz",
          "integrity": "sha512-ZHqiqxREUOMEn5gJWOr1e8L6ua+VR+6gVtErIxB8rb8WfXKsg4Bqg9/bp+7iT/C8gdcCnt1gLUV05ucV2LFK8A==",
          "requires": {
            "pareto-core-types": "^0.15.0"
          }
        }
      }
    },
    "res-pareto-collation": {
      "version": "0.37.0",
      "resolved": "https://registry.npmjs.org/res-pareto-collation/-/res-pareto-collation-0.37.0.tgz",
      "integrity": "sha512-fZu/RMZT+okXP46xFh3+GI+PATbzvOrnH1bjw07St2eQxW0RPr+ml5ORZrJWr03eFQ/wcA/H7kW3j9X/JJE4mA==",
      "requires": {
        "glo-pareto-common": "^0.31.0",
        "pareto-core-internals": "^0.19.0"
      },
      "dependencies": {
        "pareto-core-internals": {
          "version": "0.19.0",
          "resolved": "https://registry.npmjs.org/pareto-core-internals/-/pareto-core-internals-0.19.0.tgz",
          "integrity": "sha512-ZHqiqxREUOMEn5gJWOr1e8L6ua+VR+6gVtErIxB8rb8WfXKsg4Bqg9/bp+7iT/C8gdcCnt1gLUV05ucV2LFK8A==",
          "requires": {
            "pareto-core-types": "^0.15.0"
          }
        }
      }
    },
    "res-pareto-diff": {
      "version": "0.40.0",
      "resolved": "https://registry.npmjs.org/res-pareto-diff/-/res-pareto-diff-0.40.0.tgz",
      "integrity": "sha512-EEbdf7ZCUFxCXiUAeWVomlj5MJmyN76Tz9TkYpZXDw5D/fKovREIMTx22efPeE0RomLS1axeG2UXKCXvV1VAGw==",
      "requires": {
        "diff": "^5.1.0",
        "glo-pareto-common": "^0.31.0",
        "pareto-core-internals": "^0.19.0"
      },
      "dependencies": {
        "pareto-core-internals": {
          "version": "0.19.0",
          "resolved": "https://registry.npmjs.org/pareto-core-internals/-/pareto-core-internals-0.19.0.tgz",
          "integrity": "sha512-ZHqiqxREUOMEn5gJWOr1e8L6ua+VR+6gVtErIxB8rb8WfXKsg4Bqg9/bp+7iT/C8gdcCnt1gLUV05ucV2LFK8A==",
          "requires": {
            "pareto-core-types": "^0.15.0"
          }
        }
      }
    },
    "res-pareto-filesystem": {
      "version": "0.70.0",
      "resolved": "https://registry.npmjs.org/res-pareto-filesystem/-/res-pareto-filesystem-0.70.0.tgz",
      "integrity": "sha512-dLQcimNO8/ttkQTQLhqlz3Hpj4QgDSqEH1FlfDJh7PGZc5JWJktxPPcpC/KddGs3fsLKYyJYDuzy7YxAdVRLbw==",
      "requires": {
        "glo-pareto-common": "^0.31.0",
        "pareto-core-internals": "^0.19.0"
      },
      "dependencies": {
        "pareto-core-internals": {
          "version": "0.19.0",
          "resolved": "https://registry.npmjs.org/pareto-core-internals/-/pareto-core-internals-0.19.0.tgz",
          "integrity": "sha512-ZHqiqxREUOMEn5gJWOr1e8L6ua+VR+6gVtErIxB8rb8WfXKsg4Bqg9/bp+7iT/C8gdcCnt1gLUV05ucV2LFK8A==",
          "requires": {
            "pareto-core-types": "^0.15.0"
          }
        }
      }
    },
    "res-pareto-foreach": {
      "version": "0.20.0",
      "resolved": "https://registry.npmjs.org/res-pareto-foreach/-/res-pareto-foreach-0.20.0.tgz",
      "integrity": "sha512-JdsFxBOwbkAdar/A60Kcs/JOJXFSw3Mh8EMGdgrY224qpJro29OopAAUmjZ1eLLmxAE1Q8d+NNpSgWKv3SqPPw==",
      "requires": {
        "pareto-core-internals": "^0.19.0",
        "res-pareto-collation": "^0.37.0"
      },
      "dependencies": {
        "pareto-core-internals": {
          "version": "0.19.0",
          "resolved": "https://registry.npmjs.org/pareto-core-internals/-/pareto-core-internals-0.19.0.tgz",
          "integrity": "sha512-ZHqiqxREUOMEn5gJWOr1e8L6ua+VR+6gVtErIxB8rb8WfXKsg4Bqg9/bp+7iT/C8gdcCnt1gLUV05ucV2LFK8A==",
          "requires": {
            "pareto-core-types": "^0.15.0"
          }
        }
      }
    },
    "res-pareto-main": {
      "version": "0.36.0",
      "resolved": "https://registry.npmjs.org/res-pareto-main/-/res-pareto-main-0.36.0.tgz",
      "integrity": "sha512-xurpafYNwktRK5iYTrflBwcAIGjG2dEqQBwNMN4GR+XPT7Y4YQC71ZhDJteAhhDPDqKtIrz1Y1jqIf3wp/Sm6A==",
      "requires": {
        "glo-pareto-common": "^0.32.0",
        "pareto-core-internals": "^0.19.0"
      },
      "dependencies": {
        "glo-pareto-common": {
          "version": "0.32.0",
          "resolved": "https://registry.npmjs.org/glo-pareto-common/-/glo-pareto-common-0.32.0.tgz",
          "integrity": "sha512-Z/BMXnwlp9yoKBiFR+KP3O00mzz5LVFhP3gva8yjs37G2kJWKjoYT4IlI31aF83zKdX2TS8+UwHJEj8tHCaMmg==",
          "requires": {
            "pareto-core-types": "^0.15.1"
          }
        },
        "pareto-core-internals": {
          "version": "0.19.0",
          "resolved": "https://registry.npmjs.org/pareto-core-internals/-/pareto-core-internals-0.19.0.tgz",
          "integrity": "sha512-ZHqiqxREUOMEn5gJWOr1e8L6ua+VR+6gVtErIxB8rb8WfXKsg4Bqg9/bp+7iT/C8gdcCnt1gLUV05ucV2LFK8A==",
          "requires": {
            "pareto-core-types": "^0.15.0"
          }
        }
      }
    }
  }
}
