{
  "name": "test",
  "lockfileVersion": 2,
  "requires": true,
  "packages": {
    "": {
      "dependencies": {
        "lib-pareto-test": "^0.34.0",
        "pareto-core-async": "^0.7.0",
        "pareto-core-data": "^0.2.0",
        "pareto-core-dev": "^0.2.0",
        "pareto-core-exe": "^0.17.0",
        "pareto-core-lib": "^0.21.0",
        "pareto-core-map": "^0.2.1",
        "pareto-core-state": "^0.15.0",
        "res-pareto-main": "^0.16.0"
      }
    },
    "node_modules/diff": {
      "version": "5.1.0",
      "resolved": "https://registry.npmjs.org/diff/-/diff-5.1.0.tgz",
      "integrity": "sha512-D+mk+qE8VC/PAUrlAU34N+VfXev0ghe5ywmpqrawphmVZc1bEfn56uo9qpyGp1p4xpzOHkSW4ztBd6L7Xx4ACw==",
      "engines": {
        "node": ">=0.3.1"
      }
    },
    "node_modules/glo-pareto-common": {
      "version": "0.16.0",
      "resolved": "https://registry.npmjs.org/glo-pareto-common/-/glo-pareto-common-0.16.0.tgz",
      "integrity": "sha512-XSd6O2dORn1gsTEZGKmwmbZVG9ge7139FxmmDYtNZ/ziJTmd+l7qpdBINDqdAvqqfsKbqZouTJDQdiDu5goqwg==",
      "dependencies": {
        "pareto-core-types": "^0.12.0"
      }
    },
    "node_modules/lib-pareto-filesystem": {
      "version": "0.31.0",
      "resolved": "https://registry.npmjs.org/lib-pareto-filesystem/-/lib-pareto-filesystem-0.31.0.tgz",
      "integrity": "sha512-Szsp8FjQy0BpflzqL2bPPYhq2LW2XWjXSL+tap49T9MpyGF9Use9m6iKCYTv4pypXI5+YKPEQYazc+es9/c4Dw==",
      "dependencies": {
        "pareto-core-async": "^0.7.0",
        "pareto-core-data": "^0.2.0",
        "pareto-core-dev": "^0.2.0",
        "pareto-core-lib": "^0.21.0",
        "pareto-core-map": "^0.2.1",
        "pareto-core-state": "^0.15.0",
        "res-pareto-filesystem": "^0.42.0"
      }
    },
    "node_modules/lib-pareto-test": {
      "version": "0.34.0",
      "resolved": "https://registry.npmjs.org/lib-pareto-test/-/lib-pareto-test-0.34.0.tgz",
      "integrity": "sha512-94qX6C+iTQ1Fr6smSj3Adv9pEE7lksKv3NwvX+45hmt9P2Kjn98wlNJ5WhE5VgQ+qX1fpPbwhdKygv5zpnqUjA==",
      "dependencies": {
        "glo-pareto-common": "^0.16.0",
        "lib-pareto-filesystem": "^0.31.0",
        "pareto-core-async": "^0.7.0",
        "pareto-core-data": "^0.2.0",
        "pareto-core-dev": "^0.2.0",
        "pareto-core-lib": "^0.21.0",
        "pareto-core-map": "^0.2.1",
        "pareto-core-state": "^0.15.0",
        "res-pareto-arithmetic": "^0.15.0",
        "res-pareto-boolean": "^0.18.0",
        "res-pareto-collation": "^0.21.0",
        "res-pareto-diff": "^0.27.0",
        "res-pareto-main": "^0.16.0"
      }
    },
    "node_modules/pareto-core-async": {
      "version": "0.7.0",
      "resolved": "https://registry.npmjs.org/pareto-core-async/-/pareto-core-async-0.7.0.tgz",
      "integrity": "sha512-9vAAlsbSwNbH47j7bQER0Nys5mKtNEDuRplWcvq9hphzazSE2JVtQLBBKXzNAoQtbJfV97+49xeZscl85UApiQ==",
      "dependencies": {
        "pareto-core-internals": "^0.13.0"
      }
    },
    "node_modules/pareto-core-data": {
      "version": "0.2.0",
      "resolved": "https://registry.npmjs.org/pareto-core-data/-/pareto-core-data-0.2.0.tgz",
      "integrity": "sha512-TOOHt0mubI55wLY6RjB3yB4cB8UhRtIYvmYsO9w8Fs4OhPGhgYeE6Wi1KMG8mVESGvyjLwmuX1z4Ufgt0zgDyQ==",
      "dependencies": {
        "pareto-core-internals": "^0.13.0"
      }
    },
    "node_modules/pareto-core-dev": {
      "version": "0.2.0",
      "resolved": "https://registry.npmjs.org/pareto-core-dev/-/pareto-core-dev-0.2.0.tgz",
      "integrity": "sha512-pomsDAhCa3m56ceDym/7dtizj1R+wNr4qo6Eb/Jw6t2w71+dNhK4Ph8mEGYTx1qwGaKKGBxZ4rM8S8As2MwwQw==",
      "dependencies": {
        "pareto-core-internals": "^0.13.0"
      }
    },
    "node_modules/pareto-core-exe": {
      "version": "0.17.0",
      "resolved": "https://registry.npmjs.org/pareto-core-exe/-/pareto-core-exe-0.17.0.tgz",
      "integrity": "sha512-IITQNo/RE1f7l6i/p28NQCn/86vPNvQqTZz4jD+20C7tg1s0/pgWKpdJNquOrfGFKVjCyQrTGDhE7ToORJ8lWg==",
      "dependencies": {
        "pareto-core-internals": "^0.13.0"
      }
    },
    "node_modules/pareto-core-internals": {
      "version": "0.13.0",
      "resolved": "https://registry.npmjs.org/pareto-core-internals/-/pareto-core-internals-0.13.0.tgz",
      "integrity": "sha512-Yb9SVAb3G7H1EZBTxyA1VWuf5bGYd5hMccgklqkvlaavQab6w7PiMvzUY0Wzj1pExFAYe2rtm8IQ2uSBHAyS0g==",
      "dependencies": {
        "pareto-core-types": "^0.12.0"
      }
    },
    "node_modules/pareto-core-lib": {
      "version": "0.21.0",
      "resolved": "https://registry.npmjs.org/pareto-core-lib/-/pareto-core-lib-0.21.0.tgz",
      "integrity": "sha512-ABoCMhL0dCGGaT2yl51zANxOFRS8ml+heJh4+LQIpelcuQd1P6KbU9K4itNaOGSRlPVGWh2x7XK65M55hCgZ9Q==",
      "dependencies": {
        "pareto-core-internals": "^0.13.0"
      }
    },
    "node_modules/pareto-core-map": {
      "version": "0.2.1",
      "resolved": "https://registry.npmjs.org/pareto-core-map/-/pareto-core-map-0.2.1.tgz",
      "integrity": "sha512-oKWbuI0UINIqtY8MBpisenO/76y4fjACWRBkrf8JwN4adMhN4udlHhrlI16OwHLnNGVcDVYSQ1zzD8aoY/8LmQ==",
      "dependencies": {
        "pareto-core-internals": "^0.13.0"
      }
    },
    "node_modules/pareto-core-state": {
      "version": "0.15.0",
      "resolved": "https://registry.npmjs.org/pareto-core-state/-/pareto-core-state-0.15.0.tgz",
      "integrity": "sha512-5KQRryP3qXowV+EoRyA3gV1eLotQzWW6/YIbWRaC1I0tWX0wQm6lIxp7yB9Z8KwV7WgVcrwFtuRwtFIzAMbijg==",
      "dependencies": {
        "pareto-core-internals": "^0.13.0"
      }
    },
    "node_modules/pareto-core-types": {
      "version": "0.12.0",
      "resolved": "https://registry.npmjs.org/pareto-core-types/-/pareto-core-types-0.12.0.tgz",
      "integrity": "sha512-cxQ3sI0kJby0o1xM6C6lMl2VFrK1cTTjMF3sSEKW9i3S1xJEnmXybh1oE4+tdIsQmQysDAGOZ0Awi/gzzjnJHw=="
    },
    "node_modules/res-pareto-arithmetic": {
      "version": "0.15.0",
      "resolved": "https://registry.npmjs.org/res-pareto-arithmetic/-/res-pareto-arithmetic-0.15.0.tgz",
      "integrity": "sha512-P+DFUO/S9pd7EsQO+20I/WbvefxvDivFTLdWgzCxHamLzfv4SDOUITnD1jHEuvdowiJvOQnBng5FuVT3lOMBlg==",
      "dependencies": {
        "glo-pareto-common": "^0.15.0",
        "pareto-core-internals": "^0.13.0"
      }
    },
    "node_modules/res-pareto-arithmetic/node_modules/glo-pareto-common": {
      "version": "0.15.0",
      "resolved": "https://registry.npmjs.org/glo-pareto-common/-/glo-pareto-common-0.15.0.tgz",
      "integrity": "sha512-D4vYIo5O7LEKb4HZhZxS8FXjRTrlANfaHs73e7xxWyECZPR1+bZNPzzQ//1geFpkoadi8Asbth1jA9//0K5c7w==",
      "dependencies": {
        "pareto-core-types": "^0.12.0"
      }
    },
    "node_modules/res-pareto-boolean": {
      "version": "0.18.0",
      "resolved": "https://registry.npmjs.org/res-pareto-boolean/-/res-pareto-boolean-0.18.0.tgz",
      "integrity": "sha512-Z2sDPxD4ICosKC2UEtX6X56wjM0E5MY3V52/wzM+YsU6HGKKCbw8bkp35kj7e514pdQhzkotn1Ec9NnCFZE5UQ==",
      "dependencies": {
        "glo-pareto-common": "^0.15.0",
        "pareto-core-internals": "^0.13.0"
      }
    },
    "node_modules/res-pareto-boolean/node_modules/glo-pareto-common": {
      "version": "0.15.0",
      "resolved": "https://registry.npmjs.org/glo-pareto-common/-/glo-pareto-common-0.15.0.tgz",
      "integrity": "sha512-D4vYIo5O7LEKb4HZhZxS8FXjRTrlANfaHs73e7xxWyECZPR1+bZNPzzQ//1geFpkoadi8Asbth1jA9//0K5c7w==",
      "dependencies": {
        "pareto-core-types": "^0.12.0"
      }
    },
    "node_modules/res-pareto-collation": {
      "version": "0.21.0",
      "resolved": "https://registry.npmjs.org/res-pareto-collation/-/res-pareto-collation-0.21.0.tgz",
      "integrity": "sha512-r+nMtHB5JrXK7kXXiKFmQlUcp0Nr8nlgCMo3kkjWZBbVczZ5a0zFkmNW0SYKWCBKvXdR1FWn1DSRumfYev+7iA==",
      "dependencies": {
        "glo-pareto-common": "^0.15.0",
        "pareto-core-internals": "^0.13.0"
      }
    },
    "node_modules/res-pareto-collation/node_modules/glo-pareto-common": {
      "version": "0.15.0",
      "resolved": "https://registry.npmjs.org/glo-pareto-common/-/glo-pareto-common-0.15.0.tgz",
      "integrity": "sha512-D4vYIo5O7LEKb4HZhZxS8FXjRTrlANfaHs73e7xxWyECZPR1+bZNPzzQ//1geFpkoadi8Asbth1jA9//0K5c7w==",
      "dependencies": {
        "pareto-core-types": "^0.12.0"
      }
    },
    "node_modules/res-pareto-diff": {
      "version": "0.27.0",
      "resolved": "https://registry.npmjs.org/res-pareto-diff/-/res-pareto-diff-0.27.0.tgz",
      "integrity": "sha512-nBnPWj99OUF/Ry59u4I2Y/d1/t/R//jHBaztf1GWkmdMI+3amETmIYt3C7EdYtRs3q3ZYwg04dELEoaSQr2QRw==",
      "dependencies": {
        "diff": "^5.1.0",
        "glo-pareto-common": "^0.15.0",
        "pareto-core-internals": "^0.13.0"
      }
    },
    "node_modules/res-pareto-diff/node_modules/glo-pareto-common": {
      "version": "0.15.0",
      "resolved": "https://registry.npmjs.org/glo-pareto-common/-/glo-pareto-common-0.15.0.tgz",
      "integrity": "sha512-D4vYIo5O7LEKb4HZhZxS8FXjRTrlANfaHs73e7xxWyECZPR1+bZNPzzQ//1geFpkoadi8Asbth1jA9//0K5c7w==",
      "dependencies": {
        "pareto-core-types": "^0.12.0"
      }
    },
    "node_modules/res-pareto-filesystem": {
      "version": "0.42.0",
      "resolved": "https://registry.npmjs.org/res-pareto-filesystem/-/res-pareto-filesystem-0.42.0.tgz",
      "integrity": "sha512-SvaXeMduSzeR2pdM3tRUmPYXsgctweAB3eky/dvfTBGs+Dan1ezjgCnzFiud0U4y4q788250P4Kx94LTQbE46Q==",
      "dependencies": {
        "glo-pareto-common": "^0.16.0",
        "pareto-core-internals": "^0.13.0"
      }
    },
    "node_modules/res-pareto-main": {
      "version": "0.16.0",
      "resolved": "https://registry.npmjs.org/res-pareto-main/-/res-pareto-main-0.16.0.tgz",
      "integrity": "sha512-lLNpoxuBZvXzE03bAU80P/aCO/Mp9rAxkhtIkNNBSbDKUSp37CcSf9aZXKTWzrH7aaIaQseGGbcLpLi2Qf4pgA==",
      "dependencies": {
        "glo-pareto-common": "^0.15.0",
        "pareto-core-internals": "^0.13.0"
      }
    },
    "node_modules/res-pareto-main/node_modules/glo-pareto-common": {
      "version": "0.15.0",
      "resolved": "https://registry.npmjs.org/glo-pareto-common/-/glo-pareto-common-0.15.0.tgz",
      "integrity": "sha512-D4vYIo5O7LEKb4HZhZxS8FXjRTrlANfaHs73e7xxWyECZPR1+bZNPzzQ//1geFpkoadi8Asbth1jA9//0K5c7w==",
      "dependencies": {
        "pareto-core-types": "^0.12.0"
      }
    }
  },
  "dependencies": {
    "diff": {
      "version": "5.1.0",
      "resolved": "https://registry.npmjs.org/diff/-/diff-5.1.0.tgz",
      "integrity": "sha512-D+mk+qE8VC/PAUrlAU34N+VfXev0ghe5ywmpqrawphmVZc1bEfn56uo9qpyGp1p4xpzOHkSW4ztBd6L7Xx4ACw=="
    },
    "glo-pareto-common": {
      "version": "0.16.0",
      "resolved": "https://registry.npmjs.org/glo-pareto-common/-/glo-pareto-common-0.16.0.tgz",
      "integrity": "sha512-XSd6O2dORn1gsTEZGKmwmbZVG9ge7139FxmmDYtNZ/ziJTmd+l7qpdBINDqdAvqqfsKbqZouTJDQdiDu5goqwg==",
      "requires": {
        "pareto-core-types": "^0.12.0"
      }
    },
    "lib-pareto-filesystem": {
      "version": "0.31.0",
      "resolved": "https://registry.npmjs.org/lib-pareto-filesystem/-/lib-pareto-filesystem-0.31.0.tgz",
      "integrity": "sha512-Szsp8FjQy0BpflzqL2bPPYhq2LW2XWjXSL+tap49T9MpyGF9Use9m6iKCYTv4pypXI5+YKPEQYazc+es9/c4Dw==",
      "requires": {
        "pareto-core-async": "^0.7.0",
        "pareto-core-data": "^0.2.0",
        "pareto-core-dev": "^0.2.0",
        "pareto-core-lib": "^0.21.0",
        "pareto-core-map": "^0.2.1",
        "pareto-core-state": "^0.15.0",
        "res-pareto-filesystem": "^0.42.0"
      }
    },
    "lib-pareto-test": {
      "version": "0.34.0",
      "resolved": "https://registry.npmjs.org/lib-pareto-test/-/lib-pareto-test-0.34.0.tgz",
      "integrity": "sha512-94qX6C+iTQ1Fr6smSj3Adv9pEE7lksKv3NwvX+45hmt9P2Kjn98wlNJ5WhE5VgQ+qX1fpPbwhdKygv5zpnqUjA==",
      "requires": {
        "glo-pareto-common": "^0.16.0",
        "lib-pareto-filesystem": "^0.31.0",
        "pareto-core-async": "^0.7.0",
        "pareto-core-data": "^0.2.0",
        "pareto-core-dev": "^0.2.0",
        "pareto-core-lib": "^0.21.0",
        "pareto-core-map": "^0.2.1",
        "pareto-core-state": "^0.15.0",
        "res-pareto-arithmetic": "^0.15.0",
        "res-pareto-boolean": "^0.18.0",
        "res-pareto-collation": "^0.21.0",
        "res-pareto-diff": "^0.27.0",
        "res-pareto-main": "^0.16.0"
      }
    },
    "pareto-core-async": {
      "version": "0.7.0",
      "resolved": "https://registry.npmjs.org/pareto-core-async/-/pareto-core-async-0.7.0.tgz",
      "integrity": "sha512-9vAAlsbSwNbH47j7bQER0Nys5mKtNEDuRplWcvq9hphzazSE2JVtQLBBKXzNAoQtbJfV97+49xeZscl85UApiQ==",
      "requires": {
        "pareto-core-internals": "^0.13.0"
      }
    },
    "pareto-core-data": {
      "version": "0.2.0",
      "resolved": "https://registry.npmjs.org/pareto-core-data/-/pareto-core-data-0.2.0.tgz",
      "integrity": "sha512-TOOHt0mubI55wLY6RjB3yB4cB8UhRtIYvmYsO9w8Fs4OhPGhgYeE6Wi1KMG8mVESGvyjLwmuX1z4Ufgt0zgDyQ==",
      "requires": {
        "pareto-core-internals": "^0.13.0"
      }
    },
    "pareto-core-dev": {
      "version": "0.2.0",
      "resolved": "https://registry.npmjs.org/pareto-core-dev/-/pareto-core-dev-0.2.0.tgz",
      "integrity": "sha512-pomsDAhCa3m56ceDym/7dtizj1R+wNr4qo6Eb/Jw6t2w71+dNhK4Ph8mEGYTx1qwGaKKGBxZ4rM8S8As2MwwQw==",
      "requires": {
        "pareto-core-internals": "^0.13.0"
      }
    },
    "pareto-core-exe": {
      "version": "0.17.0",
      "resolved": "https://registry.npmjs.org/pareto-core-exe/-/pareto-core-exe-0.17.0.tgz",
      "integrity": "sha512-IITQNo/RE1f7l6i/p28NQCn/86vPNvQqTZz4jD+20C7tg1s0/pgWKpdJNquOrfGFKVjCyQrTGDhE7ToORJ8lWg==",
      "requires": {
        "pareto-core-internals": "^0.13.0"
      }
    },
    "pareto-core-internals": {
      "version": "0.13.0",
      "resolved": "https://registry.npmjs.org/pareto-core-internals/-/pareto-core-internals-0.13.0.tgz",
      "integrity": "sha512-Yb9SVAb3G7H1EZBTxyA1VWuf5bGYd5hMccgklqkvlaavQab6w7PiMvzUY0Wzj1pExFAYe2rtm8IQ2uSBHAyS0g==",
      "requires": {
        "pareto-core-types": "^0.12.0"
      }
    },
    "pareto-core-lib": {
      "version": "0.21.0",
      "resolved": "https://registry.npmjs.org/pareto-core-lib/-/pareto-core-lib-0.21.0.tgz",
      "integrity": "sha512-ABoCMhL0dCGGaT2yl51zANxOFRS8ml+heJh4+LQIpelcuQd1P6KbU9K4itNaOGSRlPVGWh2x7XK65M55hCgZ9Q==",
      "requires": {
        "pareto-core-internals": "^0.13.0"
      }
    },
    "pareto-core-map": {
      "version": "0.2.1",
      "resolved": "https://registry.npmjs.org/pareto-core-map/-/pareto-core-map-0.2.1.tgz",
      "integrity": "sha512-oKWbuI0UINIqtY8MBpisenO/76y4fjACWRBkrf8JwN4adMhN4udlHhrlI16OwHLnNGVcDVYSQ1zzD8aoY/8LmQ==",
      "requires": {
        "pareto-core-internals": "^0.13.0"
      }
    },
    "pareto-core-state": {
      "version": "0.15.0",
      "resolved": "https://registry.npmjs.org/pareto-core-state/-/pareto-core-state-0.15.0.tgz",
      "integrity": "sha512-5KQRryP3qXowV+EoRyA3gV1eLotQzWW6/YIbWRaC1I0tWX0wQm6lIxp7yB9Z8KwV7WgVcrwFtuRwtFIzAMbijg==",
      "requires": {
        "pareto-core-internals": "^0.13.0"
      }
    },
    "pareto-core-types": {
      "version": "0.12.0",
      "resolved": "https://registry.npmjs.org/pareto-core-types/-/pareto-core-types-0.12.0.tgz",
      "integrity": "sha512-cxQ3sI0kJby0o1xM6C6lMl2VFrK1cTTjMF3sSEKW9i3S1xJEnmXybh1oE4+tdIsQmQysDAGOZ0Awi/gzzjnJHw=="
    },
    "res-pareto-arithmetic": {
      "version": "0.15.0",
      "resolved": "https://registry.npmjs.org/res-pareto-arithmetic/-/res-pareto-arithmetic-0.15.0.tgz",
      "integrity": "sha512-P+DFUO/S9pd7EsQO+20I/WbvefxvDivFTLdWgzCxHamLzfv4SDOUITnD1jHEuvdowiJvOQnBng5FuVT3lOMBlg==",
      "requires": {
        "glo-pareto-common": "^0.15.0",
        "pareto-core-internals": "^0.13.0"
      },
      "dependencies": {
        "glo-pareto-common": {
          "version": "0.15.0",
          "resolved": "https://registry.npmjs.org/glo-pareto-common/-/glo-pareto-common-0.15.0.tgz",
          "integrity": "sha512-D4vYIo5O7LEKb4HZhZxS8FXjRTrlANfaHs73e7xxWyECZPR1+bZNPzzQ//1geFpkoadi8Asbth1jA9//0K5c7w==",
          "requires": {
            "pareto-core-types": "^0.12.0"
          }
        }
      }
    },
    "res-pareto-boolean": {
      "version": "0.18.0",
      "resolved": "https://registry.npmjs.org/res-pareto-boolean/-/res-pareto-boolean-0.18.0.tgz",
      "integrity": "sha512-Z2sDPxD4ICosKC2UEtX6X56wjM0E5MY3V52/wzM+YsU6HGKKCbw8bkp35kj7e514pdQhzkotn1Ec9NnCFZE5UQ==",
      "requires": {
        "glo-pareto-common": "^0.15.0",
        "pareto-core-internals": "^0.13.0"
      },
      "dependencies": {
        "glo-pareto-common": {
          "version": "0.15.0",
          "resolved": "https://registry.npmjs.org/glo-pareto-common/-/glo-pareto-common-0.15.0.tgz",
          "integrity": "sha512-D4vYIo5O7LEKb4HZhZxS8FXjRTrlANfaHs73e7xxWyECZPR1+bZNPzzQ//1geFpkoadi8Asbth1jA9//0K5c7w==",
          "requires": {
            "pareto-core-types": "^0.12.0"
          }
        }
      }
    },
    "res-pareto-collation": {
      "version": "0.21.0",
      "resolved": "https://registry.npmjs.org/res-pareto-collation/-/res-pareto-collation-0.21.0.tgz",
      "integrity": "sha512-r+nMtHB5JrXK7kXXiKFmQlUcp0Nr8nlgCMo3kkjWZBbVczZ5a0zFkmNW0SYKWCBKvXdR1FWn1DSRumfYev+7iA==",
      "requires": {
        "glo-pareto-common": "^0.15.0",
        "pareto-core-internals": "^0.13.0"
      },
      "dependencies": {
        "glo-pareto-common": {
          "version": "0.15.0",
          "resolved": "https://registry.npmjs.org/glo-pareto-common/-/glo-pareto-common-0.15.0.tgz",
          "integrity": "sha512-D4vYIo5O7LEKb4HZhZxS8FXjRTrlANfaHs73e7xxWyECZPR1+bZNPzzQ//1geFpkoadi8Asbth1jA9//0K5c7w==",
          "requires": {
            "pareto-core-types": "^0.12.0"
          }
        }
      }
    },
    "res-pareto-diff": {
      "version": "0.27.0",
      "resolved": "https://registry.npmjs.org/res-pareto-diff/-/res-pareto-diff-0.27.0.tgz",
      "integrity": "sha512-nBnPWj99OUF/Ry59u4I2Y/d1/t/R//jHBaztf1GWkmdMI+3amETmIYt3C7EdYtRs3q3ZYwg04dELEoaSQr2QRw==",
      "requires": {
        "diff": "^5.1.0",
        "glo-pareto-common": "^0.15.0",
        "pareto-core-internals": "^0.13.0"
      },
      "dependencies": {
        "glo-pareto-common": {
          "version": "0.15.0",
          "resolved": "https://registry.npmjs.org/glo-pareto-common/-/glo-pareto-common-0.15.0.tgz",
          "integrity": "sha512-D4vYIo5O7LEKb4HZhZxS8FXjRTrlANfaHs73e7xxWyECZPR1+bZNPzzQ//1geFpkoadi8Asbth1jA9//0K5c7w==",
          "requires": {
            "pareto-core-types": "^0.12.0"
          }
        }
      }
    },
    "res-pareto-filesystem": {
      "version": "0.42.0",
      "resolved": "https://registry.npmjs.org/res-pareto-filesystem/-/res-pareto-filesystem-0.42.0.tgz",
      "integrity": "sha512-SvaXeMduSzeR2pdM3tRUmPYXsgctweAB3eky/dvfTBGs+Dan1ezjgCnzFiud0U4y4q788250P4Kx94LTQbE46Q==",
      "requires": {
        "glo-pareto-common": "^0.16.0",
        "pareto-core-internals": "^0.13.0"
      }
    },
    "res-pareto-main": {
      "version": "0.16.0",
      "resolved": "https://registry.npmjs.org/res-pareto-main/-/res-pareto-main-0.16.0.tgz",
      "integrity": "sha512-lLNpoxuBZvXzE03bAU80P/aCO/Mp9rAxkhtIkNNBSbDKUSp37CcSf9aZXKTWzrH7aaIaQseGGbcLpLi2Qf4pgA==",
      "requires": {
        "glo-pareto-common": "^0.15.0",
        "pareto-core-internals": "^0.13.0"
      },
      "dependencies": {
        "glo-pareto-common": {
          "version": "0.15.0",
          "resolved": "https://registry.npmjs.org/glo-pareto-common/-/glo-pareto-common-0.15.0.tgz",
          "integrity": "sha512-D4vYIo5O7LEKb4HZhZxS8FXjRTrlANfaHs73e7xxWyECZPR1+bZNPzzQ//1geFpkoadi8Asbth1jA9//0K5c7w==",
          "requires": {
            "pareto-core-types": "^0.12.0"
          }
        }
      }
    }
  }
}
