{
  "name": "test",
  "lockfileVersion": 2,
  "requires": true,
  "packages": {
    "": {
      "dependencies": {
        "lib-pareto-test": "^0.39.0",
        "pareto-core-async": "^0.7.0",
        "pareto-core-data": "^0.2.3",
        "pareto-core-dev": "^0.2.3",
        "pareto-core-exe": "^0.17.0",
        "pareto-core-lib": "^0.21.2",
        "pareto-core-map": "^0.2.1",
        "pareto-core-state": "^0.15.3",
        "res-pareto-main": "^0.30.0"
      }
    },
    "node_modules/diff": {
      "version": "5.1.0",
      "resolved": "https://registry.npmjs.org/diff/-/diff-5.1.0.tgz",
      "integrity": "sha512-D+mk+qE8VC/PAUrlAU34N+VfXev0ghe5ywmpqrawphmVZc1bEfn56uo9qpyGp1p4xpzOHkSW4ztBd6L7Xx4ACw==",
      "engines": {
        "node": ">=0.3.1"
      }
    },
    "node_modules/glo-pareto-common": {
      "version": "0.26.0",
      "resolved": "https://registry.npmjs.org/glo-pareto-common/-/glo-pareto-common-0.26.0.tgz",
      "integrity": "sha512-vSILHajezetcrL0Fa5aDyFJyTRT3usDY8TvQ1TzA6ike5zKrH55PFUQq6qCIqc7BwShWX7mPUXtd5bhS8MbA2w==",
      "dependencies": {
        "pareto-core-types": "^0.12.0"
      }
    },
    "node_modules/lib-pareto-filesystem": {
      "version": "0.40.0",
      "resolved": "https://registry.npmjs.org/lib-pareto-filesystem/-/lib-pareto-filesystem-0.40.0.tgz",
      "integrity": "sha512-/ILLWI8KnKFwvdV2q7H/2cYSdZpWZ3pTGUZ5cC6nStoz8P4tNB9QuKwZAQmsLBn2vTkvxUspbCSBtnVTHByVNg==",
      "dependencies": {
        "pareto-core-async": "^0.7.0",
        "pareto-core-data": "^0.2.3",
        "pareto-core-dev": "^0.2.3",
        "pareto-core-lib": "^0.21.2",
        "pareto-core-map": "^0.2.1",
        "pareto-core-state": "^0.15.3",
        "res-pareto-filesystem": "^0.58.0"
      }
    },
    "node_modules/lib-pareto-test": {
      "version": "0.39.0",
      "resolved": "https://registry.npmjs.org/lib-pareto-test/-/lib-pareto-test-0.39.0.tgz",
      "integrity": "sha512-Om2aYNng5S3RDUXEmiy1Agsp+RgM0JaOpqVh8oVKuU0JV5cMjmzbmer1KCz04hCYypk59ajcnpRpHhRLkyLKYw==",
      "dependencies": {
        "glo-pareto-common": "^0.26.0",
        "lib-pareto-filesystem": "^0.40.0",
        "pareto-core-async": "^0.7.0",
        "pareto-core-data": "^0.2.3",
        "pareto-core-dev": "^0.2.3",
        "pareto-core-lib": "^0.21.2",
        "pareto-core-map": "^0.2.1",
        "pareto-core-state": "^0.15.3",
        "res-pareto-arithmetic": "^0.24.0",
        "res-pareto-boolean": "^0.27.0",
        "res-pareto-collation": "^0.31.0",
        "res-pareto-diff": "^0.36.0",
        "res-pareto-foreach": "^0.14.0",
        "res-pareto-main": "^0.29.0"
      }
    },
    "node_modules/lib-pareto-test/node_modules/res-pareto-main": {
      "version": "0.29.0",
      "resolved": "https://registry.npmjs.org/res-pareto-main/-/res-pareto-main-0.29.0.tgz",
      "integrity": "sha512-Dxcc9oT/w/27kxqQGEDqIlbo/VQIaJwcYMqaDW1wp6YMjamrTJYscS49CTMtcXkp+5hLoLoVbhqDumJWrAgwfw==",
      "dependencies": {
        "glo-pareto-common": "^0.26.0",
        "pareto-core-internals": "^0.13.2"
      }
    },
    "node_modules/pareto-core-async": {
      "version": "0.7.0",
      "resolved": "https://registry.npmjs.org/pareto-core-async/-/pareto-core-async-0.7.0.tgz",
      "integrity": "sha512-9vAAlsbSwNbH47j7bQER0Nys5mKtNEDuRplWcvq9hphzazSE2JVtQLBBKXzNAoQtbJfV97+49xeZscl85UApiQ==",
      "dependencies": {
        "pareto-core-internals": "^0.13.0"
      }
    },
    "node_modules/pareto-core-data": {
      "version": "0.2.3",
      "resolved": "https://registry.npmjs.org/pareto-core-data/-/pareto-core-data-0.2.3.tgz",
      "integrity": "sha512-AS3aAVJ1m9YyzawBRnFH7pIWbNoGhvDxH5SXSNCPem230Z3LFZNOGaxBp94DgpOiU/kAK0j0DqdJQWTzBBo+fg==",
      "dependencies": {
        "pareto-core-internals": "^0.13.0"
      }
    },
    "node_modules/pareto-core-dev": {
      "version": "0.2.3",
      "resolved": "https://registry.npmjs.org/pareto-core-dev/-/pareto-core-dev-0.2.3.tgz",
      "integrity": "sha512-WlC4enJDbk3exQh2XbGgukDSmve60oxM6f4lkJNDwFHsNAYfz5Od343nbEkiwVkE9UpzSS/bxnDzOa+SsAPc6A==",
      "dependencies": {
        "pareto-core-internals": "^0.13.0"
      }
    },
    "node_modules/pareto-core-exe": {
      "version": "0.17.0",
      "resolved": "https://registry.npmjs.org/pareto-core-exe/-/pareto-core-exe-0.17.0.tgz",
      "integrity": "sha512-IITQNo/RE1f7l6i/p28NQCn/86vPNvQqTZz4jD+20C7tg1s0/pgWKpdJNquOrfGFKVjCyQrTGDhE7ToORJ8lWg==",
      "dependencies": {
        "pareto-core-internals": "^0.13.0"
      }
    },
    "node_modules/pareto-core-internals": {
      "version": "0.13.2",
      "resolved": "https://registry.npmjs.org/pareto-core-internals/-/pareto-core-internals-0.13.2.tgz",
      "integrity": "sha512-p+Xbd9aKGWr6tvpHnIV/uWHc8LEh62njaQClr8plM1G99rF14KXW2bVYNTlJXDJZ9HKuBY1I+zHDfa2pxoH/1w==",
      "dependencies": {
        "pareto-core-types": "^0.12.0"
      }
    },
    "node_modules/pareto-core-lib": {
      "version": "0.21.2",
      "resolved": "https://registry.npmjs.org/pareto-core-lib/-/pareto-core-lib-0.21.2.tgz",
      "integrity": "sha512-hCLtb1R7NYSSTxBs3H8XucdKjx6+egTudJ9jPMPYEUoBoOAAEM2wsZWEQLupPoBQf/v3uekpnwjq2wvn/4hpvA==",
      "dependencies": {
        "pareto-core-internals": "^0.13.0"
      }
    },
    "node_modules/pareto-core-map": {
      "version": "0.2.1",
      "resolved": "https://registry.npmjs.org/pareto-core-map/-/pareto-core-map-0.2.1.tgz",
      "integrity": "sha512-oKWbuI0UINIqtY8MBpisenO/76y4fjACWRBkrf8JwN4adMhN4udlHhrlI16OwHLnNGVcDVYSQ1zzD8aoY/8LmQ==",
      "dependencies": {
        "pareto-core-internals": "^0.13.0"
      }
    },
    "node_modules/pareto-core-state": {
      "version": "0.15.3",
      "resolved": "https://registry.npmjs.org/pareto-core-state/-/pareto-core-state-0.15.3.tgz",
      "integrity": "sha512-WOMsHbjC5TtK0EauY9fFFO0SUnOPpfVPKJEU02unNkpY+gftsmrVaStz9T01ZpyvHVbPwcrVgAy3J1slFtrOvw==",
      "dependencies": {
        "pareto-core-internals": "^0.13.0"
      }
    },
    "node_modules/pareto-core-types": {
      "version": "0.12.0",
      "resolved": "https://registry.npmjs.org/pareto-core-types/-/pareto-core-types-0.12.0.tgz",
      "integrity": "sha512-cxQ3sI0kJby0o1xM6C6lMl2VFrK1cTTjMF3sSEKW9i3S1xJEnmXybh1oE4+tdIsQmQysDAGOZ0Awi/gzzjnJHw=="
    },
    "node_modules/res-pareto-arithmetic": {
      "version": "0.24.0",
      "resolved": "https://registry.npmjs.org/res-pareto-arithmetic/-/res-pareto-arithmetic-0.24.0.tgz",
      "integrity": "sha512-OsCqczd6Jt1pOjM8VJ9iBcIFsNFIAhMw3IZqaNSEykndnKNKe26NW/iAiu1ptODIqbwF8vyNpCFTBuem6GB8Bw==",
      "dependencies": {
        "glo-pareto-common": "^0.26.0",
        "pareto-core-internals": "^0.13.2"
      }
    },
    "node_modules/res-pareto-boolean": {
      "version": "0.27.0",
      "resolved": "https://registry.npmjs.org/res-pareto-boolean/-/res-pareto-boolean-0.27.0.tgz",
      "integrity": "sha512-BCgjT2Hkk2r1Q07zOM/LzjWBEcY/sxgATHK9GXdrr+7oOxQM/NnJZuGQ9VHPxE2O2TfpcIdI0uGDkQ6ku2ECwA==",
      "dependencies": {
        "glo-pareto-common": "^0.26.0",
        "pareto-core-internals": "^0.13.2"
      }
    },
    "node_modules/res-pareto-collation": {
      "version": "0.31.0",
      "resolved": "https://registry.npmjs.org/res-pareto-collation/-/res-pareto-collation-0.31.0.tgz",
      "integrity": "sha512-foLk6ByzVcadinvSrKhzTDi0gaFUSYJ6NMfeL2bBr5DNNyEF3IM/2zw+p7nEPJv+G056rkmVLFyhJb3Za91efA==",
      "dependencies": {
        "glo-pareto-common": "^0.26.0",
        "pareto-core-internals": "^0.13.2"
      }
    },
    "node_modules/res-pareto-diff": {
      "version": "0.36.0",
      "resolved": "https://registry.npmjs.org/res-pareto-diff/-/res-pareto-diff-0.36.0.tgz",
      "integrity": "sha512-iwd/nGguk83ALvOAZfKqGT2sNZhyB89hWezVbQH6X4PChsdovnmxYy2QxIhZdL1C/ehwQiEvULZoHjp+YKe8KA==",
      "dependencies": {
        "diff": "^5.1.0",
        "glo-pareto-common": "^0.26.0",
        "pareto-core-internals": "^0.13.2"
      }
    },
    "node_modules/res-pareto-filesystem": {
      "version": "0.58.0",
      "resolved": "https://registry.npmjs.org/res-pareto-filesystem/-/res-pareto-filesystem-0.58.0.tgz",
      "integrity": "sha512-s0kjUaX7hjxoYHjt55I9jTqBDpjDdvWA6hz8Yp4+Tt25G8N++mm7rc0mKGiP/KuLKjrQc4XAhVRb9ZceyP6n7A==",
      "dependencies": {
        "glo-pareto-common": "^0.26.0",
        "pareto-core-internals": "^0.13.2"
      }
    },
    "node_modules/res-pareto-foreach": {
      "version": "0.14.0",
      "resolved": "https://registry.npmjs.org/res-pareto-foreach/-/res-pareto-foreach-0.14.0.tgz",
      "integrity": "sha512-I557aw1658CHA6AhHNfuQiNlqiOllh1NMF3yVq0S2g4CvKHmkzRP4RqeB6H45EfUHYX1qQSUixJHlcsUif/oOA==",
      "dependencies": {
        "pareto-core-internals": "^0.13.2",
        "res-pareto-collation": "^0.31.0"
      }
    },
    "node_modules/res-pareto-main": {
      "version": "0.30.0",
      "resolved": "https://registry.npmjs.org/res-pareto-main/-/res-pareto-main-0.30.0.tgz",
      "integrity": "sha512-ZdD8k9fTKD6dpHO+Hucs9FVDEbPM1WWFmzVaECoC0O39b0xZogMyJjns3woR1jj8JDr/fSFOzsHVeTgVvxEKUw==",
      "dependencies": {
        "glo-pareto-common": "^0.26.0",
        "pareto-core-internals": "^0.13.2"
      }
    }
  },
  "dependencies": {
    "diff": {
      "version": "5.1.0",
      "resolved": "https://registry.npmjs.org/diff/-/diff-5.1.0.tgz",
      "integrity": "sha512-D+mk+qE8VC/PAUrlAU34N+VfXev0ghe5ywmpqrawphmVZc1bEfn56uo9qpyGp1p4xpzOHkSW4ztBd6L7Xx4ACw=="
    },
    "glo-pareto-common": {
      "version": "0.26.0",
      "resolved": "https://registry.npmjs.org/glo-pareto-common/-/glo-pareto-common-0.26.0.tgz",
      "integrity": "sha512-vSILHajezetcrL0Fa5aDyFJyTRT3usDY8TvQ1TzA6ike5zKrH55PFUQq6qCIqc7BwShWX7mPUXtd5bhS8MbA2w==",
      "requires": {
        "pareto-core-types": "^0.12.0"
      }
    },
    "lib-pareto-filesystem": {
      "version": "0.40.0",
      "resolved": "https://registry.npmjs.org/lib-pareto-filesystem/-/lib-pareto-filesystem-0.40.0.tgz",
      "integrity": "sha512-/ILLWI8KnKFwvdV2q7H/2cYSdZpWZ3pTGUZ5cC6nStoz8P4tNB9QuKwZAQmsLBn2vTkvxUspbCSBtnVTHByVNg==",
      "requires": {
        "pareto-core-async": "^0.7.0",
        "pareto-core-data": "^0.2.3",
        "pareto-core-dev": "^0.2.3",
        "pareto-core-lib": "^0.21.2",
        "pareto-core-map": "^0.2.1",
        "pareto-core-state": "^0.15.3",
        "res-pareto-filesystem": "^0.58.0"
      }
    },
    "lib-pareto-test": {
      "version": "0.39.0",
      "resolved": "https://registry.npmjs.org/lib-pareto-test/-/lib-pareto-test-0.39.0.tgz",
      "integrity": "sha512-Om2aYNng5S3RDUXEmiy1Agsp+RgM0JaOpqVh8oVKuU0JV5cMjmzbmer1KCz04hCYypk59ajcnpRpHhRLkyLKYw==",
      "requires": {
        "glo-pareto-common": "^0.26.0",
        "lib-pareto-filesystem": "^0.40.0",
        "pareto-core-async": "^0.7.0",
        "pareto-core-data": "^0.2.3",
        "pareto-core-dev": "^0.2.3",
        "pareto-core-lib": "^0.21.2",
        "pareto-core-map": "^0.2.1",
        "pareto-core-state": "^0.15.3",
        "res-pareto-arithmetic": "^0.24.0",
        "res-pareto-boolean": "^0.27.0",
        "res-pareto-collation": "^0.31.0",
        "res-pareto-diff": "^0.36.0",
        "res-pareto-foreach": "^0.14.0",
        "res-pareto-main": "^0.29.0"
      },
      "dependencies": {
        "res-pareto-main": {
          "version": "0.29.0",
          "resolved": "https://registry.npmjs.org/res-pareto-main/-/res-pareto-main-0.29.0.tgz",
          "integrity": "sha512-Dxcc9oT/w/27kxqQGEDqIlbo/VQIaJwcYMqaDW1wp6YMjamrTJYscS49CTMtcXkp+5hLoLoVbhqDumJWrAgwfw==",
          "requires": {
            "glo-pareto-common": "^0.26.0",
            "pareto-core-internals": "^0.13.2"
          }
        }
      }
    },
    "pareto-core-async": {
      "version": "0.7.0",
      "resolved": "https://registry.npmjs.org/pareto-core-async/-/pareto-core-async-0.7.0.tgz",
      "integrity": "sha512-9vAAlsbSwNbH47j7bQER0Nys5mKtNEDuRplWcvq9hphzazSE2JVtQLBBKXzNAoQtbJfV97+49xeZscl85UApiQ==",
      "requires": {
        "pareto-core-internals": "^0.13.0"
      }
    },
    "pareto-core-data": {
      "version": "0.2.3",
      "resolved": "https://registry.npmjs.org/pareto-core-data/-/pareto-core-data-0.2.3.tgz",
      "integrity": "sha512-AS3aAVJ1m9YyzawBRnFH7pIWbNoGhvDxH5SXSNCPem230Z3LFZNOGaxBp94DgpOiU/kAK0j0DqdJQWTzBBo+fg==",
      "requires": {
        "pareto-core-internals": "^0.13.0"
      }
    },
    "pareto-core-dev": {
      "version": "0.2.3",
      "resolved": "https://registry.npmjs.org/pareto-core-dev/-/pareto-core-dev-0.2.3.tgz",
      "integrity": "sha512-WlC4enJDbk3exQh2XbGgukDSmve60oxM6f4lkJNDwFHsNAYfz5Od343nbEkiwVkE9UpzSS/bxnDzOa+SsAPc6A==",
      "requires": {
        "pareto-core-internals": "^0.13.0"
      }
    },
    "pareto-core-exe": {
      "version": "0.17.0",
      "resolved": "https://registry.npmjs.org/pareto-core-exe/-/pareto-core-exe-0.17.0.tgz",
      "integrity": "sha512-IITQNo/RE1f7l6i/p28NQCn/86vPNvQqTZz4jD+20C7tg1s0/pgWKpdJNquOrfGFKVjCyQrTGDhE7ToORJ8lWg==",
      "requires": {
        "pareto-core-internals": "^0.13.0"
      }
    },
    "pareto-core-internals": {
      "version": "0.13.2",
      "resolved": "https://registry.npmjs.org/pareto-core-internals/-/pareto-core-internals-0.13.2.tgz",
      "integrity": "sha512-p+Xbd9aKGWr6tvpHnIV/uWHc8LEh62njaQClr8plM1G99rF14KXW2bVYNTlJXDJZ9HKuBY1I+zHDfa2pxoH/1w==",
      "requires": {
        "pareto-core-types": "^0.12.0"
      }
    },
    "pareto-core-lib": {
      "version": "0.21.2",
      "resolved": "https://registry.npmjs.org/pareto-core-lib/-/pareto-core-lib-0.21.2.tgz",
      "integrity": "sha512-hCLtb1R7NYSSTxBs3H8XucdKjx6+egTudJ9jPMPYEUoBoOAAEM2wsZWEQLupPoBQf/v3uekpnwjq2wvn/4hpvA==",
      "requires": {
        "pareto-core-internals": "^0.13.0"
      }
    },
    "pareto-core-map": {
      "version": "0.2.1",
      "resolved": "https://registry.npmjs.org/pareto-core-map/-/pareto-core-map-0.2.1.tgz",
      "integrity": "sha512-oKWbuI0UINIqtY8MBpisenO/76y4fjACWRBkrf8JwN4adMhN4udlHhrlI16OwHLnNGVcDVYSQ1zzD8aoY/8LmQ==",
      "requires": {
        "pareto-core-internals": "^0.13.0"
      }
    },
    "pareto-core-state": {
      "version": "0.15.3",
      "resolved": "https://registry.npmjs.org/pareto-core-state/-/pareto-core-state-0.15.3.tgz",
      "integrity": "sha512-WOMsHbjC5TtK0EauY9fFFO0SUnOPpfVPKJEU02unNkpY+gftsmrVaStz9T01ZpyvHVbPwcrVgAy3J1slFtrOvw==",
      "requires": {
        "pareto-core-internals": "^0.13.0"
      }
    },
    "pareto-core-types": {
      "version": "0.12.0",
      "resolved": "https://registry.npmjs.org/pareto-core-types/-/pareto-core-types-0.12.0.tgz",
      "integrity": "sha512-cxQ3sI0kJby0o1xM6C6lMl2VFrK1cTTjMF3sSEKW9i3S1xJEnmXybh1oE4+tdIsQmQysDAGOZ0Awi/gzzjnJHw=="
    },
    "res-pareto-arithmetic": {
      "version": "0.24.0",
      "resolved": "https://registry.npmjs.org/res-pareto-arithmetic/-/res-pareto-arithmetic-0.24.0.tgz",
      "integrity": "sha512-OsCqczd6Jt1pOjM8VJ9iBcIFsNFIAhMw3IZqaNSEykndnKNKe26NW/iAiu1ptODIqbwF8vyNpCFTBuem6GB8Bw==",
      "requires": {
        "glo-pareto-common": "^0.26.0",
        "pareto-core-internals": "^0.13.2"
      }
    },
    "res-pareto-boolean": {
      "version": "0.27.0",
      "resolved": "https://registry.npmjs.org/res-pareto-boolean/-/res-pareto-boolean-0.27.0.tgz",
      "integrity": "sha512-BCgjT2Hkk2r1Q07zOM/LzjWBEcY/sxgATHK9GXdrr+7oOxQM/NnJZuGQ9VHPxE2O2TfpcIdI0uGDkQ6ku2ECwA==",
      "requires": {
        "glo-pareto-common": "^0.26.0",
        "pareto-core-internals": "^0.13.2"
      }
    },
    "res-pareto-collation": {
      "version": "0.31.0",
      "resolved": "https://registry.npmjs.org/res-pareto-collation/-/res-pareto-collation-0.31.0.tgz",
      "integrity": "sha512-foLk6ByzVcadinvSrKhzTDi0gaFUSYJ6NMfeL2bBr5DNNyEF3IM/2zw+p7nEPJv+G056rkmVLFyhJb3Za91efA==",
      "requires": {
        "glo-pareto-common": "^0.26.0",
        "pareto-core-internals": "^0.13.2"
      }
    },
    "res-pareto-diff": {
      "version": "0.36.0",
      "resolved": "https://registry.npmjs.org/res-pareto-diff/-/res-pareto-diff-0.36.0.tgz",
      "integrity": "sha512-iwd/nGguk83ALvOAZfKqGT2sNZhyB89hWezVbQH6X4PChsdovnmxYy2QxIhZdL1C/ehwQiEvULZoHjp+YKe8KA==",
      "requires": {
        "diff": "^5.1.0",
        "glo-pareto-common": "^0.26.0",
        "pareto-core-internals": "^0.13.2"
      }
    },
    "res-pareto-filesystem": {
      "version": "0.58.0",
      "resolved": "https://registry.npmjs.org/res-pareto-filesystem/-/res-pareto-filesystem-0.58.0.tgz",
      "integrity": "sha512-s0kjUaX7hjxoYHjt55I9jTqBDpjDdvWA6hz8Yp4+Tt25G8N++mm7rc0mKGiP/KuLKjrQc4XAhVRb9ZceyP6n7A==",
      "requires": {
        "glo-pareto-common": "^0.26.0",
        "pareto-core-internals": "^0.13.2"
      }
    },
    "res-pareto-foreach": {
      "version": "0.14.0",
      "resolved": "https://registry.npmjs.org/res-pareto-foreach/-/res-pareto-foreach-0.14.0.tgz",
      "integrity": "sha512-I557aw1658CHA6AhHNfuQiNlqiOllh1NMF3yVq0S2g4CvKHmkzRP4RqeB6H45EfUHYX1qQSUixJHlcsUif/oOA==",
      "requires": {
        "pareto-core-internals": "^0.13.2",
        "res-pareto-collation": "^0.31.0"
      }
    },
    "res-pareto-main": {
      "version": "0.30.0",
      "resolved": "https://registry.npmjs.org/res-pareto-main/-/res-pareto-main-0.30.0.tgz",
      "integrity": "sha512-ZdD8k9fTKD6dpHO+Hucs9FVDEbPM1WWFmzVaECoC0O39b0xZogMyJjns3woR1jj8JDr/fSFOzsHVeTgVvxEKUw==",
      "requires": {
        "glo-pareto-common": "^0.26.0",
        "pareto-core-internals": "^0.13.2"
      }
    }
  }
}
