{
  "name": "pareto",
  "lockfileVersion": 2,
  "requires": true,
  "packages": {
    "": {
      "dependencies": {
        "lib-pareto-typescript-project": "^0.213.0",
        "pareto-core-data": "^0.6.1",
        "pareto-core-exe": "^0.21.1"
      }
    },
    "node_modules/glo-pareto-common": {
      "version": "0.32.0",
      "resolved": "https://registry.npmjs.org/glo-pareto-common/-/glo-pareto-common-0.32.0.tgz",
      "integrity": "sha512-Z/BMXnwlp9yoKBiFR+KP3O00mzz5LVFhP3gva8yjs37G2kJWKjoYT4IlI31aF83zKdX2TS8+UwHJEj8tHCaMmg==",
      "dependencies": {
        "pareto-core-types": "^0.15.1"
      }
    },
    "node_modules/lib-fountain-pen": {
      "version": "0.78.0",
      "resolved": "https://registry.npmjs.org/lib-fountain-pen/-/lib-fountain-pen-0.78.0.tgz",
      "integrity": "sha512-WdH9CWcjBeaGqAR/JYIy6DEI3rUwlbNDHjpPZOTPPCb6+RMAgVNaoHvSjz4O8db6o07MxTI7dzfsKnjSkbYoHA==",
      "dependencies": {
        "glo-pareto-common": "^0.32.0",
        "lib-pareto-filesystem": "^0.54.0",
        "pareto-core-async": "^0.13.1",
        "pareto-core-data": "^0.6.1",
        "pareto-core-dev": "^0.6.1",
        "pareto-core-lib": "^0.25.1",
        "pareto-core-map": "^0.6.1",
        "pareto-core-state": "^0.19.1",
        "res-pareto-array": "^0.8.0",
        "res-pareto-string": "^0.26.0",
        "res-pareto-tostring": "^0.36.0"
      }
    },
    "node_modules/lib-pareto-filesystem": {
      "version": "0.54.0",
      "resolved": "https://registry.npmjs.org/lib-pareto-filesystem/-/lib-pareto-filesystem-0.54.0.tgz",
      "integrity": "sha512-XHWWw3b0qPkdMrcjSBzXC+3pGlpMV+ujQpKJL6S5AND42EHNQ21iQ9hGR8SYl6jv3QOjfUNbv2CG6r1UnPmr0g==",
      "dependencies": {
        "pareto-core-async": "^0.13.1",
        "pareto-core-data": "^0.6.1",
        "pareto-core-dev": "^0.6.1",
        "pareto-core-lib": "^0.25.1",
        "pareto-core-map": "^0.6.1",
        "pareto-core-state": "^0.19.1",
        "res-pareto-filesystem": "^0.72.0"
      }
    },
    "node_modules/lib-pareto-typescript-project": {
      "version": "0.213.0",
      "resolved": "https://registry.npmjs.org/lib-pareto-typescript-project/-/lib-pareto-typescript-project-0.213.0.tgz",
      "integrity": "sha512-AoleaXkwaJdNzDLCzjokMtNO9RSuU6+VZDP0KF86+j3zrEvXqks7J0pWjJNcGmjVvpVGW3P+G5IuAuLKL1GX8Q==",
      "dependencies": {
        "glo-pareto-common": "^0.32.0",
        "lib-fountain-pen": "^0.78.0",
        "lib-pareto-filesystem": "^0.54.0",
        "pareto-core-async": "^0.13.1",
        "pareto-core-data": "^0.6.1",
        "pareto-core-dev": "^0.6.1",
        "pareto-core-lib": "^0.25.1",
        "pareto-core-map": "^0.6.1",
        "pareto-core-state": "^0.19.1",
        "res-pareto-array": "^0.8.0",
        "res-pareto-collation": "^0.39.0",
        "res-pareto-foreach": "^0.22.0",
        "res-pareto-main": "^0.37.0",
        "res-pareto-resolve": "^0.6.0",
        "res-typescript": "^0.26.0"
      }
    },
    "node_modules/pareto-core-async": {
      "version": "0.13.1",
      "resolved": "https://registry.npmjs.org/pareto-core-async/-/pareto-core-async-0.13.1.tgz",
      "integrity": "sha512-nLhPzMApvYRPjfBoKWdrvaN6kp8T2AFUnkQ9xh0VUuXiDnD4+IgarY9SXkwJNoDHXxp1lCp+RxA0q7Rna0gJFw==",
      "dependencies": {
        "pareto-core-internals": "^0.19.2"
      }
    },
    "node_modules/pareto-core-data": {
      "version": "0.6.1",
      "resolved": "https://registry.npmjs.org/pareto-core-data/-/pareto-core-data-0.6.1.tgz",
      "integrity": "sha512-9vw6r0q4AjmTzCtJ0W6NtQRz4LjpTwxZMQeDymSMBIfi0HrGQul15RcEOdYOndqgPmT9Ecx/kD0x7Urzy06lbQ==",
      "dependencies": {
        "pareto-core-internals": "^0.19.2"
      }
    },
    "node_modules/pareto-core-dev": {
      "version": "0.6.1",
      "resolved": "https://registry.npmjs.org/pareto-core-dev/-/pareto-core-dev-0.6.1.tgz",
      "integrity": "sha512-+mI3Pb5LBjJMw+Q9l+MZQVy23bZzUb2GomrUDrsqZgS5892lOvBfwNMpgOerW/VFs2HnrpW0z6qR6Xy9dNqBxw==",
      "dependencies": {
        "pareto-core-internals": "^0.19.2"
      }
    },
    "node_modules/pareto-core-exe": {
      "version": "0.21.1",
      "resolved": "https://registry.npmjs.org/pareto-core-exe/-/pareto-core-exe-0.21.1.tgz",
      "integrity": "sha512-MwroY2gsNXQyVfENxfI4CGrXhs9D5Sdgm9VAJRUrWVrcO3EhI326w7LJzog3NE5Iag4w1u1ubGQC4NTaB0UmyA==",
      "dependencies": {
        "pareto-core-internals": "^0.19.2"
      }
    },
    "node_modules/pareto-core-internals": {
      "version": "0.19.2",
      "resolved": "https://registry.npmjs.org/pareto-core-internals/-/pareto-core-internals-0.19.2.tgz",
      "integrity": "sha512-xlQeRYuHIN/d2ycc6722/Z3bgiVf8+XI5T6w7VcHkv01Q4kXXujk3biMV9Wi/Tjnd1lSHp5hRBHQMS9+6rRUVg==",
      "dependencies": {
        "pareto-core-types": "^0.15.0"
      }
    },
    "node_modules/pareto-core-lib": {
      "version": "0.25.1",
      "resolved": "https://registry.npmjs.org/pareto-core-lib/-/pareto-core-lib-0.25.1.tgz",
      "integrity": "sha512-Xk7itf67iDZcHIIlzKE1JZVCxgpDt5bHBWXaenxaivF/x2BKjyQTYc/q15YoYHY97BLnHU7iU6McRkAjgzQcwg==",
      "dependencies": {
        "pareto-core-internals": "^0.19.2"
      }
    },
    "node_modules/pareto-core-map": {
      "version": "0.6.1",
      "resolved": "https://registry.npmjs.org/pareto-core-map/-/pareto-core-map-0.6.1.tgz",
      "integrity": "sha512-R2gw9QnWw+dL/cqqfLjkhtDfDvqaEjl7Kia++D7Xl1fh0gpdFhT5E6+qLInyIitdVw+HHq7o8mFRT43T1rOQKg==",
      "dependencies": {
        "pareto-core-internals": "^0.19.2"
      }
    },
    "node_modules/pareto-core-state": {
      "version": "0.19.1",
      "resolved": "https://registry.npmjs.org/pareto-core-state/-/pareto-core-state-0.19.1.tgz",
      "integrity": "sha512-usedIa6rQ2TDnCsZAsWRcA0Mi9QGo8a7uBJEv/ayFlKZJZ5oFqNs9yvMmLICcUVGsS7ad76LGWNIRrrdda0JhA==",
      "dependencies": {
        "pareto-core-internals": "^0.19.2"
      }
    },
    "node_modules/pareto-core-types": {
      "version": "0.15.1",
      "resolved": "https://registry.npmjs.org/pareto-core-types/-/pareto-core-types-0.15.1.tgz",
      "integrity": "sha512-T0cu2sEXolEC/hevsCZHlLHl2zLRMl0P4SUvZHrPE5c7gtfvoFA54vsXdALEMUdiyZAmEzr10sjulCOyZ/AMUA=="
    },
    "node_modules/res-pareto-array": {
      "version": "0.8.0",
      "resolved": "https://registry.npmjs.org/res-pareto-array/-/res-pareto-array-0.8.0.tgz",
      "integrity": "sha512-XBlF+fdk/ByTps1G7t7M0bizVRIcL3zMWJFEjOhrrz8l5YIxCBNe4xLcnhaPCKj7t/z3Xy/eJWITxAXizZNfjg==",
      "dependencies": {
        "glo-pareto-common": "^0.31.0",
        "pareto-core-internals": "^0.19.0"
      }
    },
    "node_modules/res-pareto-array/node_modules/glo-pareto-common": {
      "version": "0.31.0",
      "resolved": "https://registry.npmjs.org/glo-pareto-common/-/glo-pareto-common-0.31.0.tgz",
      "integrity": "sha512-x0bblLec8hfVY1J2FEiYBmTsf+0XVCJFTL4lbB3dm0eD9bDwICJiKdy6OsCBjsCGqUWbVo12g/wgVeffPF7ZcQ==",
      "dependencies": {
        "pareto-core-types": "^0.15.0"
      }
    },
    "node_modules/res-pareto-collation": {
      "version": "0.39.0",
      "resolved": "https://registry.npmjs.org/res-pareto-collation/-/res-pareto-collation-0.39.0.tgz",
      "integrity": "sha512-tY5GKNqN31db9r32la6wMxs9JfXPTYH8leihWX2aqhlAp7Y7YDeuhp+gjO/4OGbK1nQtGKs7T5IKxaxxNOSt1Q==",
      "dependencies": {
        "glo-pareto-common": "^0.32.0",
        "pareto-core-internals": "^0.19.2"
      }
    },
    "node_modules/res-pareto-filesystem": {
      "version": "0.72.0",
      "resolved": "https://registry.npmjs.org/res-pareto-filesystem/-/res-pareto-filesystem-0.72.0.tgz",
      "integrity": "sha512-FRUIF95mKtNCMNbJZGYX4a4YrbfmTlb0FTwXx0Hll0VVHQZ8WblBVqLi0WLYQEjhkYUg1tFXrr39OPGgDSL/pw==",
      "dependencies": {
        "glo-pareto-common": "^0.32.0",
        "pareto-core-internals": "^0.19.2"
      }
    },
    "node_modules/res-pareto-foreach": {
      "version": "0.22.0",
      "resolved": "https://registry.npmjs.org/res-pareto-foreach/-/res-pareto-foreach-0.22.0.tgz",
      "integrity": "sha512-QnEW1z7uB4QMPEbuUNlCkIjPbchqEb4sgZL+WzrSWsZxvHjUuQpun0LRocSGcdlN8Ga0afcr3Xs0Unqzi9p/bQ==",
      "dependencies": {
        "pareto-core-internals": "^0.19.2",
        "res-pareto-collation": "^0.39.0"
      }
    },
    "node_modules/res-pareto-main": {
      "version": "0.37.0",
      "resolved": "https://registry.npmjs.org/res-pareto-main/-/res-pareto-main-0.37.0.tgz",
      "integrity": "sha512-jQb+uHdi9kdTqZ2tYpR5mYlztfx+ZqcYJdWBGR9RhDZ2dss4wtxS5Yk4J2hg3+Bs3p8oPSH11sQCp3y/9w4r3A==",
      "dependencies": {
        "glo-pareto-common": "^0.32.0",
        "pareto-core-internals": "^0.19.2"
      }
    },
    "node_modules/res-pareto-resolve": {
      "version": "0.6.0",
      "resolved": "https://registry.npmjs.org/res-pareto-resolve/-/res-pareto-resolve-0.6.0.tgz",
      "integrity": "sha512-9Blz2nlrw9gyLyUxkP8lMvr8cegL+3uBvUtjoGFpno5vE+HHSNXR0MclMcman1fnTaAIu0pSeZaRZq+nXsx5FQ==",
      "dependencies": {
        "pareto-core-internals": "^0.19.2",
        "res-pareto-collation": "^0.38.0"
      }
    },
    "node_modules/res-pareto-resolve/node_modules/res-pareto-collation": {
      "version": "0.38.0",
      "resolved": "https://registry.npmjs.org/res-pareto-collation/-/res-pareto-collation-0.38.0.tgz",
      "integrity": "sha512-7apUZJihjxquSlDywjg83HJv+fhjfqr1Uyu/2f0pX9Vx3ukic1TVmHiy1adIXEA1KuXt7pDHWB52JhkG1I5d5g==",
      "dependencies": {
        "glo-pareto-common": "^0.32.0",
        "pareto-core-internals": "^0.19.0"
      }
    },
    "node_modules/res-pareto-string": {
      "version": "0.26.0",
      "resolved": "https://registry.npmjs.org/res-pareto-string/-/res-pareto-string-0.26.0.tgz",
      "integrity": "sha512-w/Xa2OU+CKRcuiJ6mMsBh2nDL++dxqi4B0Z7W3l4xJflF7n1Lz7zFqBas26YdBGQFbeiG+r9YZqJSf9ry9XszQ==",
      "dependencies": {
        "glo-pareto-common": "^0.32.0",
        "pareto-core-internals": "^0.19.2"
      }
    },
    "node_modules/res-pareto-tostring": {
      "version": "0.36.0",
      "resolved": "https://registry.npmjs.org/res-pareto-tostring/-/res-pareto-tostring-0.36.0.tgz",
      "integrity": "sha512-6SJo7tlUfP6Ti2q/LlnOglu9KkOsKXPn4Bqq7cz8poMa1AbFciwaI3vDOmi0+PcbK5s5ovlwJqpdmC32MPufxQ==",
      "dependencies": {
        "glo-pareto-common": "^0.32.0",
        "pareto-core-internals": "^0.19.2"
      }
    },
    "node_modules/res-typescript": {
      "version": "0.26.0",
      "resolved": "https://registry.npmjs.org/res-typescript/-/res-typescript-0.26.0.tgz",
      "integrity": "sha512-J7Xr+0c28ypgcW5FyWMnb2PKKo4cqGIQLM8WVKTNS+Z4FJoeGYow3joRiMjLR/GgZMPPbXEM54b/P6QK6A1+Ew==",
      "dependencies": {
        "glo-pareto-common": "^0.32.0",
        "pareto-core-internals": "^0.19.2"
      }
    }
  },
  "dependencies": {
    "glo-pareto-common": {
      "version": "0.32.0",
      "resolved": "https://registry.npmjs.org/glo-pareto-common/-/glo-pareto-common-0.32.0.tgz",
      "integrity": "sha512-Z/BMXnwlp9yoKBiFR+KP3O00mzz5LVFhP3gva8yjs37G2kJWKjoYT4IlI31aF83zKdX2TS8+UwHJEj8tHCaMmg==",
      "requires": {
        "pareto-core-types": "^0.15.1"
      }
    },
    "lib-fountain-pen": {
      "version": "0.78.0",
      "resolved": "https://registry.npmjs.org/lib-fountain-pen/-/lib-fountain-pen-0.78.0.tgz",
      "integrity": "sha512-WdH9CWcjBeaGqAR/JYIy6DEI3rUwlbNDHjpPZOTPPCb6+RMAgVNaoHvSjz4O8db6o07MxTI7dzfsKnjSkbYoHA==",
      "requires": {
        "glo-pareto-common": "^0.32.0",
        "lib-pareto-filesystem": "^0.54.0",
        "pareto-core-async": "^0.13.1",
        "pareto-core-data": "^0.6.1",
        "pareto-core-dev": "^0.6.1",
        "pareto-core-lib": "^0.25.1",
        "pareto-core-map": "^0.6.1",
        "pareto-core-state": "^0.19.1",
        "res-pareto-array": "^0.8.0",
        "res-pareto-string": "^0.26.0",
        "res-pareto-tostring": "^0.36.0"
      }
    },
    "lib-pareto-filesystem": {
      "version": "0.54.0",
      "resolved": "https://registry.npmjs.org/lib-pareto-filesystem/-/lib-pareto-filesystem-0.54.0.tgz",
      "integrity": "sha512-XHWWw3b0qPkdMrcjSBzXC+3pGlpMV+ujQpKJL6S5AND42EHNQ21iQ9hGR8SYl6jv3QOjfUNbv2CG6r1UnPmr0g==",
      "requires": {
        "pareto-core-async": "^0.13.1",
        "pareto-core-data": "^0.6.1",
        "pareto-core-dev": "^0.6.1",
        "pareto-core-lib": "^0.25.1",
        "pareto-core-map": "^0.6.1",
        "pareto-core-state": "^0.19.1",
        "res-pareto-filesystem": "^0.72.0"
      }
    },
    "lib-pareto-typescript-project": {
      "version": "0.213.0",
      "resolved": "https://registry.npmjs.org/lib-pareto-typescript-project/-/lib-pareto-typescript-project-0.213.0.tgz",
      "integrity": "sha512-AoleaXkwaJdNzDLCzjokMtNO9RSuU6+VZDP0KF86+j3zrEvXqks7J0pWjJNcGmjVvpVGW3P+G5IuAuLKL1GX8Q==",
      "requires": {
        "glo-pareto-common": "^0.32.0",
        "lib-fountain-pen": "^0.78.0",
        "lib-pareto-filesystem": "^0.54.0",
        "pareto-core-async": "^0.13.1",
        "pareto-core-data": "^0.6.1",
        "pareto-core-dev": "^0.6.1",
        "pareto-core-lib": "^0.25.1",
        "pareto-core-map": "^0.6.1",
        "pareto-core-state": "^0.19.1",
        "res-pareto-array": "^0.8.0",
        "res-pareto-collation": "^0.39.0",
        "res-pareto-foreach": "^0.22.0",
        "res-pareto-main": "^0.37.0",
        "res-pareto-resolve": "^0.6.0",
        "res-typescript": "^0.26.0"
      }
    },
    "pareto-core-async": {
      "version": "0.13.1",
      "resolved": "https://registry.npmjs.org/pareto-core-async/-/pareto-core-async-0.13.1.tgz",
      "integrity": "sha512-nLhPzMApvYRPjfBoKWdrvaN6kp8T2AFUnkQ9xh0VUuXiDnD4+IgarY9SXkwJNoDHXxp1lCp+RxA0q7Rna0gJFw==",
      "requires": {
        "pareto-core-internals": "^0.19.2"
      }
    },
    "pareto-core-data": {
      "version": "0.6.1",
      "resolved": "https://registry.npmjs.org/pareto-core-data/-/pareto-core-data-0.6.1.tgz",
      "integrity": "sha512-9vw6r0q4AjmTzCtJ0W6NtQRz4LjpTwxZMQeDymSMBIfi0HrGQul15RcEOdYOndqgPmT9Ecx/kD0x7Urzy06lbQ==",
      "requires": {
        "pareto-core-internals": "^0.19.2"
      }
    },
    "pareto-core-dev": {
      "version": "0.6.1",
      "resolved": "https://registry.npmjs.org/pareto-core-dev/-/pareto-core-dev-0.6.1.tgz",
      "integrity": "sha512-+mI3Pb5LBjJMw+Q9l+MZQVy23bZzUb2GomrUDrsqZgS5892lOvBfwNMpgOerW/VFs2HnrpW0z6qR6Xy9dNqBxw==",
      "requires": {
        "pareto-core-internals": "^0.19.2"
      }
    },
    "pareto-core-exe": {
      "version": "0.21.1",
      "resolved": "https://registry.npmjs.org/pareto-core-exe/-/pareto-core-exe-0.21.1.tgz",
      "integrity": "sha512-MwroY2gsNXQyVfENxfI4CGrXhs9D5Sdgm9VAJRUrWVrcO3EhI326w7LJzog3NE5Iag4w1u1ubGQC4NTaB0UmyA==",
      "requires": {
        "pareto-core-internals": "^0.19.2"
      }
    },
    "pareto-core-internals": {
      "version": "0.19.2",
      "resolved": "https://registry.npmjs.org/pareto-core-internals/-/pareto-core-internals-0.19.2.tgz",
      "integrity": "sha512-xlQeRYuHIN/d2ycc6722/Z3bgiVf8+XI5T6w7VcHkv01Q4kXXujk3biMV9Wi/Tjnd1lSHp5hRBHQMS9+6rRUVg==",
      "requires": {
        "pareto-core-types": "^0.15.0"
      }
    },
    "pareto-core-lib": {
      "version": "0.25.1",
      "resolved": "https://registry.npmjs.org/pareto-core-lib/-/pareto-core-lib-0.25.1.tgz",
      "integrity": "sha512-Xk7itf67iDZcHIIlzKE1JZVCxgpDt5bHBWXaenxaivF/x2BKjyQTYc/q15YoYHY97BLnHU7iU6McRkAjgzQcwg==",
      "requires": {
        "pareto-core-internals": "^0.19.2"
      }
    },
    "pareto-core-map": {
      "version": "0.6.1",
      "resolved": "https://registry.npmjs.org/pareto-core-map/-/pareto-core-map-0.6.1.tgz",
      "integrity": "sha512-R2gw9QnWw+dL/cqqfLjkhtDfDvqaEjl7Kia++D7Xl1fh0gpdFhT5E6+qLInyIitdVw+HHq7o8mFRT43T1rOQKg==",
      "requires": {
        "pareto-core-internals": "^0.19.2"
      }
    },
    "pareto-core-state": {
      "version": "0.19.1",
      "resolved": "https://registry.npmjs.org/pareto-core-state/-/pareto-core-state-0.19.1.tgz",
      "integrity": "sha512-usedIa6rQ2TDnCsZAsWRcA0Mi9QGo8a7uBJEv/ayFlKZJZ5oFqNs9yvMmLICcUVGsS7ad76LGWNIRrrdda0JhA==",
      "requires": {
        "pareto-core-internals": "^0.19.2"
      }
    },
    "pareto-core-types": {
      "version": "0.15.1",
      "resolved": "https://registry.npmjs.org/pareto-core-types/-/pareto-core-types-0.15.1.tgz",
      "integrity": "sha512-T0cu2sEXolEC/hevsCZHlLHl2zLRMl0P4SUvZHrPE5c7gtfvoFA54vsXdALEMUdiyZAmEzr10sjulCOyZ/AMUA=="
    },
    "res-pareto-array": {
      "version": "0.8.0",
      "resolved": "https://registry.npmjs.org/res-pareto-array/-/res-pareto-array-0.8.0.tgz",
      "integrity": "sha512-XBlF+fdk/ByTps1G7t7M0bizVRIcL3zMWJFEjOhrrz8l5YIxCBNe4xLcnhaPCKj7t/z3Xy/eJWITxAXizZNfjg==",
      "requires": {
        "glo-pareto-common": "^0.31.0",
        "pareto-core-internals": "^0.19.0"
      },
      "dependencies": {
        "glo-pareto-common": {
          "version": "0.31.0",
          "resolved": "https://registry.npmjs.org/glo-pareto-common/-/glo-pareto-common-0.31.0.tgz",
          "integrity": "sha512-x0bblLec8hfVY1J2FEiYBmTsf+0XVCJFTL4lbB3dm0eD9bDwICJiKdy6OsCBjsCGqUWbVo12g/wgVeffPF7ZcQ==",
          "requires": {
            "pareto-core-types": "^0.15.0"
          }
        }
      }
    },
    "res-pareto-collation": {
      "version": "0.39.0",
      "resolved": "https://registry.npmjs.org/res-pareto-collation/-/res-pareto-collation-0.39.0.tgz",
      "integrity": "sha512-tY5GKNqN31db9r32la6wMxs9JfXPTYH8leihWX2aqhlAp7Y7YDeuhp+gjO/4OGbK1nQtGKs7T5IKxaxxNOSt1Q==",
      "requires": {
        "glo-pareto-common": "^0.32.0",
        "pareto-core-internals": "^0.19.2"
      }
    },
    "res-pareto-filesystem": {
      "version": "0.72.0",
      "resolved": "https://registry.npmjs.org/res-pareto-filesystem/-/res-pareto-filesystem-0.72.0.tgz",
      "integrity": "sha512-FRUIF95mKtNCMNbJZGYX4a4YrbfmTlb0FTwXx0Hll0VVHQZ8WblBVqLi0WLYQEjhkYUg1tFXrr39OPGgDSL/pw==",
      "requires": {
        "glo-pareto-common": "^0.32.0",
        "pareto-core-internals": "^0.19.2"
      }
    },
    "res-pareto-foreach": {
      "version": "0.22.0",
      "resolved": "https://registry.npmjs.org/res-pareto-foreach/-/res-pareto-foreach-0.22.0.tgz",
      "integrity": "sha512-QnEW1z7uB4QMPEbuUNlCkIjPbchqEb4sgZL+WzrSWsZxvHjUuQpun0LRocSGcdlN8Ga0afcr3Xs0Unqzi9p/bQ==",
      "requires": {
        "pareto-core-internals": "^0.19.2",
        "res-pareto-collation": "^0.39.0"
      }
    },
    "res-pareto-main": {
      "version": "0.37.0",
      "resolved": "https://registry.npmjs.org/res-pareto-main/-/res-pareto-main-0.37.0.tgz",
      "integrity": "sha512-jQb+uHdi9kdTqZ2tYpR5mYlztfx+ZqcYJdWBGR9RhDZ2dss4wtxS5Yk4J2hg3+Bs3p8oPSH11sQCp3y/9w4r3A==",
      "requires": {
        "glo-pareto-common": "^0.32.0",
        "pareto-core-internals": "^0.19.2"
      }
    },
    "res-pareto-resolve": {
      "version": "0.6.0",
      "resolved": "https://registry.npmjs.org/res-pareto-resolve/-/res-pareto-resolve-0.6.0.tgz",
      "integrity": "sha512-9Blz2nlrw9gyLyUxkP8lMvr8cegL+3uBvUtjoGFpno5vE+HHSNXR0MclMcman1fnTaAIu0pSeZaRZq+nXsx5FQ==",
      "requires": {
        "pareto-core-internals": "^0.19.2",
        "res-pareto-collation": "^0.38.0"
      },
      "dependencies": {
        "res-pareto-collation": {
          "version": "0.38.0",
          "resolved": "https://registry.npmjs.org/res-pareto-collation/-/res-pareto-collation-0.38.0.tgz",
          "integrity": "sha512-7apUZJihjxquSlDywjg83HJv+fhjfqr1Uyu/2f0pX9Vx3ukic1TVmHiy1adIXEA1KuXt7pDHWB52JhkG1I5d5g==",
          "requires": {
            "glo-pareto-common": "^0.32.0",
            "pareto-core-internals": "^0.19.0"
          }
        }
      }
    },
    "res-pareto-string": {
      "version": "0.26.0",
      "resolved": "https://registry.npmjs.org/res-pareto-string/-/res-pareto-string-0.26.0.tgz",
      "integrity": "sha512-w/Xa2OU+CKRcuiJ6mMsBh2nDL++dxqi4B0Z7W3l4xJflF7n1Lz7zFqBas26YdBGQFbeiG+r9YZqJSf9ry9XszQ==",
      "requires": {
        "glo-pareto-common": "^0.32.0",
        "pareto-core-internals": "^0.19.2"
      }
    },
    "res-pareto-tostring": {
      "version": "0.36.0",
      "resolved": "https://registry.npmjs.org/res-pareto-tostring/-/res-pareto-tostring-0.36.0.tgz",
      "integrity": "sha512-6SJo7tlUfP6Ti2q/LlnOglu9KkOsKXPn4Bqq7cz8poMa1AbFciwaI3vDOmi0+PcbK5s5ovlwJqpdmC32MPufxQ==",
      "requires": {
        "glo-pareto-common": "^0.32.0",
        "pareto-core-internals": "^0.19.2"
      }
    },
    "res-typescript": {
      "version": "0.26.0",
      "resolved": "https://registry.npmjs.org/res-typescript/-/res-typescript-0.26.0.tgz",
      "integrity": "sha512-J7Xr+0c28ypgcW5FyWMnb2PKKo4cqGIQLM8WVKTNS+Z4FJoeGYow3joRiMjLR/GgZMPPbXEM54b/P6QK6A1+Ew==",
      "requires": {
        "glo-pareto-common": "^0.32.0",
        "pareto-core-internals": "^0.19.2"
      }
    }
  }
}
