{
  "name": "pareto",
  "lockfileVersion": 2,
  "requires": true,
  "packages": {
    "": {
      "dependencies": {
        "lib-pareto-typescript-project": "^0.168.51",
        "pareto-core-data": "^0.2.3",
        "pareto-core-exe": "^0.17.0"
      }
    },
    "node_modules/glo-pareto-common": {
      "version": "0.23.0",
      "resolved": "https://registry.npmjs.org/glo-pareto-common/-/glo-pareto-common-0.23.0.tgz",
      "integrity": "sha512-1Dbm9/+jQczGspO2x+VpP2sAepdcNDE0UtZfCDWCdJno55c2q9DXW7QRs4qQ4qlLNfLF3lpzC/WpCKW7963ORw==",
      "dependencies": {
        "pareto-core-types": "^0.12.0"
      }
    },
    "node_modules/lib-fountain-pen": {
      "version": "0.56.0",
      "resolved": "https://registry.npmjs.org/lib-fountain-pen/-/lib-fountain-pen-0.56.0.tgz",
      "integrity": "sha512-wGP6OnckzSh4QsXMJbqNi9gbkG+nqi3tlHK95YkCmu264BX1DgIo6y9MHOqVgVENMWNYfpztmxCaqYPLQHZ9SA==",
      "dependencies": {
        "glo-pareto-common": "^0.21.0",
        "lib-pareto-filesystem": "^0.36.0",
        "pareto-core-async": "^0.7.0",
        "pareto-core-data": "^0.2.2",
        "pareto-core-dev": "^0.2.0",
        "pareto-core-lib": "^0.21.2",
        "pareto-core-map": "^0.2.1",
        "pareto-core-state": "^0.15.0",
        "res-pareto-tostring": "^0.23.1"
      }
    },
    "node_modules/lib-fountain-pen/node_modules/glo-pareto-common": {
      "version": "0.21.0",
      "resolved": "https://registry.npmjs.org/glo-pareto-common/-/glo-pareto-common-0.21.0.tgz",
      "integrity": "sha512-yaSX2L90LlGwy0ZYPLPrCCISovmK+v9/t7G5t2w9hfYMnlIKGCzGpQrRkMdlvjC1xNnLgJo5MJV2gwuAD7HEPw==",
      "dependencies": {
        "pareto-core-types": "^0.12.0"
      }
    },
    "node_modules/lib-pareto-filesystem": {
      "version": "0.36.0",
      "resolved": "https://registry.npmjs.org/lib-pareto-filesystem/-/lib-pareto-filesystem-0.36.0.tgz",
      "integrity": "sha512-McxnSlEz18CeJCB9fCe+g0cOZYnFIm+HjFXLFjqn+QDSTagZPsvMpaz7vITTBLCnA5UU1bQfSxoNdqNr5dO8DA==",
      "dependencies": {
        "pareto-core-async": "^0.7.0",
        "pareto-core-data": "^0.2.2",
        "pareto-core-dev": "^0.2.0",
        "pareto-core-lib": "^0.21.2",
        "pareto-core-map": "^0.2.1",
        "pareto-core-state": "^0.15.0",
        "res-pareto-filesystem": "^0.49.0"
      }
    },
    "node_modules/lib-pareto-typescript-project": {
      "version": "0.168.51",
      "resolved": "https://registry.npmjs.org/lib-pareto-typescript-project/-/lib-pareto-typescript-project-0.168.51.tgz",
      "integrity": "sha512-snQdFpnGinbWHAzJElTUndelpZymFhLwoqy6PlwpGcqfiMiKxfpiuArVLrBMgF6Fbv05Ma5DLwbrXC2xnWdqPA==",
      "dependencies": {
        "glo-pareto-common": "^0.23.0",
        "lib-fountain-pen": "^0.56.0",
        "lib-pareto-filesystem": "^0.36.0",
        "pareto-core-async": "^0.7.0",
        "pareto-core-data": "^0.2.3",
        "pareto-core-dev": "^0.2.3",
        "pareto-core-lib": "^0.21.2",
        "pareto-core-map": "^0.2.1",
        "pareto-core-state": "^0.15.3",
        "res-pareto-collation": "^0.27.0",
        "res-pareto-dictionary": "^0.2.0",
        "res-pareto-foreach": "^0.5.0",
        "res-pareto-main": "^0.20.0",
        "res-typescript": "^0.15.0"
      }
    },
    "node_modules/pareto-core-async": {
      "version": "0.7.0",
      "resolved": "https://registry.npmjs.org/pareto-core-async/-/pareto-core-async-0.7.0.tgz",
      "integrity": "sha512-9vAAlsbSwNbH47j7bQER0Nys5mKtNEDuRplWcvq9hphzazSE2JVtQLBBKXzNAoQtbJfV97+49xeZscl85UApiQ==",
      "dependencies": {
        "pareto-core-internals": "^0.13.0"
      }
    },
    "node_modules/pareto-core-data": {
      "version": "0.2.3",
      "resolved": "https://registry.npmjs.org/pareto-core-data/-/pareto-core-data-0.2.3.tgz",
      "integrity": "sha512-AS3aAVJ1m9YyzawBRnFH7pIWbNoGhvDxH5SXSNCPem230Z3LFZNOGaxBp94DgpOiU/kAK0j0DqdJQWTzBBo+fg==",
      "dependencies": {
        "pareto-core-internals": "^0.13.0"
      }
    },
    "node_modules/pareto-core-dev": {
      "version": "0.2.3",
      "resolved": "https://registry.npmjs.org/pareto-core-dev/-/pareto-core-dev-0.2.3.tgz",
      "integrity": "sha512-WlC4enJDbk3exQh2XbGgukDSmve60oxM6f4lkJNDwFHsNAYfz5Od343nbEkiwVkE9UpzSS/bxnDzOa+SsAPc6A==",
      "dependencies": {
        "pareto-core-internals": "^0.13.0"
      }
    },
    "node_modules/pareto-core-exe": {
      "version": "0.17.0",
      "resolved": "https://registry.npmjs.org/pareto-core-exe/-/pareto-core-exe-0.17.0.tgz",
      "integrity": "sha512-IITQNo/RE1f7l6i/p28NQCn/86vPNvQqTZz4jD+20C7tg1s0/pgWKpdJNquOrfGFKVjCyQrTGDhE7ToORJ8lWg==",
      "dependencies": {
        "pareto-core-internals": "^0.13.0"
      }
    },
    "node_modules/pareto-core-internals": {
      "version": "0.13.2",
      "resolved": "https://registry.npmjs.org/pareto-core-internals/-/pareto-core-internals-0.13.2.tgz",
      "integrity": "sha512-p+Xbd9aKGWr6tvpHnIV/uWHc8LEh62njaQClr8plM1G99rF14KXW2bVYNTlJXDJZ9HKuBY1I+zHDfa2pxoH/1w==",
      "dependencies": {
        "pareto-core-types": "^0.12.0"
      }
    },
    "node_modules/pareto-core-lib": {
      "version": "0.21.2",
      "resolved": "https://registry.npmjs.org/pareto-core-lib/-/pareto-core-lib-0.21.2.tgz",
      "integrity": "sha512-hCLtb1R7NYSSTxBs3H8XucdKjx6+egTudJ9jPMPYEUoBoOAAEM2wsZWEQLupPoBQf/v3uekpnwjq2wvn/4hpvA==",
      "dependencies": {
        "pareto-core-internals": "^0.13.0"
      }
    },
    "node_modules/pareto-core-map": {
      "version": "0.2.1",
      "resolved": "https://registry.npmjs.org/pareto-core-map/-/pareto-core-map-0.2.1.tgz",
      "integrity": "sha512-oKWbuI0UINIqtY8MBpisenO/76y4fjACWRBkrf8JwN4adMhN4udlHhrlI16OwHLnNGVcDVYSQ1zzD8aoY/8LmQ==",
      "dependencies": {
        "pareto-core-internals": "^0.13.0"
      }
    },
    "node_modules/pareto-core-state": {
      "version": "0.15.3",
      "resolved": "https://registry.npmjs.org/pareto-core-state/-/pareto-core-state-0.15.3.tgz",
      "integrity": "sha512-WOMsHbjC5TtK0EauY9fFFO0SUnOPpfVPKJEU02unNkpY+gftsmrVaStz9T01ZpyvHVbPwcrVgAy3J1slFtrOvw==",
      "dependencies": {
        "pareto-core-internals": "^0.13.0"
      }
    },
    "node_modules/pareto-core-types": {
      "version": "0.12.0",
      "resolved": "https://registry.npmjs.org/pareto-core-types/-/pareto-core-types-0.12.0.tgz",
      "integrity": "sha512-cxQ3sI0kJby0o1xM6C6lMl2VFrK1cTTjMF3sSEKW9i3S1xJEnmXybh1oE4+tdIsQmQysDAGOZ0Awi/gzzjnJHw=="
    },
    "node_modules/res-pareto-collation": {
      "version": "0.27.0",
      "resolved": "https://registry.npmjs.org/res-pareto-collation/-/res-pareto-collation-0.27.0.tgz",
      "integrity": "sha512-Cp4tgEMA/Ns5pGKwdNA+SxbodZa6AXURZYXmc9Sb37bR2wVsBMk/CLVqjUiZmO1SiE4hMBJ5FadVCDW2oEyFxg==",
      "dependencies": {
        "glo-pareto-common": "^0.23.0",
        "pareto-core-internals": "^0.13.2"
      }
    },
    "node_modules/res-pareto-dictionary": {
      "version": "0.2.0",
      "resolved": "https://registry.npmjs.org/res-pareto-dictionary/-/res-pareto-dictionary-0.2.0.tgz",
      "integrity": "sha512-PS2oBtE9chUcutXBitY7Htd6hpenOCvEo8x8WzLq4bGLXE2rBBT07UNQYaI0PNopOkBi6esXWVJwrQN1ilNPug==",
      "dependencies": {
        "glo-pareto-common": "^0.20.0",
        "pareto-core-internals": "^0.13.0"
      }
    },
    "node_modules/res-pareto-dictionary/node_modules/glo-pareto-common": {
      "version": "0.20.0",
      "resolved": "https://registry.npmjs.org/glo-pareto-common/-/glo-pareto-common-0.20.0.tgz",
      "integrity": "sha512-tr8WJZeifP4+G0mB2bJzqjUokgkoFhFbDc8vc0iFMIYZCne07JV0mri11ZfoeUu5nJa7EpaVbBkZebdSpg/Cew==",
      "dependencies": {
        "pareto-core-types": "^0.12.0"
      }
    },
    "node_modules/res-pareto-filesystem": {
      "version": "0.49.0",
      "resolved": "https://registry.npmjs.org/res-pareto-filesystem/-/res-pareto-filesystem-0.49.0.tgz",
      "integrity": "sha512-FPojiU2TgyLhoGIJYsalureP1fqnrBkzPlKVoKsL5yIkTiBU6H1Y5fpqRkkLbDh2kKWCdZ1ieUHWRp2yv2ErtQ==",
      "dependencies": {
        "glo-pareto-common": "^0.20.0",
        "pareto-core-internals": "^0.13.0"
      }
    },
    "node_modules/res-pareto-filesystem/node_modules/glo-pareto-common": {
      "version": "0.20.0",
      "resolved": "https://registry.npmjs.org/glo-pareto-common/-/glo-pareto-common-0.20.0.tgz",
      "integrity": "sha512-tr8WJZeifP4+G0mB2bJzqjUokgkoFhFbDc8vc0iFMIYZCne07JV0mri11ZfoeUu5nJa7EpaVbBkZebdSpg/Cew==",
      "dependencies": {
        "pareto-core-types": "^0.12.0"
      }
    },
    "node_modules/res-pareto-foreach": {
      "version": "0.5.0",
      "resolved": "https://registry.npmjs.org/res-pareto-foreach/-/res-pareto-foreach-0.5.0.tgz",
      "integrity": "sha512-pe7h0KRk21byigBF9Wt44sVN1PurLlvZStYXPPJUph32RxhA3DXwoBSU8AoiGkZ9sMSQAXXwiz8Ve6Yz+UvkvA==",
      "dependencies": {
        "pareto-core-internals": "^0.13.0",
        "res-pareto-collation": "^0.23.0"
      }
    },
    "node_modules/res-pareto-foreach/node_modules/glo-pareto-common": {
      "version": "0.20.0",
      "resolved": "https://registry.npmjs.org/glo-pareto-common/-/glo-pareto-common-0.20.0.tgz",
      "integrity": "sha512-tr8WJZeifP4+G0mB2bJzqjUokgkoFhFbDc8vc0iFMIYZCne07JV0mri11ZfoeUu5nJa7EpaVbBkZebdSpg/Cew==",
      "dependencies": {
        "pareto-core-types": "^0.12.0"
      }
    },
    "node_modules/res-pareto-foreach/node_modules/res-pareto-collation": {
      "version": "0.23.0",
      "resolved": "https://registry.npmjs.org/res-pareto-collation/-/res-pareto-collation-0.23.0.tgz",
      "integrity": "sha512-LX1HKiyHil1lqJRoHPR0cFS6xZkv2GXc6bXVgRx7bXN48F5kTdt4a+NjkDY0q8UW65T9HxN0dDa0OSCv4ADwgg==",
      "dependencies": {
        "glo-pareto-common": "^0.20.0",
        "pareto-core-internals": "^0.13.0"
      }
    },
    "node_modules/res-pareto-main": {
      "version": "0.20.0",
      "resolved": "https://registry.npmjs.org/res-pareto-main/-/res-pareto-main-0.20.0.tgz",
      "integrity": "sha512-URKnDiSIrgcnqRt7fPSU0H+tDM925VxTxdr4Q6nFJDNXoq6kpmdW+VGEGV10w1WZ0j2lctBeFTIJSQ5fwcjGbA==",
      "dependencies": {
        "glo-pareto-common": "^0.22.0",
        "pareto-core-internals": "^0.13.0"
      }
    },
    "node_modules/res-pareto-main/node_modules/glo-pareto-common": {
      "version": "0.22.0",
      "resolved": "https://registry.npmjs.org/glo-pareto-common/-/glo-pareto-common-0.22.0.tgz",
      "integrity": "sha512-nEJlGTBIUgmp35jJ7kN0U0wFlxuo9EBtsnpkJfYNPf/wSUBCKayKoE3zGh6Fqd4HiP5HvAZmuqZ89aaKzEDOrw==",
      "dependencies": {
        "pareto-core-types": "^0.12.0"
      }
    },
    "node_modules/res-pareto-tostring": {
      "version": "0.23.1",
      "resolved": "https://registry.npmjs.org/res-pareto-tostring/-/res-pareto-tostring-0.23.1.tgz",
      "integrity": "sha512-P+OHBBrBopejnl8i90Y4McZ7fS+ax2iUpAUzkRNK9ZyeQjDY+KOTtAp+kGZ1NpN1ZDD5ZOwkb3Q1mjsmyrmE9Q==",
      "dependencies": {
        "glo-pareto-common": "^0.20.0",
        "pareto-core-internals": "^0.13.0"
      }
    },
    "node_modules/res-pareto-tostring/node_modules/glo-pareto-common": {
      "version": "0.20.0",
      "resolved": "https://registry.npmjs.org/glo-pareto-common/-/glo-pareto-common-0.20.0.tgz",
      "integrity": "sha512-tr8WJZeifP4+G0mB2bJzqjUokgkoFhFbDc8vc0iFMIYZCne07JV0mri11ZfoeUu5nJa7EpaVbBkZebdSpg/Cew==",
      "dependencies": {
        "pareto-core-types": "^0.12.0"
      }
    },
    "node_modules/res-typescript": {
      "version": "0.15.0",
      "resolved": "https://registry.npmjs.org/res-typescript/-/res-typescript-0.15.0.tgz",
      "integrity": "sha512-GtFep60t8x9wsHdB3ES56d8Gm8bd/bvd+a77Q/YDaLW6WqZEfys7Oyg+OMjMnvJbfCutgapQCen2jEYTAW8VVw==",
      "dependencies": {
        "glo-pareto-common": "^0.20.0",
        "pareto-core-internals": "^0.13.0"
      }
    },
    "node_modules/res-typescript/node_modules/glo-pareto-common": {
      "version": "0.20.0",
      "resolved": "https://registry.npmjs.org/glo-pareto-common/-/glo-pareto-common-0.20.0.tgz",
      "integrity": "sha512-tr8WJZeifP4+G0mB2bJzqjUokgkoFhFbDc8vc0iFMIYZCne07JV0mri11ZfoeUu5nJa7EpaVbBkZebdSpg/Cew==",
      "dependencies": {
        "pareto-core-types": "^0.12.0"
      }
    }
  },
  "dependencies": {
    "glo-pareto-common": {
      "version": "0.23.0",
      "resolved": "https://registry.npmjs.org/glo-pareto-common/-/glo-pareto-common-0.23.0.tgz",
      "integrity": "sha512-1Dbm9/+jQczGspO2x+VpP2sAepdcNDE0UtZfCDWCdJno55c2q9DXW7QRs4qQ4qlLNfLF3lpzC/WpCKW7963ORw==",
      "requires": {
        "pareto-core-types": "^0.12.0"
      }
    },
    "lib-fountain-pen": {
      "version": "0.56.0",
      "resolved": "https://registry.npmjs.org/lib-fountain-pen/-/lib-fountain-pen-0.56.0.tgz",
      "integrity": "sha512-wGP6OnckzSh4QsXMJbqNi9gbkG+nqi3tlHK95YkCmu264BX1DgIo6y9MHOqVgVENMWNYfpztmxCaqYPLQHZ9SA==",
      "requires": {
        "glo-pareto-common": "^0.21.0",
        "lib-pareto-filesystem": "^0.36.0",
        "pareto-core-async": "^0.7.0",
        "pareto-core-data": "^0.2.2",
        "pareto-core-dev": "^0.2.0",
        "pareto-core-lib": "^0.21.2",
        "pareto-core-map": "^0.2.1",
        "pareto-core-state": "^0.15.0",
        "res-pareto-tostring": "^0.23.1"
      },
      "dependencies": {
        "glo-pareto-common": {
          "version": "0.21.0",
          "resolved": "https://registry.npmjs.org/glo-pareto-common/-/glo-pareto-common-0.21.0.tgz",
          "integrity": "sha512-yaSX2L90LlGwy0ZYPLPrCCISovmK+v9/t7G5t2w9hfYMnlIKGCzGpQrRkMdlvjC1xNnLgJo5MJV2gwuAD7HEPw==",
          "requires": {
            "pareto-core-types": "^0.12.0"
          }
        }
      }
    },
    "lib-pareto-filesystem": {
      "version": "0.36.0",
      "resolved": "https://registry.npmjs.org/lib-pareto-filesystem/-/lib-pareto-filesystem-0.36.0.tgz",
      "integrity": "sha512-McxnSlEz18CeJCB9fCe+g0cOZYnFIm+HjFXLFjqn+QDSTagZPsvMpaz7vITTBLCnA5UU1bQfSxoNdqNr5dO8DA==",
      "requires": {
        "pareto-core-async": "^0.7.0",
        "pareto-core-data": "^0.2.2",
        "pareto-core-dev": "^0.2.0",
        "pareto-core-lib": "^0.21.2",
        "pareto-core-map": "^0.2.1",
        "pareto-core-state": "^0.15.0",
        "res-pareto-filesystem": "^0.49.0"
      }
    },
    "lib-pareto-typescript-project": {
      "version": "0.168.51",
      "resolved": "https://registry.npmjs.org/lib-pareto-typescript-project/-/lib-pareto-typescript-project-0.168.51.tgz",
      "integrity": "sha512-snQdFpnGinbWHAzJElTUndelpZymFhLwoqy6PlwpGcqfiMiKxfpiuArVLrBMgF6Fbv05Ma5DLwbrXC2xnWdqPA==",
      "requires": {
        "glo-pareto-common": "^0.23.0",
        "lib-fountain-pen": "^0.56.0",
        "lib-pareto-filesystem": "^0.36.0",
        "pareto-core-async": "^0.7.0",
        "pareto-core-data": "^0.2.3",
        "pareto-core-dev": "^0.2.3",
        "pareto-core-lib": "^0.21.2",
        "pareto-core-map": "^0.2.1",
        "pareto-core-state": "^0.15.3",
        "res-pareto-collation": "^0.27.0",
        "res-pareto-dictionary": "^0.2.0",
        "res-pareto-foreach": "^0.5.0",
        "res-pareto-main": "^0.20.0",
        "res-typescript": "^0.15.0"
      }
    },
    "pareto-core-async": {
      "version": "0.7.0",
      "resolved": "https://registry.npmjs.org/pareto-core-async/-/pareto-core-async-0.7.0.tgz",
      "integrity": "sha512-9vAAlsbSwNbH47j7bQER0Nys5mKtNEDuRplWcvq9hphzazSE2JVtQLBBKXzNAoQtbJfV97+49xeZscl85UApiQ==",
      "requires": {
        "pareto-core-internals": "^0.13.0"
      }
    },
    "pareto-core-data": {
      "version": "0.2.3",
      "resolved": "https://registry.npmjs.org/pareto-core-data/-/pareto-core-data-0.2.3.tgz",
      "integrity": "sha512-AS3aAVJ1m9YyzawBRnFH7pIWbNoGhvDxH5SXSNCPem230Z3LFZNOGaxBp94DgpOiU/kAK0j0DqdJQWTzBBo+fg==",
      "requires": {
        "pareto-core-internals": "^0.13.0"
      }
    },
    "pareto-core-dev": {
      "version": "0.2.3",
      "resolved": "https://registry.npmjs.org/pareto-core-dev/-/pareto-core-dev-0.2.3.tgz",
      "integrity": "sha512-WlC4enJDbk3exQh2XbGgukDSmve60oxM6f4lkJNDwFHsNAYfz5Od343nbEkiwVkE9UpzSS/bxnDzOa+SsAPc6A==",
      "requires": {
        "pareto-core-internals": "^0.13.0"
      }
    },
    "pareto-core-exe": {
      "version": "0.17.0",
      "resolved": "https://registry.npmjs.org/pareto-core-exe/-/pareto-core-exe-0.17.0.tgz",
      "integrity": "sha512-IITQNo/RE1f7l6i/p28NQCn/86vPNvQqTZz4jD+20C7tg1s0/pgWKpdJNquOrfGFKVjCyQrTGDhE7ToORJ8lWg==",
      "requires": {
        "pareto-core-internals": "^0.13.0"
      }
    },
    "pareto-core-internals": {
      "version": "0.13.2",
      "resolved": "https://registry.npmjs.org/pareto-core-internals/-/pareto-core-internals-0.13.2.tgz",
      "integrity": "sha512-p+Xbd9aKGWr6tvpHnIV/uWHc8LEh62njaQClr8plM1G99rF14KXW2bVYNTlJXDJZ9HKuBY1I+zHDfa2pxoH/1w==",
      "requires": {
        "pareto-core-types": "^0.12.0"
      }
    },
    "pareto-core-lib": {
      "version": "0.21.2",
      "resolved": "https://registry.npmjs.org/pareto-core-lib/-/pareto-core-lib-0.21.2.tgz",
      "integrity": "sha512-hCLtb1R7NYSSTxBs3H8XucdKjx6+egTudJ9jPMPYEUoBoOAAEM2wsZWEQLupPoBQf/v3uekpnwjq2wvn/4hpvA==",
      "requires": {
        "pareto-core-internals": "^0.13.0"
      }
    },
    "pareto-core-map": {
      "version": "0.2.1",
      "resolved": "https://registry.npmjs.org/pareto-core-map/-/pareto-core-map-0.2.1.tgz",
      "integrity": "sha512-oKWbuI0UINIqtY8MBpisenO/76y4fjACWRBkrf8JwN4adMhN4udlHhrlI16OwHLnNGVcDVYSQ1zzD8aoY/8LmQ==",
      "requires": {
        "pareto-core-internals": "^0.13.0"
      }
    },
    "pareto-core-state": {
      "version": "0.15.3",
      "resolved": "https://registry.npmjs.org/pareto-core-state/-/pareto-core-state-0.15.3.tgz",
      "integrity": "sha512-WOMsHbjC5TtK0EauY9fFFO0SUnOPpfVPKJEU02unNkpY+gftsmrVaStz9T01ZpyvHVbPwcrVgAy3J1slFtrOvw==",
      "requires": {
        "pareto-core-internals": "^0.13.0"
      }
    },
    "pareto-core-types": {
      "version": "0.12.0",
      "resolved": "https://registry.npmjs.org/pareto-core-types/-/pareto-core-types-0.12.0.tgz",
      "integrity": "sha512-cxQ3sI0kJby0o1xM6C6lMl2VFrK1cTTjMF3sSEKW9i3S1xJEnmXybh1oE4+tdIsQmQysDAGOZ0Awi/gzzjnJHw=="
    },
    "res-pareto-collation": {
      "version": "0.27.0",
      "resolved": "https://registry.npmjs.org/res-pareto-collation/-/res-pareto-collation-0.27.0.tgz",
      "integrity": "sha512-Cp4tgEMA/Ns5pGKwdNA+SxbodZa6AXURZYXmc9Sb37bR2wVsBMk/CLVqjUiZmO1SiE4hMBJ5FadVCDW2oEyFxg==",
      "requires": {
        "glo-pareto-common": "^0.23.0",
        "pareto-core-internals": "^0.13.2"
      }
    },
    "res-pareto-dictionary": {
      "version": "0.2.0",
      "resolved": "https://registry.npmjs.org/res-pareto-dictionary/-/res-pareto-dictionary-0.2.0.tgz",
      "integrity": "sha512-PS2oBtE9chUcutXBitY7Htd6hpenOCvEo8x8WzLq4bGLXE2rBBT07UNQYaI0PNopOkBi6esXWVJwrQN1ilNPug==",
      "requires": {
        "glo-pareto-common": "^0.20.0",
        "pareto-core-internals": "^0.13.0"
      },
      "dependencies": {
        "glo-pareto-common": {
          "version": "0.20.0",
          "resolved": "https://registry.npmjs.org/glo-pareto-common/-/glo-pareto-common-0.20.0.tgz",
          "integrity": "sha512-tr8WJZeifP4+G0mB2bJzqjUokgkoFhFbDc8vc0iFMIYZCne07JV0mri11ZfoeUu5nJa7EpaVbBkZebdSpg/Cew==",
          "requires": {
            "pareto-core-types": "^0.12.0"
          }
        }
      }
    },
    "res-pareto-filesystem": {
      "version": "0.49.0",
      "resolved": "https://registry.npmjs.org/res-pareto-filesystem/-/res-pareto-filesystem-0.49.0.tgz",
      "integrity": "sha512-FPojiU2TgyLhoGIJYsalureP1fqnrBkzPlKVoKsL5yIkTiBU6H1Y5fpqRkkLbDh2kKWCdZ1ieUHWRp2yv2ErtQ==",
      "requires": {
        "glo-pareto-common": "^0.20.0",
        "pareto-core-internals": "^0.13.0"
      },
      "dependencies": {
        "glo-pareto-common": {
          "version": "0.20.0",
          "resolved": "https://registry.npmjs.org/glo-pareto-common/-/glo-pareto-common-0.20.0.tgz",
          "integrity": "sha512-tr8WJZeifP4+G0mB2bJzqjUokgkoFhFbDc8vc0iFMIYZCne07JV0mri11ZfoeUu5nJa7EpaVbBkZebdSpg/Cew==",
          "requires": {
            "pareto-core-types": "^0.12.0"
          }
        }
      }
    },
    "res-pareto-foreach": {
      "version": "0.5.0",
      "resolved": "https://registry.npmjs.org/res-pareto-foreach/-/res-pareto-foreach-0.5.0.tgz",
      "integrity": "sha512-pe7h0KRk21byigBF9Wt44sVN1PurLlvZStYXPPJUph32RxhA3DXwoBSU8AoiGkZ9sMSQAXXwiz8Ve6Yz+UvkvA==",
      "requires": {
        "pareto-core-internals": "^0.13.0",
        "res-pareto-collation": "^0.23.0"
      },
      "dependencies": {
        "glo-pareto-common": {
          "version": "0.20.0",
          "resolved": "https://registry.npmjs.org/glo-pareto-common/-/glo-pareto-common-0.20.0.tgz",
          "integrity": "sha512-tr8WJZeifP4+G0mB2bJzqjUokgkoFhFbDc8vc0iFMIYZCne07JV0mri11ZfoeUu5nJa7EpaVbBkZebdSpg/Cew==",
          "requires": {
            "pareto-core-types": "^0.12.0"
          }
        },
        "res-pareto-collation": {
          "version": "0.23.0",
          "resolved": "https://registry.npmjs.org/res-pareto-collation/-/res-pareto-collation-0.23.0.tgz",
          "integrity": "sha512-LX1HKiyHil1lqJRoHPR0cFS6xZkv2GXc6bXVgRx7bXN48F5kTdt4a+NjkDY0q8UW65T9HxN0dDa0OSCv4ADwgg==",
          "requires": {
            "glo-pareto-common": "^0.20.0",
            "pareto-core-internals": "^0.13.0"
          }
        }
      }
    },
    "res-pareto-main": {
      "version": "0.20.0",
      "resolved": "https://registry.npmjs.org/res-pareto-main/-/res-pareto-main-0.20.0.tgz",
      "integrity": "sha512-URKnDiSIrgcnqRt7fPSU0H+tDM925VxTxdr4Q6nFJDNXoq6kpmdW+VGEGV10w1WZ0j2lctBeFTIJSQ5fwcjGbA==",
      "requires": {
        "glo-pareto-common": "^0.22.0",
        "pareto-core-internals": "^0.13.0"
      },
      "dependencies": {
        "glo-pareto-common": {
          "version": "0.22.0",
          "resolved": "https://registry.npmjs.org/glo-pareto-common/-/glo-pareto-common-0.22.0.tgz",
          "integrity": "sha512-nEJlGTBIUgmp35jJ7kN0U0wFlxuo9EBtsnpkJfYNPf/wSUBCKayKoE3zGh6Fqd4HiP5HvAZmuqZ89aaKzEDOrw==",
          "requires": {
            "pareto-core-types": "^0.12.0"
          }
        }
      }
    },
    "res-pareto-tostring": {
      "version": "0.23.1",
      "resolved": "https://registry.npmjs.org/res-pareto-tostring/-/res-pareto-tostring-0.23.1.tgz",
      "integrity": "sha512-P+OHBBrBopejnl8i90Y4McZ7fS+ax2iUpAUzkRNK9ZyeQjDY+KOTtAp+kGZ1NpN1ZDD5ZOwkb3Q1mjsmyrmE9Q==",
      "requires": {
        "glo-pareto-common": "^0.20.0",
        "pareto-core-internals": "^0.13.0"
      },
      "dependencies": {
        "glo-pareto-common": {
          "version": "0.20.0",
          "resolved": "https://registry.npmjs.org/glo-pareto-common/-/glo-pareto-common-0.20.0.tgz",
          "integrity": "sha512-tr8WJZeifP4+G0mB2bJzqjUokgkoFhFbDc8vc0iFMIYZCne07JV0mri11ZfoeUu5nJa7EpaVbBkZebdSpg/Cew==",
          "requires": {
            "pareto-core-types": "^0.12.0"
          }
        }
      }
    },
    "res-typescript": {
      "version": "0.15.0",
      "resolved": "https://registry.npmjs.org/res-typescript/-/res-typescript-0.15.0.tgz",
      "integrity": "sha512-GtFep60t8x9wsHdB3ES56d8Gm8bd/bvd+a77Q/YDaLW6WqZEfys7Oyg+OMjMnvJbfCutgapQCen2jEYTAW8VVw==",
      "requires": {
        "glo-pareto-common": "^0.20.0",
        "pareto-core-internals": "^0.13.0"
      },
      "dependencies": {
        "glo-pareto-common": {
          "version": "0.20.0",
          "resolved": "https://registry.npmjs.org/glo-pareto-common/-/glo-pareto-common-0.20.0.tgz",
          "integrity": "sha512-tr8WJZeifP4+G0mB2bJzqjUokgkoFhFbDc8vc0iFMIYZCne07JV0mri11ZfoeUu5nJa7EpaVbBkZebdSpg/Cew==",
          "requires": {
            "pareto-core-types": "^0.12.0"
          }
        }
      }
    }
  }
}
