{
  "name": "pareto",
  "lockfileVersion": 2,
  "requires": true,
  "packages": {
    "": {
      "dependencies": {
        "lib-pareto-typescript-project": "^0.126.1",
        "pareto-core-data": "^0.2.0",
        "pareto-core-exe": "^0.17.0"
      }
    },
    "node_modules/glo-pareto-common": {
      "version": "0.16.0",
      "resolved": "https://registry.npmjs.org/glo-pareto-common/-/glo-pareto-common-0.16.0.tgz",
      "integrity": "sha512-XSd6O2dORn1gsTEZGKmwmbZVG9ge7139FxmmDYtNZ/ziJTmd+l7qpdBINDqdAvqqfsKbqZouTJDQdiDu5goqwg==",
      "dependencies": {
        "pareto-core-types": "^0.12.0"
      }
    },
    "node_modules/lib-fountain-pen": {
      "version": "0.39.0",
      "resolved": "https://registry.npmjs.org/lib-fountain-pen/-/lib-fountain-pen-0.39.0.tgz",
      "integrity": "sha512-uCDBGt451NHap8PGshEVotkYIrggvx/8Q3e0DVw4jtFY0ORB9qK52wJwP9UUXUsxstmJAOCqj7ClXRSwtOiLIQ==",
      "dependencies": {
        "glo-pareto-common": "^0.16.0",
        "lib-pareto-filesystem": "^0.30.0",
        "pareto-core-async": "^0.7.0",
        "pareto-core-data": "^0.2.0",
        "pareto-core-dev": "^0.2.0",
        "pareto-core-lib": "^0.21.0",
        "pareto-core-map": "^0.2.1",
        "pareto-core-state": "^0.15.0",
        "res-pareto-tostring": "^0.22.0"
      }
    },
    "node_modules/lib-pareto-filesystem": {
      "version": "0.30.0",
      "resolved": "https://registry.npmjs.org/lib-pareto-filesystem/-/lib-pareto-filesystem-0.30.0.tgz",
      "integrity": "sha512-ok8iAT217dCDdhistEPqoyA3QLkl0sHfm4xMa7W+HSlTBZVRpBjUoYbGI8WMFUW55s8OQGbgMFIxp1avx4kUoQ==",
      "dependencies": {
        "pareto-core-async": "^0.7.0",
        "pareto-core-data": "^0.2.0",
        "pareto-core-dev": "^0.2.0",
        "pareto-core-lib": "^0.21.0",
        "pareto-core-map": "^0.2.1",
        "pareto-core-state": "^0.15.0",
        "res-pareto-filesystem": "^0.41.0"
      }
    },
    "node_modules/lib-pareto-typescript-project": {
      "version": "0.126.1",
      "resolved": "https://registry.npmjs.org/lib-pareto-typescript-project/-/lib-pareto-typescript-project-0.126.1.tgz",
      "integrity": "sha512-1ySb4jJ+zcvm+/cQZd+d2PPAzemL6u6WjwwVHAp/li5ryMQeuehGKpg0f8jrZRGZSfZi/MWyozi6Tqr2F2zNZA==",
      "dependencies": {
        "glo-pareto-common": "^0.16.0",
        "lib-fountain-pen": "^0.39.0",
        "pareto-core-async": "^0.7.0",
        "pareto-core-data": "^0.2.0",
        "pareto-core-dev": "^0.2.0",
        "pareto-core-lib": "^0.21.0",
        "pareto-core-map": "^0.2.1",
        "pareto-core-state": "^0.15.0",
        "res-pareto-collation": "^0.21.0",
        "res-pareto-filesystem": "^0.41.0",
        "res-pareto-foreach": "^0.3.0",
        "res-pareto-main": "^0.16.0",
        "res-typescript": "^0.13.0"
      }
    },
    "node_modules/pareto-core-async": {
      "version": "0.7.0",
      "resolved": "https://registry.npmjs.org/pareto-core-async/-/pareto-core-async-0.7.0.tgz",
      "integrity": "sha512-9vAAlsbSwNbH47j7bQER0Nys5mKtNEDuRplWcvq9hphzazSE2JVtQLBBKXzNAoQtbJfV97+49xeZscl85UApiQ==",
      "dependencies": {
        "pareto-core-internals": "^0.13.0"
      }
    },
    "node_modules/pareto-core-data": {
      "version": "0.2.0",
      "resolved": "https://registry.npmjs.org/pareto-core-data/-/pareto-core-data-0.2.0.tgz",
      "integrity": "sha512-TOOHt0mubI55wLY6RjB3yB4cB8UhRtIYvmYsO9w8Fs4OhPGhgYeE6Wi1KMG8mVESGvyjLwmuX1z4Ufgt0zgDyQ==",
      "dependencies": {
        "pareto-core-internals": "^0.13.0"
      }
    },
    "node_modules/pareto-core-dev": {
      "version": "0.2.0",
      "resolved": "https://registry.npmjs.org/pareto-core-dev/-/pareto-core-dev-0.2.0.tgz",
      "integrity": "sha512-pomsDAhCa3m56ceDym/7dtizj1R+wNr4qo6Eb/Jw6t2w71+dNhK4Ph8mEGYTx1qwGaKKGBxZ4rM8S8As2MwwQw==",
      "dependencies": {
        "pareto-core-internals": "^0.13.0"
      }
    },
    "node_modules/pareto-core-exe": {
      "version": "0.17.0",
      "resolved": "https://registry.npmjs.org/pareto-core-exe/-/pareto-core-exe-0.17.0.tgz",
      "integrity": "sha512-IITQNo/RE1f7l6i/p28NQCn/86vPNvQqTZz4jD+20C7tg1s0/pgWKpdJNquOrfGFKVjCyQrTGDhE7ToORJ8lWg==",
      "dependencies": {
        "pareto-core-internals": "^0.13.0"
      }
    },
    "node_modules/pareto-core-internals": {
      "version": "0.13.0",
      "resolved": "https://registry.npmjs.org/pareto-core-internals/-/pareto-core-internals-0.13.0.tgz",
      "integrity": "sha512-Yb9SVAb3G7H1EZBTxyA1VWuf5bGYd5hMccgklqkvlaavQab6w7PiMvzUY0Wzj1pExFAYe2rtm8IQ2uSBHAyS0g==",
      "dependencies": {
        "pareto-core-types": "^0.12.0"
      }
    },
    "node_modules/pareto-core-lib": {
      "version": "0.21.0",
      "resolved": "https://registry.npmjs.org/pareto-core-lib/-/pareto-core-lib-0.21.0.tgz",
      "integrity": "sha512-ABoCMhL0dCGGaT2yl51zANxOFRS8ml+heJh4+LQIpelcuQd1P6KbU9K4itNaOGSRlPVGWh2x7XK65M55hCgZ9Q==",
      "dependencies": {
        "pareto-core-internals": "^0.13.0"
      }
    },
    "node_modules/pareto-core-map": {
      "version": "0.2.1",
      "resolved": "https://registry.npmjs.org/pareto-core-map/-/pareto-core-map-0.2.1.tgz",
      "integrity": "sha512-oKWbuI0UINIqtY8MBpisenO/76y4fjACWRBkrf8JwN4adMhN4udlHhrlI16OwHLnNGVcDVYSQ1zzD8aoY/8LmQ==",
      "dependencies": {
        "pareto-core-internals": "^0.13.0"
      }
    },
    "node_modules/pareto-core-state": {
      "version": "0.15.0",
      "resolved": "https://registry.npmjs.org/pareto-core-state/-/pareto-core-state-0.15.0.tgz",
      "integrity": "sha512-5KQRryP3qXowV+EoRyA3gV1eLotQzWW6/YIbWRaC1I0tWX0wQm6lIxp7yB9Z8KwV7WgVcrwFtuRwtFIzAMbijg==",
      "dependencies": {
        "pareto-core-internals": "^0.13.0"
      }
    },
    "node_modules/pareto-core-types": {
      "version": "0.12.0",
      "resolved": "https://registry.npmjs.org/pareto-core-types/-/pareto-core-types-0.12.0.tgz",
      "integrity": "sha512-cxQ3sI0kJby0o1xM6C6lMl2VFrK1cTTjMF3sSEKW9i3S1xJEnmXybh1oE4+tdIsQmQysDAGOZ0Awi/gzzjnJHw=="
    },
    "node_modules/res-pareto-collation": {
      "version": "0.21.0",
      "resolved": "https://registry.npmjs.org/res-pareto-collation/-/res-pareto-collation-0.21.0.tgz",
      "integrity": "sha512-r+nMtHB5JrXK7kXXiKFmQlUcp0Nr8nlgCMo3kkjWZBbVczZ5a0zFkmNW0SYKWCBKvXdR1FWn1DSRumfYev+7iA==",
      "dependencies": {
        "glo-pareto-common": "^0.15.0",
        "pareto-core-internals": "^0.13.0"
      }
    },
    "node_modules/res-pareto-collation/node_modules/glo-pareto-common": {
      "version": "0.15.0",
      "resolved": "https://registry.npmjs.org/glo-pareto-common/-/glo-pareto-common-0.15.0.tgz",
      "integrity": "sha512-D4vYIo5O7LEKb4HZhZxS8FXjRTrlANfaHs73e7xxWyECZPR1+bZNPzzQ//1geFpkoadi8Asbth1jA9//0K5c7w==",
      "dependencies": {
        "pareto-core-types": "^0.12.0"
      }
    },
    "node_modules/res-pareto-filesystem": {
      "version": "0.41.0",
      "resolved": "https://registry.npmjs.org/res-pareto-filesystem/-/res-pareto-filesystem-0.41.0.tgz",
      "integrity": "sha512-dRt4d68ZP58MYQikYDiTnPkNlBvQJTBAdR+6+XiNSOvptEJ0PiUG/yDn0r7PMQZsFtZcWSWgkrpeqwgCsfWtKw==",
      "dependencies": {
        "glo-pareto-common": "^0.15.0",
        "pareto-core-internals": "^0.13.0"
      }
    },
    "node_modules/res-pareto-filesystem/node_modules/glo-pareto-common": {
      "version": "0.15.0",
      "resolved": "https://registry.npmjs.org/glo-pareto-common/-/glo-pareto-common-0.15.0.tgz",
      "integrity": "sha512-D4vYIo5O7LEKb4HZhZxS8FXjRTrlANfaHs73e7xxWyECZPR1+bZNPzzQ//1geFpkoadi8Asbth1jA9//0K5c7w==",
      "dependencies": {
        "pareto-core-types": "^0.12.0"
      }
    },
    "node_modules/res-pareto-foreach": {
      "version": "0.3.0",
      "resolved": "https://registry.npmjs.org/res-pareto-foreach/-/res-pareto-foreach-0.3.0.tgz",
      "integrity": "sha512-+229i83QLjR030Cq6RGA5teU3JVhXkFEE8tYrv9HQ2w+s4yqV3KX/GeasqbThQNGJrrqUJ8DF4g/KWBmuWNz4A==",
      "dependencies": {
        "pareto-core-internals": "^0.13.0",
        "res-pareto-collation": "^0.21.0"
      }
    },
    "node_modules/res-pareto-main": {
      "version": "0.16.0",
      "resolved": "https://registry.npmjs.org/res-pareto-main/-/res-pareto-main-0.16.0.tgz",
      "integrity": "sha512-lLNpoxuBZvXzE03bAU80P/aCO/Mp9rAxkhtIkNNBSbDKUSp37CcSf9aZXKTWzrH7aaIaQseGGbcLpLi2Qf4pgA==",
      "dependencies": {
        "glo-pareto-common": "^0.15.0",
        "pareto-core-internals": "^0.13.0"
      }
    },
    "node_modules/res-pareto-main/node_modules/glo-pareto-common": {
      "version": "0.15.0",
      "resolved": "https://registry.npmjs.org/glo-pareto-common/-/glo-pareto-common-0.15.0.tgz",
      "integrity": "sha512-D4vYIo5O7LEKb4HZhZxS8FXjRTrlANfaHs73e7xxWyECZPR1+bZNPzzQ//1geFpkoadi8Asbth1jA9//0K5c7w==",
      "dependencies": {
        "pareto-core-types": "^0.12.0"
      }
    },
    "node_modules/res-pareto-tostring": {
      "version": "0.22.0",
      "resolved": "https://registry.npmjs.org/res-pareto-tostring/-/res-pareto-tostring-0.22.0.tgz",
      "integrity": "sha512-XrqsFpdCTHJHP0W6P6+BQa21x8QJgSPlqB6W/ZFvhhu4j9oKAgAwz3pD1+QYfeQ5NL5qyFIr+Ba4krIDTYUuCA==",
      "dependencies": {
        "glo-pareto-common": "^0.15.0",
        "pareto-core-internals": "^0.13.0"
      }
    },
    "node_modules/res-pareto-tostring/node_modules/glo-pareto-common": {
      "version": "0.15.0",
      "resolved": "https://registry.npmjs.org/glo-pareto-common/-/glo-pareto-common-0.15.0.tgz",
      "integrity": "sha512-D4vYIo5O7LEKb4HZhZxS8FXjRTrlANfaHs73e7xxWyECZPR1+bZNPzzQ//1geFpkoadi8Asbth1jA9//0K5c7w==",
      "dependencies": {
        "pareto-core-types": "^0.12.0"
      }
    },
    "node_modules/res-typescript": {
      "version": "0.13.0",
      "resolved": "https://registry.npmjs.org/res-typescript/-/res-typescript-0.13.0.tgz",
      "integrity": "sha512-ZU6BGDMkIXjRuXOR/rOGpMerAVeH0FLpWce/f0yl8jJ+yULMRGNOSjRhbzmZH3L1RQb2bpQPb8/VZLRQMkRncg==",
      "dependencies": {
        "glo-pareto-common": "^0.15.0",
        "pareto-core-internals": "^0.13.0"
      }
    },
    "node_modules/res-typescript/node_modules/glo-pareto-common": {
      "version": "0.15.0",
      "resolved": "https://registry.npmjs.org/glo-pareto-common/-/glo-pareto-common-0.15.0.tgz",
      "integrity": "sha512-D4vYIo5O7LEKb4HZhZxS8FXjRTrlANfaHs73e7xxWyECZPR1+bZNPzzQ//1geFpkoadi8Asbth1jA9//0K5c7w==",
      "dependencies": {
        "pareto-core-types": "^0.12.0"
      }
    }
  },
  "dependencies": {
    "glo-pareto-common": {
      "version": "0.16.0",
      "resolved": "https://registry.npmjs.org/glo-pareto-common/-/glo-pareto-common-0.16.0.tgz",
      "integrity": "sha512-XSd6O2dORn1gsTEZGKmwmbZVG9ge7139FxmmDYtNZ/ziJTmd+l7qpdBINDqdAvqqfsKbqZouTJDQdiDu5goqwg==",
      "requires": {
        "pareto-core-types": "^0.12.0"
      }
    },
    "lib-fountain-pen": {
      "version": "0.39.0",
      "resolved": "https://registry.npmjs.org/lib-fountain-pen/-/lib-fountain-pen-0.39.0.tgz",
      "integrity": "sha512-uCDBGt451NHap8PGshEVotkYIrggvx/8Q3e0DVw4jtFY0ORB9qK52wJwP9UUXUsxstmJAOCqj7ClXRSwtOiLIQ==",
      "requires": {
        "glo-pareto-common": "^0.16.0",
        "lib-pareto-filesystem": "^0.30.0",
        "pareto-core-async": "^0.7.0",
        "pareto-core-data": "^0.2.0",
        "pareto-core-dev": "^0.2.0",
        "pareto-core-lib": "^0.21.0",
        "pareto-core-map": "^0.2.1",
        "pareto-core-state": "^0.15.0",
        "res-pareto-tostring": "^0.22.0"
      }
    },
    "lib-pareto-filesystem": {
      "version": "0.30.0",
      "resolved": "https://registry.npmjs.org/lib-pareto-filesystem/-/lib-pareto-filesystem-0.30.0.tgz",
      "integrity": "sha512-ok8iAT217dCDdhistEPqoyA3QLkl0sHfm4xMa7W+HSlTBZVRpBjUoYbGI8WMFUW55s8OQGbgMFIxp1avx4kUoQ==",
      "requires": {
        "pareto-core-async": "^0.7.0",
        "pareto-core-data": "^0.2.0",
        "pareto-core-dev": "^0.2.0",
        "pareto-core-lib": "^0.21.0",
        "pareto-core-map": "^0.2.1",
        "pareto-core-state": "^0.15.0",
        "res-pareto-filesystem": "^0.41.0"
      }
    },
    "lib-pareto-typescript-project": {
      "version": "0.126.1",
      "resolved": "https://registry.npmjs.org/lib-pareto-typescript-project/-/lib-pareto-typescript-project-0.126.1.tgz",
      "integrity": "sha512-1ySb4jJ+zcvm+/cQZd+d2PPAzemL6u6WjwwVHAp/li5ryMQeuehGKpg0f8jrZRGZSfZi/MWyozi6Tqr2F2zNZA==",
      "requires": {
        "glo-pareto-common": "^0.16.0",
        "lib-fountain-pen": "^0.39.0",
        "pareto-core-async": "^0.7.0",
        "pareto-core-data": "^0.2.0",
        "pareto-core-dev": "^0.2.0",
        "pareto-core-lib": "^0.21.0",
        "pareto-core-map": "^0.2.1",
        "pareto-core-state": "^0.15.0",
        "res-pareto-collation": "^0.21.0",
        "res-pareto-filesystem": "^0.41.0",
        "res-pareto-foreach": "^0.3.0",
        "res-pareto-main": "^0.16.0",
        "res-typescript": "^0.13.0"
      }
    },
    "pareto-core-async": {
      "version": "0.7.0",
      "resolved": "https://registry.npmjs.org/pareto-core-async/-/pareto-core-async-0.7.0.tgz",
      "integrity": "sha512-9vAAlsbSwNbH47j7bQER0Nys5mKtNEDuRplWcvq9hphzazSE2JVtQLBBKXzNAoQtbJfV97+49xeZscl85UApiQ==",
      "requires": {
        "pareto-core-internals": "^0.13.0"
      }
    },
    "pareto-core-data": {
      "version": "0.2.0",
      "resolved": "https://registry.npmjs.org/pareto-core-data/-/pareto-core-data-0.2.0.tgz",
      "integrity": "sha512-TOOHt0mubI55wLY6RjB3yB4cB8UhRtIYvmYsO9w8Fs4OhPGhgYeE6Wi1KMG8mVESGvyjLwmuX1z4Ufgt0zgDyQ==",
      "requires": {
        "pareto-core-internals": "^0.13.0"
      }
    },
    "pareto-core-dev": {
      "version": "0.2.0",
      "resolved": "https://registry.npmjs.org/pareto-core-dev/-/pareto-core-dev-0.2.0.tgz",
      "integrity": "sha512-pomsDAhCa3m56ceDym/7dtizj1R+wNr4qo6Eb/Jw6t2w71+dNhK4Ph8mEGYTx1qwGaKKGBxZ4rM8S8As2MwwQw==",
      "requires": {
        "pareto-core-internals": "^0.13.0"
      }
    },
    "pareto-core-exe": {
      "version": "0.17.0",
      "resolved": "https://registry.npmjs.org/pareto-core-exe/-/pareto-core-exe-0.17.0.tgz",
      "integrity": "sha512-IITQNo/RE1f7l6i/p28NQCn/86vPNvQqTZz4jD+20C7tg1s0/pgWKpdJNquOrfGFKVjCyQrTGDhE7ToORJ8lWg==",
      "requires": {
        "pareto-core-internals": "^0.13.0"
      }
    },
    "pareto-core-internals": {
      "version": "0.13.0",
      "resolved": "https://registry.npmjs.org/pareto-core-internals/-/pareto-core-internals-0.13.0.tgz",
      "integrity": "sha512-Yb9SVAb3G7H1EZBTxyA1VWuf5bGYd5hMccgklqkvlaavQab6w7PiMvzUY0Wzj1pExFAYe2rtm8IQ2uSBHAyS0g==",
      "requires": {
        "pareto-core-types": "^0.12.0"
      }
    },
    "pareto-core-lib": {
      "version": "0.21.0",
      "resolved": "https://registry.npmjs.org/pareto-core-lib/-/pareto-core-lib-0.21.0.tgz",
      "integrity": "sha512-ABoCMhL0dCGGaT2yl51zANxOFRS8ml+heJh4+LQIpelcuQd1P6KbU9K4itNaOGSRlPVGWh2x7XK65M55hCgZ9Q==",
      "requires": {
        "pareto-core-internals": "^0.13.0"
      }
    },
    "pareto-core-map": {
      "version": "0.2.1",
      "resolved": "https://registry.npmjs.org/pareto-core-map/-/pareto-core-map-0.2.1.tgz",
      "integrity": "sha512-oKWbuI0UINIqtY8MBpisenO/76y4fjACWRBkrf8JwN4adMhN4udlHhrlI16OwHLnNGVcDVYSQ1zzD8aoY/8LmQ==",
      "requires": {
        "pareto-core-internals": "^0.13.0"
      }
    },
    "pareto-core-state": {
      "version": "0.15.0",
      "resolved": "https://registry.npmjs.org/pareto-core-state/-/pareto-core-state-0.15.0.tgz",
      "integrity": "sha512-5KQRryP3qXowV+EoRyA3gV1eLotQzWW6/YIbWRaC1I0tWX0wQm6lIxp7yB9Z8KwV7WgVcrwFtuRwtFIzAMbijg==",
      "requires": {
        "pareto-core-internals": "^0.13.0"
      }
    },
    "pareto-core-types": {
      "version": "0.12.0",
      "resolved": "https://registry.npmjs.org/pareto-core-types/-/pareto-core-types-0.12.0.tgz",
      "integrity": "sha512-cxQ3sI0kJby0o1xM6C6lMl2VFrK1cTTjMF3sSEKW9i3S1xJEnmXybh1oE4+tdIsQmQysDAGOZ0Awi/gzzjnJHw=="
    },
    "res-pareto-collation": {
      "version": "0.21.0",
      "resolved": "https://registry.npmjs.org/res-pareto-collation/-/res-pareto-collation-0.21.0.tgz",
      "integrity": "sha512-r+nMtHB5JrXK7kXXiKFmQlUcp0Nr8nlgCMo3kkjWZBbVczZ5a0zFkmNW0SYKWCBKvXdR1FWn1DSRumfYev+7iA==",
      "requires": {
        "glo-pareto-common": "^0.15.0",
        "pareto-core-internals": "^0.13.0"
      },
      "dependencies": {
        "glo-pareto-common": {
          "version": "0.15.0",
          "resolved": "https://registry.npmjs.org/glo-pareto-common/-/glo-pareto-common-0.15.0.tgz",
          "integrity": "sha512-D4vYIo5O7LEKb4HZhZxS8FXjRTrlANfaHs73e7xxWyECZPR1+bZNPzzQ//1geFpkoadi8Asbth1jA9//0K5c7w==",
          "requires": {
            "pareto-core-types": "^0.12.0"
          }
        }
      }
    },
    "res-pareto-filesystem": {
      "version": "0.41.0",
      "resolved": "https://registry.npmjs.org/res-pareto-filesystem/-/res-pareto-filesystem-0.41.0.tgz",
      "integrity": "sha512-dRt4d68ZP58MYQikYDiTnPkNlBvQJTBAdR+6+XiNSOvptEJ0PiUG/yDn0r7PMQZsFtZcWSWgkrpeqwgCsfWtKw==",
      "requires": {
        "glo-pareto-common": "^0.15.0",
        "pareto-core-internals": "^0.13.0"
      },
      "dependencies": {
        "glo-pareto-common": {
          "version": "0.15.0",
          "resolved": "https://registry.npmjs.org/glo-pareto-common/-/glo-pareto-common-0.15.0.tgz",
          "integrity": "sha512-D4vYIo5O7LEKb4HZhZxS8FXjRTrlANfaHs73e7xxWyECZPR1+bZNPzzQ//1geFpkoadi8Asbth1jA9//0K5c7w==",
          "requires": {
            "pareto-core-types": "^0.12.0"
          }
        }
      }
    },
    "res-pareto-foreach": {
      "version": "0.3.0",
      "resolved": "https://registry.npmjs.org/res-pareto-foreach/-/res-pareto-foreach-0.3.0.tgz",
      "integrity": "sha512-+229i83QLjR030Cq6RGA5teU3JVhXkFEE8tYrv9HQ2w+s4yqV3KX/GeasqbThQNGJrrqUJ8DF4g/KWBmuWNz4A==",
      "requires": {
        "pareto-core-internals": "^0.13.0",
        "res-pareto-collation": "^0.21.0"
      }
    },
    "res-pareto-main": {
      "version": "0.16.0",
      "resolved": "https://registry.npmjs.org/res-pareto-main/-/res-pareto-main-0.16.0.tgz",
      "integrity": "sha512-lLNpoxuBZvXzE03bAU80P/aCO/Mp9rAxkhtIkNNBSbDKUSp37CcSf9aZXKTWzrH7aaIaQseGGbcLpLi2Qf4pgA==",
      "requires": {
        "glo-pareto-common": "^0.15.0",
        "pareto-core-internals": "^0.13.0"
      },
      "dependencies": {
        "glo-pareto-common": {
          "version": "0.15.0",
          "resolved": "https://registry.npmjs.org/glo-pareto-common/-/glo-pareto-common-0.15.0.tgz",
          "integrity": "sha512-D4vYIo5O7LEKb4HZhZxS8FXjRTrlANfaHs73e7xxWyECZPR1+bZNPzzQ//1geFpkoadi8Asbth1jA9//0K5c7w==",
          "requires": {
            "pareto-core-types": "^0.12.0"
          }
        }
      }
    },
    "res-pareto-tostring": {
      "version": "0.22.0",
      "resolved": "https://registry.npmjs.org/res-pareto-tostring/-/res-pareto-tostring-0.22.0.tgz",
      "integrity": "sha512-XrqsFpdCTHJHP0W6P6+BQa21x8QJgSPlqB6W/ZFvhhu4j9oKAgAwz3pD1+QYfeQ5NL5qyFIr+Ba4krIDTYUuCA==",
      "requires": {
        "glo-pareto-common": "^0.15.0",
        "pareto-core-internals": "^0.13.0"
      },
      "dependencies": {
        "glo-pareto-common": {
          "version": "0.15.0",
          "resolved": "https://registry.npmjs.org/glo-pareto-common/-/glo-pareto-common-0.15.0.tgz",
          "integrity": "sha512-D4vYIo5O7LEKb4HZhZxS8FXjRTrlANfaHs73e7xxWyECZPR1+bZNPzzQ//1geFpkoadi8Asbth1jA9//0K5c7w==",
          "requires": {
            "pareto-core-types": "^0.12.0"
          }
        }
      }
    },
    "res-typescript": {
      "version": "0.13.0",
      "resolved": "https://registry.npmjs.org/res-typescript/-/res-typescript-0.13.0.tgz",
      "integrity": "sha512-ZU6BGDMkIXjRuXOR/rOGpMerAVeH0FLpWce/f0yl8jJ+yULMRGNOSjRhbzmZH3L1RQb2bpQPb8/VZLRQMkRncg==",
      "requires": {
        "glo-pareto-common": "^0.15.0",
        "pareto-core-internals": "^0.13.0"
      },
      "dependencies": {
        "glo-pareto-common": {
          "version": "0.15.0",
          "resolved": "https://registry.npmjs.org/glo-pareto-common/-/glo-pareto-common-0.15.0.tgz",
          "integrity": "sha512-D4vYIo5O7LEKb4HZhZxS8FXjRTrlANfaHs73e7xxWyECZPR1+bZNPzzQ//1geFpkoadi8Asbth1jA9//0K5c7w==",
          "requires": {
            "pareto-core-types": "^0.12.0"
          }
        }
      }
    }
  }
}
