{
  "name": "test",
  "lockfileVersion": 2,
  "requires": true,
  "packages": {
    "": {
      "dependencies": {
        "lib-pareto-test": "^0.26.0",
        "pareto-core-exe": "^0.15.1",
        "pareto-core-lib": "^0.18.0",
        "pareto-core-raw": "^0.7.4",
        "pareto-core-state": "^0.12.0",
        "res-pareto-main": "^0.11.0"
      }
    },
    "node_modules/diff": {
      "version": "5.1.0",
      "resolved": "https://registry.npmjs.org/diff/-/diff-5.1.0.tgz",
      "integrity": "sha512-D+mk+qE8VC/PAUrlAU34N+VfXev0ghe5ywmpqrawphmVZc1bEfn56uo9qpyGp1p4xpzOHkSW4ztBd6L7Xx4ACw==",
      "engines": {
        "node": ">=0.3.1"
      }
    },
    "node_modules/glo-pareto-common": {
      "version": "0.8.0",
      "resolved": "https://registry.npmjs.org/glo-pareto-common/-/glo-pareto-common-0.8.0.tgz",
      "integrity": "sha512-HC1WV9oJA67BU1/m1e2sCKFfqpL5eYdU57gnkyXNkIXcq2VbulDquEcOMaHmOH+jUFaJ52YCPDY9ama89r7IPA==",
      "dependencies": {
        "pareto-core-types": "^0.10.0"
      }
    },
    "node_modules/glo-pareto-main": {
      "version": "0.3.0",
      "resolved": "https://registry.npmjs.org/glo-pareto-main/-/glo-pareto-main-0.3.0.tgz",
      "integrity": "sha512-f3eHxf/dw/7HQne6vcmdgJOFTho/Xw+xaAdiEFn6F4jbvUp4qcCAsOhwoATZJCQPA34+U9alNDgYShSOCIsb5w==",
      "dependencies": {
        "pareto-core-types": "^0.10.0"
      }
    },
    "node_modules/lib-pareto-filesystem": {
      "version": "0.22.0",
      "resolved": "https://registry.npmjs.org/lib-pareto-filesystem/-/lib-pareto-filesystem-0.22.0.tgz",
      "integrity": "sha512-QxBgLa8TfJT5GqiB1nqVTLUy2ENKM4U0/2ThvYxGR/yzbyWDvK3aGSeW9ZuNITXwLvTJ4hdhi1LfdqW4IKnH7Q==",
      "dependencies": {
        "pareto-core-lib": "^0.17.0",
        "pareto-core-raw": "^0.7.4",
        "pareto-core-state": "^0.12.0",
        "res-pareto-filesystem": "^0.35.0"
      }
    },
    "node_modules/lib-pareto-filesystem/node_modules/pareto-core-lib": {
      "version": "0.17.0",
      "resolved": "https://registry.npmjs.org/pareto-core-lib/-/pareto-core-lib-0.17.0.tgz",
      "integrity": "sha512-C+5Omz9UT8EB8f2AcVd78Kcq+b1IdymQLk9LkywFySieh38AeYtrLRod8tif4wLCeXGIj6T1Py23Pl+5lGWNFg==",
      "dependencies": {
        "pareto-core-internals": "^0.11.0"
      }
    },
    "node_modules/lib-pareto-main": {
      "version": "0.11.0",
      "resolved": "https://registry.npmjs.org/lib-pareto-main/-/lib-pareto-main-0.11.0.tgz",
      "integrity": "sha512-Uf8pZo/vgFsJ3X5N6NwBke3PG5um22seoWwKf4wcDtJloARLtw06mFQVjFOlZU78Kk3ahwfvvE/zfb0qqBU8Vw==",
      "dependencies": {
        "glo-pareto-common": "^0.8.0",
        "pareto-core-lib": "^0.17.0",
        "pareto-core-raw": "^0.7.4",
        "pareto-core-state": "^0.12.0",
        "pareto-core-types": "^0.10.0"
      }
    },
    "node_modules/lib-pareto-main/node_modules/pareto-core-lib": {
      "version": "0.17.0",
      "resolved": "https://registry.npmjs.org/pareto-core-lib/-/pareto-core-lib-0.17.0.tgz",
      "integrity": "sha512-C+5Omz9UT8EB8f2AcVd78Kcq+b1IdymQLk9LkywFySieh38AeYtrLRod8tif4wLCeXGIj6T1Py23Pl+5lGWNFg==",
      "dependencies": {
        "pareto-core-internals": "^0.11.0"
      }
    },
    "node_modules/lib-pareto-test": {
      "version": "0.26.0",
      "resolved": "https://registry.npmjs.org/lib-pareto-test/-/lib-pareto-test-0.26.0.tgz",
      "integrity": "sha512-qnf4cjYrDWqxFBq5G6QmSmrl7QAW4KMQakq1GuaXT4y9vZ2C3OcKY/nJtF6eIVSmRGFQafgIip+0o6ZLrjFKBA==",
      "dependencies": {
        "glo-pareto-common": "^0.8.0",
        "lib-pareto-filesystem": "^0.22.0",
        "lib-pareto-main": "^0.11.0",
        "pareto-core-lib": "^0.17.0",
        "pareto-core-raw": "^0.7.4",
        "pareto-core-state": "^0.12.0",
        "res-pareto-arithmetic": "^0.10.0",
        "res-pareto-boolean": "^0.13.0",
        "res-pareto-collation": "^0.13.0",
        "res-pareto-diff": "^0.22.0"
      }
    },
    "node_modules/lib-pareto-test/node_modules/pareto-core-lib": {
      "version": "0.17.0",
      "resolved": "https://registry.npmjs.org/pareto-core-lib/-/pareto-core-lib-0.17.0.tgz",
      "integrity": "sha512-C+5Omz9UT8EB8f2AcVd78Kcq+b1IdymQLk9LkywFySieh38AeYtrLRod8tif4wLCeXGIj6T1Py23Pl+5lGWNFg==",
      "dependencies": {
        "pareto-core-internals": "^0.11.0"
      }
    },
    "node_modules/pareto-core-exe": {
      "version": "0.15.1",
      "resolved": "https://registry.npmjs.org/pareto-core-exe/-/pareto-core-exe-0.15.1.tgz",
      "integrity": "sha512-WZxS20fFeq2pzl8pfF2VZFiqXxeg+YmBk5RWymWSvrjWN08ZmtP01/GHtQmgXpHtFG+11FusPXX+lk7dar26dw==",
      "dependencies": {
        "glo-pareto-main": "^0.3.0",
        "pareto-core-internals": "^0.11.0"
      }
    },
    "node_modules/pareto-core-internals": {
      "version": "0.11.0",
      "resolved": "https://registry.npmjs.org/pareto-core-internals/-/pareto-core-internals-0.11.0.tgz",
      "integrity": "sha512-r9npJV5EXGSteklXVa9Sr9YcTkv3PQ3bWJK0sWwtuw6rvU4DHC6xYzIU8otnI4SM0f2je72fN6fWh0LaYQNe2A==",
      "dependencies": {
        "pareto-core-types": "^0.10.0"
      }
    },
    "node_modules/pareto-core-lib": {
      "version": "0.18.0",
      "resolved": "https://registry.npmjs.org/pareto-core-lib/-/pareto-core-lib-0.18.0.tgz",
      "integrity": "sha512-Cz0QZCY76NjRKujl5N5H+J3dww0hfF9mPv3c0xn8sz8nKDBgcSGnjHFlLPbh24LvFRoX+2EToAyj7LUtIRqNBw==",
      "dependencies": {
        "pareto-core-internals": "^0.11.0"
      }
    },
    "node_modules/pareto-core-raw": {
      "version": "0.7.4",
      "resolved": "https://registry.npmjs.org/pareto-core-raw/-/pareto-core-raw-0.7.4.tgz",
      "integrity": "sha512-t8QLy3Mf8rU2V9u1KXj0LWfdrDuYz3qM83kcM4/fghXEVAlmQduw4eRc92RmkhSztSc8Vi2/f/xMXIa5dOIpuA==",
      "dependencies": {
        "pareto-core-internals": "^0.11.0"
      }
    },
    "node_modules/pareto-core-state": {
      "version": "0.12.0",
      "resolved": "https://registry.npmjs.org/pareto-core-state/-/pareto-core-state-0.12.0.tgz",
      "integrity": "sha512-yuDXIlvorBeZfJ4Xkob7JEXcukou5s1UrcXvsCt9N9CjalbEoOgZ5UD+3wL4nbtlIubzH+VvzlYMOoOoOOxkqw==",
      "dependencies": {
        "pareto-core-internals": "^0.11.0"
      }
    },
    "node_modules/pareto-core-types": {
      "version": "0.10.0",
      "resolved": "https://registry.npmjs.org/pareto-core-types/-/pareto-core-types-0.10.0.tgz",
      "integrity": "sha512-asVi1Eq2wbUfqyOrTFtSP7Tm1flBhfh2Evu90aTgf2xzphs9BFiYvIs9FhNWU7qcvjAup6ISMT6Gjv7mHQivLw=="
    },
    "node_modules/res-pareto-arithmetic": {
      "version": "0.10.0",
      "resolved": "https://registry.npmjs.org/res-pareto-arithmetic/-/res-pareto-arithmetic-0.10.0.tgz",
      "integrity": "sha512-ZboBXXN/AswReHrEFamzYRiUohxqhxzJnjieOOpqQn/wA7oTUZa/JOO0FU1vq03KZOntyXPd1XC6vm1G/h1Shg==",
      "dependencies": {
        "glo-pareto-common": "^0.8.0",
        "pareto-core-internals": "^0.11.0"
      }
    },
    "node_modules/res-pareto-boolean": {
      "version": "0.13.0",
      "resolved": "https://registry.npmjs.org/res-pareto-boolean/-/res-pareto-boolean-0.13.0.tgz",
      "integrity": "sha512-aJmJrfdN/0OgY7wA5Y5ohWs16DO6fzDP+WLLIYoQ7MOmBJQ5GsUH+yIMkzCEh7v10vcmoXbhZnxeLdffPRD6wQ==",
      "dependencies": {
        "glo-pareto-common": "^0.8.0",
        "pareto-core-internals": "^0.11.0"
      }
    },
    "node_modules/res-pareto-collation": {
      "version": "0.13.0",
      "resolved": "https://registry.npmjs.org/res-pareto-collation/-/res-pareto-collation-0.13.0.tgz",
      "integrity": "sha512-vZzEQKKRoJmxi2psbUsGIAPh+PV9oilffCiTFpYUNQV3SHomHfdEbfK7lRNhiBW5BqH6eby9TWF/9WzZh0JKEA==",
      "dependencies": {
        "glo-pareto-common": "^0.8.0",
        "pareto-core-internals": "^0.11.0"
      }
    },
    "node_modules/res-pareto-diff": {
      "version": "0.22.0",
      "resolved": "https://registry.npmjs.org/res-pareto-diff/-/res-pareto-diff-0.22.0.tgz",
      "integrity": "sha512-Or1yo/ktf6OueFKunollWhSygjqE0cs5sP0Jq/g9rMcwHti/CtyBLetDl8S9HGzBtWz6vlDFZfIUvfNGFZ/zgQ==",
      "dependencies": {
        "diff": "^5.1.0",
        "glo-pareto-common": "^0.8.0",
        "pareto-core-internals": "^0.11.0"
      }
    },
    "node_modules/res-pareto-filesystem": {
      "version": "0.35.0",
      "resolved": "https://registry.npmjs.org/res-pareto-filesystem/-/res-pareto-filesystem-0.35.0.tgz",
      "integrity": "sha512-ixWFwtPhBibBq9Q1BQyCpso9xzVUHR3k3NW3r3iUsJg1WU+mP1ZFsVJP6Vvl0BWiEA4BoFNfx9bDyjNgil6qDA==",
      "dependencies": {
        "glo-pareto-common": "^0.8.0",
        "pareto-core-internals": "^0.11.0"
      }
    },
    "node_modules/res-pareto-main": {
      "version": "0.11.0",
      "resolved": "https://registry.npmjs.org/res-pareto-main/-/res-pareto-main-0.11.0.tgz",
      "integrity": "sha512-UEjQ6WI+IjV6JWWOKIQDV3kNDhUJexmLcDPAHbgktYqgdIbOV9FSdDeoJyt/cMFLRnU7NEDmPQA7UpZYMRDU7w==",
      "dependencies": {
        "glo-pareto-common": "^0.9.0",
        "pareto-core-internals": "^0.11.0",
        "pareto-core-lib": "^0.17.0",
        "pareto-core-raw": "^0.7.4",
        "pareto-core-state": "^0.12.0",
        "pareto-core-types": "^0.10.0"
      }
    },
    "node_modules/res-pareto-main/node_modules/glo-pareto-common": {
      "version": "0.9.0",
      "resolved": "https://registry.npmjs.org/glo-pareto-common/-/glo-pareto-common-0.9.0.tgz",
      "integrity": "sha512-qSBZLwjC2JeskCO9GbmI6RnRiuuI7SnKb1iFuYXvEUV8de29ZCNFAziCJyLKHYCiL+5rdC4mAJagRtHXrKkdUw==",
      "dependencies": {
        "pareto-core-types": "^0.10.0"
      }
    },
    "node_modules/res-pareto-main/node_modules/pareto-core-lib": {
      "version": "0.17.0",
      "resolved": "https://registry.npmjs.org/pareto-core-lib/-/pareto-core-lib-0.17.0.tgz",
      "integrity": "sha512-C+5Omz9UT8EB8f2AcVd78Kcq+b1IdymQLk9LkywFySieh38AeYtrLRod8tif4wLCeXGIj6T1Py23Pl+5lGWNFg==",
      "dependencies": {
        "pareto-core-internals": "^0.11.0"
      }
    }
  },
  "dependencies": {
    "diff": {
      "version": "5.1.0",
      "resolved": "https://registry.npmjs.org/diff/-/diff-5.1.0.tgz",
      "integrity": "sha512-D+mk+qE8VC/PAUrlAU34N+VfXev0ghe5ywmpqrawphmVZc1bEfn56uo9qpyGp1p4xpzOHkSW4ztBd6L7Xx4ACw=="
    },
    "glo-pareto-common": {
      "version": "0.8.0",
      "resolved": "https://registry.npmjs.org/glo-pareto-common/-/glo-pareto-common-0.8.0.tgz",
      "integrity": "sha512-HC1WV9oJA67BU1/m1e2sCKFfqpL5eYdU57gnkyXNkIXcq2VbulDquEcOMaHmOH+jUFaJ52YCPDY9ama89r7IPA==",
      "requires": {
        "pareto-core-types": "^0.10.0"
      }
    },
    "glo-pareto-main": {
      "version": "0.3.0",
      "resolved": "https://registry.npmjs.org/glo-pareto-main/-/glo-pareto-main-0.3.0.tgz",
      "integrity": "sha512-f3eHxf/dw/7HQne6vcmdgJOFTho/Xw+xaAdiEFn6F4jbvUp4qcCAsOhwoATZJCQPA34+U9alNDgYShSOCIsb5w==",
      "requires": {
        "pareto-core-types": "^0.10.0"
      }
    },
    "lib-pareto-filesystem": {
      "version": "0.22.0",
      "resolved": "https://registry.npmjs.org/lib-pareto-filesystem/-/lib-pareto-filesystem-0.22.0.tgz",
      "integrity": "sha512-QxBgLa8TfJT5GqiB1nqVTLUy2ENKM4U0/2ThvYxGR/yzbyWDvK3aGSeW9ZuNITXwLvTJ4hdhi1LfdqW4IKnH7Q==",
      "requires": {
        "pareto-core-lib": "^0.17.0",
        "pareto-core-raw": "^0.7.4",
        "pareto-core-state": "^0.12.0",
        "res-pareto-filesystem": "^0.35.0"
      },
      "dependencies": {
        "pareto-core-lib": {
          "version": "0.17.0",
          "resolved": "https://registry.npmjs.org/pareto-core-lib/-/pareto-core-lib-0.17.0.tgz",
          "integrity": "sha512-C+5Omz9UT8EB8f2AcVd78Kcq+b1IdymQLk9LkywFySieh38AeYtrLRod8tif4wLCeXGIj6T1Py23Pl+5lGWNFg==",
          "requires": {
            "pareto-core-internals": "^0.11.0"
          }
        }
      }
    },
    "lib-pareto-main": {
      "version": "0.11.0",
      "resolved": "https://registry.npmjs.org/lib-pareto-main/-/lib-pareto-main-0.11.0.tgz",
      "integrity": "sha512-Uf8pZo/vgFsJ3X5N6NwBke3PG5um22seoWwKf4wcDtJloARLtw06mFQVjFOlZU78Kk3ahwfvvE/zfb0qqBU8Vw==",
      "requires": {
        "glo-pareto-common": "^0.8.0",
        "pareto-core-lib": "^0.17.0",
        "pareto-core-raw": "^0.7.4",
        "pareto-core-state": "^0.12.0",
        "pareto-core-types": "^0.10.0"
      },
      "dependencies": {
        "pareto-core-lib": {
          "version": "0.17.0",
          "resolved": "https://registry.npmjs.org/pareto-core-lib/-/pareto-core-lib-0.17.0.tgz",
          "integrity": "sha512-C+5Omz9UT8EB8f2AcVd78Kcq+b1IdymQLk9LkywFySieh38AeYtrLRod8tif4wLCeXGIj6T1Py23Pl+5lGWNFg==",
          "requires": {
            "pareto-core-internals": "^0.11.0"
          }
        }
      }
    },
    "lib-pareto-test": {
      "version": "0.26.0",
      "resolved": "https://registry.npmjs.org/lib-pareto-test/-/lib-pareto-test-0.26.0.tgz",
      "integrity": "sha512-qnf4cjYrDWqxFBq5G6QmSmrl7QAW4KMQakq1GuaXT4y9vZ2C3OcKY/nJtF6eIVSmRGFQafgIip+0o6ZLrjFKBA==",
      "requires": {
        "glo-pareto-common": "^0.8.0",
        "lib-pareto-filesystem": "^0.22.0",
        "lib-pareto-main": "^0.11.0",
        "pareto-core-lib": "^0.17.0",
        "pareto-core-raw": "^0.7.4",
        "pareto-core-state": "^0.12.0",
        "res-pareto-arithmetic": "^0.10.0",
        "res-pareto-boolean": "^0.13.0",
        "res-pareto-collation": "^0.13.0",
        "res-pareto-diff": "^0.22.0"
      },
      "dependencies": {
        "pareto-core-lib": {
          "version": "0.17.0",
          "resolved": "https://registry.npmjs.org/pareto-core-lib/-/pareto-core-lib-0.17.0.tgz",
          "integrity": "sha512-C+5Omz9UT8EB8f2AcVd78Kcq+b1IdymQLk9LkywFySieh38AeYtrLRod8tif4wLCeXGIj6T1Py23Pl+5lGWNFg==",
          "requires": {
            "pareto-core-internals": "^0.11.0"
          }
        }
      }
    },
    "pareto-core-exe": {
      "version": "0.15.1",
      "resolved": "https://registry.npmjs.org/pareto-core-exe/-/pareto-core-exe-0.15.1.tgz",
      "integrity": "sha512-WZxS20fFeq2pzl8pfF2VZFiqXxeg+YmBk5RWymWSvrjWN08ZmtP01/GHtQmgXpHtFG+11FusPXX+lk7dar26dw==",
      "requires": {
        "glo-pareto-main": "^0.3.0",
        "pareto-core-internals": "^0.11.0"
      }
    },
    "pareto-core-internals": {
      "version": "0.11.0",
      "resolved": "https://registry.npmjs.org/pareto-core-internals/-/pareto-core-internals-0.11.0.tgz",
      "integrity": "sha512-r9npJV5EXGSteklXVa9Sr9YcTkv3PQ3bWJK0sWwtuw6rvU4DHC6xYzIU8otnI4SM0f2je72fN6fWh0LaYQNe2A==",
      "requires": {
        "pareto-core-types": "^0.10.0"
      }
    },
    "pareto-core-lib": {
      "version": "0.18.0",
      "resolved": "https://registry.npmjs.org/pareto-core-lib/-/pareto-core-lib-0.18.0.tgz",
      "integrity": "sha512-Cz0QZCY76NjRKujl5N5H+J3dww0hfF9mPv3c0xn8sz8nKDBgcSGnjHFlLPbh24LvFRoX+2EToAyj7LUtIRqNBw==",
      "requires": {
        "pareto-core-internals": "^0.11.0"
      }
    },
    "pareto-core-raw": {
      "version": "0.7.4",
      "resolved": "https://registry.npmjs.org/pareto-core-raw/-/pareto-core-raw-0.7.4.tgz",
      "integrity": "sha512-t8QLy3Mf8rU2V9u1KXj0LWfdrDuYz3qM83kcM4/fghXEVAlmQduw4eRc92RmkhSztSc8Vi2/f/xMXIa5dOIpuA==",
      "requires": {
        "pareto-core-internals": "^0.11.0"
      }
    },
    "pareto-core-state": {
      "version": "0.12.0",
      "resolved": "https://registry.npmjs.org/pareto-core-state/-/pareto-core-state-0.12.0.tgz",
      "integrity": "sha512-yuDXIlvorBeZfJ4Xkob7JEXcukou5s1UrcXvsCt9N9CjalbEoOgZ5UD+3wL4nbtlIubzH+VvzlYMOoOoOOxkqw==",
      "requires": {
        "pareto-core-internals": "^0.11.0"
      }
    },
    "pareto-core-types": {
      "version": "0.10.0",
      "resolved": "https://registry.npmjs.org/pareto-core-types/-/pareto-core-types-0.10.0.tgz",
      "integrity": "sha512-asVi1Eq2wbUfqyOrTFtSP7Tm1flBhfh2Evu90aTgf2xzphs9BFiYvIs9FhNWU7qcvjAup6ISMT6Gjv7mHQivLw=="
    },
    "res-pareto-arithmetic": {
      "version": "0.10.0",
      "resolved": "https://registry.npmjs.org/res-pareto-arithmetic/-/res-pareto-arithmetic-0.10.0.tgz",
      "integrity": "sha512-ZboBXXN/AswReHrEFamzYRiUohxqhxzJnjieOOpqQn/wA7oTUZa/JOO0FU1vq03KZOntyXPd1XC6vm1G/h1Shg==",
      "requires": {
        "glo-pareto-common": "^0.8.0",
        "pareto-core-internals": "^0.11.0"
      }
    },
    "res-pareto-boolean": {
      "version": "0.13.0",
      "resolved": "https://registry.npmjs.org/res-pareto-boolean/-/res-pareto-boolean-0.13.0.tgz",
      "integrity": "sha512-aJmJrfdN/0OgY7wA5Y5ohWs16DO6fzDP+WLLIYoQ7MOmBJQ5GsUH+yIMkzCEh7v10vcmoXbhZnxeLdffPRD6wQ==",
      "requires": {
        "glo-pareto-common": "^0.8.0",
        "pareto-core-internals": "^0.11.0"
      }
    },
    "res-pareto-collation": {
      "version": "0.13.0",
      "resolved": "https://registry.npmjs.org/res-pareto-collation/-/res-pareto-collation-0.13.0.tgz",
      "integrity": "sha512-vZzEQKKRoJmxi2psbUsGIAPh+PV9oilffCiTFpYUNQV3SHomHfdEbfK7lRNhiBW5BqH6eby9TWF/9WzZh0JKEA==",
      "requires": {
        "glo-pareto-common": "^0.8.0",
        "pareto-core-internals": "^0.11.0"
      }
    },
    "res-pareto-diff": {
      "version": "0.22.0",
      "resolved": "https://registry.npmjs.org/res-pareto-diff/-/res-pareto-diff-0.22.0.tgz",
      "integrity": "sha512-Or1yo/ktf6OueFKunollWhSygjqE0cs5sP0Jq/g9rMcwHti/CtyBLetDl8S9HGzBtWz6vlDFZfIUvfNGFZ/zgQ==",
      "requires": {
        "diff": "^5.1.0",
        "glo-pareto-common": "^0.8.0",
        "pareto-core-internals": "^0.11.0"
      }
    },
    "res-pareto-filesystem": {
      "version": "0.35.0",
      "resolved": "https://registry.npmjs.org/res-pareto-filesystem/-/res-pareto-filesystem-0.35.0.tgz",
      "integrity": "sha512-ixWFwtPhBibBq9Q1BQyCpso9xzVUHR3k3NW3r3iUsJg1WU+mP1ZFsVJP6Vvl0BWiEA4BoFNfx9bDyjNgil6qDA==",
      "requires": {
        "glo-pareto-common": "^0.8.0",
        "pareto-core-internals": "^0.11.0"
      }
    },
    "res-pareto-main": {
      "version": "0.11.0",
      "resolved": "https://registry.npmjs.org/res-pareto-main/-/res-pareto-main-0.11.0.tgz",
      "integrity": "sha512-UEjQ6WI+IjV6JWWOKIQDV3kNDhUJexmLcDPAHbgktYqgdIbOV9FSdDeoJyt/cMFLRnU7NEDmPQA7UpZYMRDU7w==",
      "requires": {
        "glo-pareto-common": "^0.9.0",
        "pareto-core-internals": "^0.11.0",
        "pareto-core-lib": "^0.17.0",
        "pareto-core-raw": "^0.7.4",
        "pareto-core-state": "^0.12.0",
        "pareto-core-types": "^0.10.0"
      },
      "dependencies": {
        "glo-pareto-common": {
          "version": "0.9.0",
          "resolved": "https://registry.npmjs.org/glo-pareto-common/-/glo-pareto-common-0.9.0.tgz",
          "integrity": "sha512-qSBZLwjC2JeskCO9GbmI6RnRiuuI7SnKb1iFuYXvEUV8de29ZCNFAziCJyLKHYCiL+5rdC4mAJagRtHXrKkdUw==",
          "requires": {
            "pareto-core-types": "^0.10.0"
          }
        },
        "pareto-core-lib": {
          "version": "0.17.0",
          "resolved": "https://registry.npmjs.org/pareto-core-lib/-/pareto-core-lib-0.17.0.tgz",
          "integrity": "sha512-C+5Omz9UT8EB8f2AcVd78Kcq+b1IdymQLk9LkywFySieh38AeYtrLRod8tif4wLCeXGIj6T1Py23Pl+5lGWNFg==",
          "requires": {
            "pareto-core-internals": "^0.11.0"
          }
        }
      }
    }
  }
}
