{
  "name": "test",
  "lockfileVersion": 2,
  "requires": true,
  "packages": {
    "": {
      "dependencies": {
        "lib-pareto-test": "^0.25.0",
        "pareto-core-exe": "^0.15.1",
        "pareto-core-lib": "^0.17.0",
        "pareto-core-raw": "^0.7.4",
        "pareto-core-state": "^0.12.0"
      }
    },
    "node_modules/diff": {
      "version": "5.1.0",
      "resolved": "https://registry.npmjs.org/diff/-/diff-5.1.0.tgz",
      "integrity": "sha512-D+mk+qE8VC/PAUrlAU34N+VfXev0ghe5ywmpqrawphmVZc1bEfn56uo9qpyGp1p4xpzOHkSW4ztBd6L7Xx4ACw==",
      "engines": {
        "node": ">=0.3.1"
      }
    },
    "node_modules/glo-pareto-common": {
      "version": "0.7.0",
      "resolved": "https://registry.npmjs.org/glo-pareto-common/-/glo-pareto-common-0.7.0.tgz",
      "integrity": "sha512-Ee6KhyDUmr07KfNGkh5HeqWRB3G1jfcCWjkqSBOajJOhTOZneTkAahr5HzCwz/6LN1MdiG6m5j6JNw7+AFm1ng==",
      "dependencies": {
        "pareto-core-types": "^0.10.0"
      }
    },
    "node_modules/glo-pareto-main": {
      "version": "0.3.0",
      "resolved": "https://registry.npmjs.org/glo-pareto-main/-/glo-pareto-main-0.3.0.tgz",
      "integrity": "sha512-f3eHxf/dw/7HQne6vcmdgJOFTho/Xw+xaAdiEFn6F4jbvUp4qcCAsOhwoATZJCQPA34+U9alNDgYShSOCIsb5w==",
      "dependencies": {
        "pareto-core-types": "^0.10.0"
      }
    },
    "node_modules/lib-pareto-filesystem": {
      "version": "0.20.0",
      "resolved": "https://registry.npmjs.org/lib-pareto-filesystem/-/lib-pareto-filesystem-0.20.0.tgz",
      "integrity": "sha512-SZLcUfWYekAcT/0vPyLZKFIpif7rwhpkqS297bVcK6NXj6NMxxgHKW/rh0aMoDBD/d5qYn8jjiLZuutIFf9qRA==",
      "dependencies": {
        "pareto-core-lib": "^0.17.0",
        "pareto-core-raw": "^0.7.4",
        "pareto-core-state": "^0.12.0",
        "res-pareto-filesystem": "^0.33.0"
      }
    },
    "node_modules/lib-pareto-main": {
      "version": "0.10.0",
      "resolved": "https://registry.npmjs.org/lib-pareto-main/-/lib-pareto-main-0.10.0.tgz",
      "integrity": "sha512-8IG859u/Z67MG8Bo9uJUN69ozA+i5Ycl7Ha0KSBpnA+g/kcD8g6pVGaLPEwUeSZvPOktTjzemk7NUQgPMysW/Q==",
      "dependencies": {
        "glo-pareto-common": "^0.7.0",
        "pareto-core-lib": "^0.17.0",
        "pareto-core-raw": "^0.7.4",
        "pareto-core-state": "^0.12.0",
        "pareto-core-types": "^0.10.0"
      }
    },
    "node_modules/lib-pareto-test": {
      "version": "0.25.0",
      "resolved": "https://registry.npmjs.org/lib-pareto-test/-/lib-pareto-test-0.25.0.tgz",
      "integrity": "sha512-mPNxfieEr0D7bcUCYg6E4oJQx6Pt0V8mL1L3oJ5Bm3+M0yGcQUOLId+rmifoClYE0B6WKgDPhpxvHiMOEhpoDQ==",
      "dependencies": {
        "glo-pareto-common": "^0.7.0",
        "lib-pareto-filesystem": "^0.20.0",
        "lib-pareto-main": "^0.10.0",
        "pareto-core-lib": "^0.17.0",
        "pareto-core-raw": "^0.7.4",
        "pareto-core-state": "^0.12.0",
        "res-pareto-arithmetic": "^0.9.0",
        "res-pareto-boolean": "^0.12.0",
        "res-pareto-collation": "^0.12.0",
        "res-pareto-diff": "^0.21.0"
      }
    },
    "node_modules/pareto-core-exe": {
      "version": "0.15.1",
      "resolved": "https://registry.npmjs.org/pareto-core-exe/-/pareto-core-exe-0.15.1.tgz",
      "integrity": "sha512-WZxS20fFeq2pzl8pfF2VZFiqXxeg+YmBk5RWymWSvrjWN08ZmtP01/GHtQmgXpHtFG+11FusPXX+lk7dar26dw==",
      "dependencies": {
        "glo-pareto-main": "^0.3.0",
        "pareto-core-internals": "^0.11.0"
      }
    },
    "node_modules/pareto-core-internals": {
      "version": "0.11.0",
      "resolved": "https://registry.npmjs.org/pareto-core-internals/-/pareto-core-internals-0.11.0.tgz",
      "integrity": "sha512-r9npJV5EXGSteklXVa9Sr9YcTkv3PQ3bWJK0sWwtuw6rvU4DHC6xYzIU8otnI4SM0f2je72fN6fWh0LaYQNe2A==",
      "dependencies": {
        "pareto-core-types": "^0.10.0"
      }
    },
    "node_modules/pareto-core-lib": {
      "version": "0.17.0",
      "resolved": "https://registry.npmjs.org/pareto-core-lib/-/pareto-core-lib-0.17.0.tgz",
      "integrity": "sha512-C+5Omz9UT8EB8f2AcVd78Kcq+b1IdymQLk9LkywFySieh38AeYtrLRod8tif4wLCeXGIj6T1Py23Pl+5lGWNFg==",
      "dependencies": {
        "pareto-core-internals": "^0.11.0"
      }
    },
    "node_modules/pareto-core-raw": {
      "version": "0.7.4",
      "resolved": "https://registry.npmjs.org/pareto-core-raw/-/pareto-core-raw-0.7.4.tgz",
      "integrity": "sha512-t8QLy3Mf8rU2V9u1KXj0LWfdrDuYz3qM83kcM4/fghXEVAlmQduw4eRc92RmkhSztSc8Vi2/f/xMXIa5dOIpuA==",
      "dependencies": {
        "pareto-core-internals": "^0.11.0"
      }
    },
    "node_modules/pareto-core-state": {
      "version": "0.12.0",
      "resolved": "https://registry.npmjs.org/pareto-core-state/-/pareto-core-state-0.12.0.tgz",
      "integrity": "sha512-yuDXIlvorBeZfJ4Xkob7JEXcukou5s1UrcXvsCt9N9CjalbEoOgZ5UD+3wL4nbtlIubzH+VvzlYMOoOoOOxkqw==",
      "dependencies": {
        "pareto-core-internals": "^0.11.0"
      }
    },
    "node_modules/pareto-core-types": {
      "version": "0.10.0",
      "resolved": "https://registry.npmjs.org/pareto-core-types/-/pareto-core-types-0.10.0.tgz",
      "integrity": "sha512-asVi1Eq2wbUfqyOrTFtSP7Tm1flBhfh2Evu90aTgf2xzphs9BFiYvIs9FhNWU7qcvjAup6ISMT6Gjv7mHQivLw=="
    },
    "node_modules/res-pareto-arithmetic": {
      "version": "0.9.0",
      "resolved": "https://registry.npmjs.org/res-pareto-arithmetic/-/res-pareto-arithmetic-0.9.0.tgz",
      "integrity": "sha512-kfrYHl8cvc1pJR4o8f9zFgthfGWnlW/I/Fni7c2yHUw0xNkNT+lwG3OX4OKIg2FpxOu+lCGs9bpP89tr97ZZ0w==",
      "dependencies": {
        "glo-pareto-common": "^0.7.0",
        "pareto-core-internals": "^0.11.0"
      }
    },
    "node_modules/res-pareto-boolean": {
      "version": "0.12.0",
      "resolved": "https://registry.npmjs.org/res-pareto-boolean/-/res-pareto-boolean-0.12.0.tgz",
      "integrity": "sha512-sbRjajNnxKrSnWw8U0zpWaPZdtndEIEuF5yyZZe0nj2iaGsDV+FrlpkP4/sbEQoVfPLAw3gerwwAG+U5f/GtbA==",
      "dependencies": {
        "glo-pareto-common": "^0.7.0",
        "pareto-core-internals": "^0.11.0"
      }
    },
    "node_modules/res-pareto-collation": {
      "version": "0.12.0",
      "resolved": "https://registry.npmjs.org/res-pareto-collation/-/res-pareto-collation-0.12.0.tgz",
      "integrity": "sha512-PpbkSA5jkUfKMTcVlr2WXLyva32w5f20mEXr83W5G2Z9M5gRbT+EMDLXgqUhXN0Ga3E+Dci3+Vrf1JiWzdJ6rQ==",
      "dependencies": {
        "glo-pareto-common": "^0.7.0",
        "pareto-core-internals": "^0.11.0"
      }
    },
    "node_modules/res-pareto-diff": {
      "version": "0.21.0",
      "resolved": "https://registry.npmjs.org/res-pareto-diff/-/res-pareto-diff-0.21.0.tgz",
      "integrity": "sha512-Wbk90r9eLHuEyViSd1OEtCQsmU1yI884YK+fRwt81DjTBblpKS/tfEpPBwd8KAig/iFZf84OSpiSTvAAwOVDTQ==",
      "dependencies": {
        "diff": "^5.1.0",
        "glo-pareto-common": "^0.7.0",
        "pareto-core-internals": "^0.11.0"
      }
    },
    "node_modules/res-pareto-filesystem": {
      "version": "0.33.0",
      "resolved": "https://registry.npmjs.org/res-pareto-filesystem/-/res-pareto-filesystem-0.33.0.tgz",
      "integrity": "sha512-kMn/0UtWFw3Hog08Hn9ouLUlgxKNrN8U2CXkEJBzMfzQUjTeOK57jFrJs5hqwcsNtRwK8JFUhPDkNlVmvD5OWQ==",
      "dependencies": {
        "glo-pareto-common": "^0.7.0",
        "pareto-core-internals": "^0.11.0"
      }
    }
  },
  "dependencies": {
    "diff": {
      "version": "5.1.0",
      "resolved": "https://registry.npmjs.org/diff/-/diff-5.1.0.tgz",
      "integrity": "sha512-D+mk+qE8VC/PAUrlAU34N+VfXev0ghe5ywmpqrawphmVZc1bEfn56uo9qpyGp1p4xpzOHkSW4ztBd6L7Xx4ACw=="
    },
    "glo-pareto-common": {
      "version": "0.7.0",
      "resolved": "https://registry.npmjs.org/glo-pareto-common/-/glo-pareto-common-0.7.0.tgz",
      "integrity": "sha512-Ee6KhyDUmr07KfNGkh5HeqWRB3G1jfcCWjkqSBOajJOhTOZneTkAahr5HzCwz/6LN1MdiG6m5j6JNw7+AFm1ng==",
      "requires": {
        "pareto-core-types": "^0.10.0"
      }
    },
    "glo-pareto-main": {
      "version": "0.3.0",
      "resolved": "https://registry.npmjs.org/glo-pareto-main/-/glo-pareto-main-0.3.0.tgz",
      "integrity": "sha512-f3eHxf/dw/7HQne6vcmdgJOFTho/Xw+xaAdiEFn6F4jbvUp4qcCAsOhwoATZJCQPA34+U9alNDgYShSOCIsb5w==",
      "requires": {
        "pareto-core-types": "^0.10.0"
      }
    },
    "lib-pareto-filesystem": {
      "version": "0.20.0",
      "resolved": "https://registry.npmjs.org/lib-pareto-filesystem/-/lib-pareto-filesystem-0.20.0.tgz",
      "integrity": "sha512-SZLcUfWYekAcT/0vPyLZKFIpif7rwhpkqS297bVcK6NXj6NMxxgHKW/rh0aMoDBD/d5qYn8jjiLZuutIFf9qRA==",
      "requires": {
        "pareto-core-lib": "^0.17.0",
        "pareto-core-raw": "^0.7.4",
        "pareto-core-state": "^0.12.0",
        "res-pareto-filesystem": "^0.33.0"
      }
    },
    "lib-pareto-main": {
      "version": "0.10.0",
      "resolved": "https://registry.npmjs.org/lib-pareto-main/-/lib-pareto-main-0.10.0.tgz",
      "integrity": "sha512-8IG859u/Z67MG8Bo9uJUN69ozA+i5Ycl7Ha0KSBpnA+g/kcD8g6pVGaLPEwUeSZvPOktTjzemk7NUQgPMysW/Q==",
      "requires": {
        "glo-pareto-common": "^0.7.0",
        "pareto-core-lib": "^0.17.0",
        "pareto-core-raw": "^0.7.4",
        "pareto-core-state": "^0.12.0",
        "pareto-core-types": "^0.10.0"
      }
    },
    "lib-pareto-test": {
      "version": "0.25.0",
      "resolved": "https://registry.npmjs.org/lib-pareto-test/-/lib-pareto-test-0.25.0.tgz",
      "integrity": "sha512-mPNxfieEr0D7bcUCYg6E4oJQx6Pt0V8mL1L3oJ5Bm3+M0yGcQUOLId+rmifoClYE0B6WKgDPhpxvHiMOEhpoDQ==",
      "requires": {
        "glo-pareto-common": "^0.7.0",
        "lib-pareto-filesystem": "^0.20.0",
        "lib-pareto-main": "^0.10.0",
        "pareto-core-lib": "^0.17.0",
        "pareto-core-raw": "^0.7.4",
        "pareto-core-state": "^0.12.0",
        "res-pareto-arithmetic": "^0.9.0",
        "res-pareto-boolean": "^0.12.0",
        "res-pareto-collation": "^0.12.0",
        "res-pareto-diff": "^0.21.0"
      }
    },
    "pareto-core-exe": {
      "version": "0.15.1",
      "resolved": "https://registry.npmjs.org/pareto-core-exe/-/pareto-core-exe-0.15.1.tgz",
      "integrity": "sha512-WZxS20fFeq2pzl8pfF2VZFiqXxeg+YmBk5RWymWSvrjWN08ZmtP01/GHtQmgXpHtFG+11FusPXX+lk7dar26dw==",
      "requires": {
        "glo-pareto-main": "^0.3.0",
        "pareto-core-internals": "^0.11.0"
      }
    },
    "pareto-core-internals": {
      "version": "0.11.0",
      "resolved": "https://registry.npmjs.org/pareto-core-internals/-/pareto-core-internals-0.11.0.tgz",
      "integrity": "sha512-r9npJV5EXGSteklXVa9Sr9YcTkv3PQ3bWJK0sWwtuw6rvU4DHC6xYzIU8otnI4SM0f2je72fN6fWh0LaYQNe2A==",
      "requires": {
        "pareto-core-types": "^0.10.0"
      }
    },
    "pareto-core-lib": {
      "version": "0.17.0",
      "resolved": "https://registry.npmjs.org/pareto-core-lib/-/pareto-core-lib-0.17.0.tgz",
      "integrity": "sha512-C+5Omz9UT8EB8f2AcVd78Kcq+b1IdymQLk9LkywFySieh38AeYtrLRod8tif4wLCeXGIj6T1Py23Pl+5lGWNFg==",
      "requires": {
        "pareto-core-internals": "^0.11.0"
      }
    },
    "pareto-core-raw": {
      "version": "0.7.4",
      "resolved": "https://registry.npmjs.org/pareto-core-raw/-/pareto-core-raw-0.7.4.tgz",
      "integrity": "sha512-t8QLy3Mf8rU2V9u1KXj0LWfdrDuYz3qM83kcM4/fghXEVAlmQduw4eRc92RmkhSztSc8Vi2/f/xMXIa5dOIpuA==",
      "requires": {
        "pareto-core-internals": "^0.11.0"
      }
    },
    "pareto-core-state": {
      "version": "0.12.0",
      "resolved": "https://registry.npmjs.org/pareto-core-state/-/pareto-core-state-0.12.0.tgz",
      "integrity": "sha512-yuDXIlvorBeZfJ4Xkob7JEXcukou5s1UrcXvsCt9N9CjalbEoOgZ5UD+3wL4nbtlIubzH+VvzlYMOoOoOOxkqw==",
      "requires": {
        "pareto-core-internals": "^0.11.0"
      }
    },
    "pareto-core-types": {
      "version": "0.10.0",
      "resolved": "https://registry.npmjs.org/pareto-core-types/-/pareto-core-types-0.10.0.tgz",
      "integrity": "sha512-asVi1Eq2wbUfqyOrTFtSP7Tm1flBhfh2Evu90aTgf2xzphs9BFiYvIs9FhNWU7qcvjAup6ISMT6Gjv7mHQivLw=="
    },
    "res-pareto-arithmetic": {
      "version": "0.9.0",
      "resolved": "https://registry.npmjs.org/res-pareto-arithmetic/-/res-pareto-arithmetic-0.9.0.tgz",
      "integrity": "sha512-kfrYHl8cvc1pJR4o8f9zFgthfGWnlW/I/Fni7c2yHUw0xNkNT+lwG3OX4OKIg2FpxOu+lCGs9bpP89tr97ZZ0w==",
      "requires": {
        "glo-pareto-common": "^0.7.0",
        "pareto-core-internals": "^0.11.0"
      }
    },
    "res-pareto-boolean": {
      "version": "0.12.0",
      "resolved": "https://registry.npmjs.org/res-pareto-boolean/-/res-pareto-boolean-0.12.0.tgz",
      "integrity": "sha512-sbRjajNnxKrSnWw8U0zpWaPZdtndEIEuF5yyZZe0nj2iaGsDV+FrlpkP4/sbEQoVfPLAw3gerwwAG+U5f/GtbA==",
      "requires": {
        "glo-pareto-common": "^0.7.0",
        "pareto-core-internals": "^0.11.0"
      }
    },
    "res-pareto-collation": {
      "version": "0.12.0",
      "resolved": "https://registry.npmjs.org/res-pareto-collation/-/res-pareto-collation-0.12.0.tgz",
      "integrity": "sha512-PpbkSA5jkUfKMTcVlr2WXLyva32w5f20mEXr83W5G2Z9M5gRbT+EMDLXgqUhXN0Ga3E+Dci3+Vrf1JiWzdJ6rQ==",
      "requires": {
        "glo-pareto-common": "^0.7.0",
        "pareto-core-internals": "^0.11.0"
      }
    },
    "res-pareto-diff": {
      "version": "0.21.0",
      "resolved": "https://registry.npmjs.org/res-pareto-diff/-/res-pareto-diff-0.21.0.tgz",
      "integrity": "sha512-Wbk90r9eLHuEyViSd1OEtCQsmU1yI884YK+fRwt81DjTBblpKS/tfEpPBwd8KAig/iFZf84OSpiSTvAAwOVDTQ==",
      "requires": {
        "diff": "^5.1.0",
        "glo-pareto-common": "^0.7.0",
        "pareto-core-internals": "^0.11.0"
      }
    },
    "res-pareto-filesystem": {
      "version": "0.33.0",
      "resolved": "https://registry.npmjs.org/res-pareto-filesystem/-/res-pareto-filesystem-0.33.0.tgz",
      "integrity": "sha512-kMn/0UtWFw3Hog08Hn9ouLUlgxKNrN8U2CXkEJBzMfzQUjTeOK57jFrJs5hqwcsNtRwK8JFUhPDkNlVmvD5OWQ==",
      "requires": {
        "glo-pareto-common": "^0.7.0",
        "pareto-core-internals": "^0.11.0"
      }
    }
  }
}
