{
  "name": "test",
  "lockfileVersion": 2,
  "requires": true,
  "packages": {
    "": {
      "dependencies": {
        "lib-pareto-test": "^0.7.0",
        "pareto-core": "^0.0.4"
      }
    },
    "node_modules/api-pareto-arithmetic": {
      "version": "0.4.0",
      "resolved": "https://registry.npmjs.org/api-pareto-arithmetic/-/api-pareto-arithmetic-0.4.0.tgz",
      "integrity": "sha512-N/9Xd/Y83QvQVoRJFNjjZaXp3WX1IXZbK8meDNTDfloVxujjnBnKHciRqB7/X7KO6RUFmTmQaYzSGLdEquzEfg==",
      "dependencies": {
        "pareto-core-types": "^0.6.0"
      }
    },
    "node_modules/api-pareto-boolean": {
      "version": "0.4.0",
      "resolved": "https://registry.npmjs.org/api-pareto-boolean/-/api-pareto-boolean-0.4.0.tgz",
      "integrity": "sha512-2uhbU/vP7/2319BiT9hf6iVJmDCC/czA7e+fJyVbYZaLauUMnawLDm7C/cMLllMcithyQcG5M/TdIahFES01Dw==",
      "dependencies": {
        "pareto-core-types": "^0.6.0"
      }
    },
    "node_modules/api-pareto-collation": {
      "version": "0.12.0",
      "resolved": "https://registry.npmjs.org/api-pareto-collation/-/api-pareto-collation-0.12.0.tgz",
      "integrity": "sha512-xqMt4GzZFS+irgeAAxnNuOJyow6B3RwC2zDDr3IqpjZ7pVMIhACNgSQTGG7CfJSpLbOh1jYvI0hXzE4g47hD3A==",
      "dependencies": {
        "pareto-core-types": "^0.6.0"
      }
    },
    "node_modules/api-pareto-diff": {
      "version": "0.8.0",
      "resolved": "https://registry.npmjs.org/api-pareto-diff/-/api-pareto-diff-0.8.0.tgz",
      "integrity": "sha512-zjCcswFyAZPbS42m1Te+I6OzoDpwRFvSkoSR9UNDqtoyTkr9/PrVb15LmNJzwB5OUeEnfzGqAdVpya/g1Zxhrw==",
      "dependencies": {
        "pareto-core-types": "^0.6.0"
      }
    },
    "node_modules/api-pareto-filesystem": {
      "version": "0.10.0",
      "resolved": "https://registry.npmjs.org/api-pareto-filesystem/-/api-pareto-filesystem-0.10.0.tgz",
      "integrity": "sha512-2ceW9H/pr3aD9H9h0/ZHPshSXjzT30w44X6WlX7M0b/qguEVDwr/jsVz8haVuQpm/CrzcZhEDOTT6UCV6CK9oQ==",
      "dependencies": {
        "pareto-core-types": "^0.6.0"
      }
    },
    "node_modules/api-pareto-main": {
      "version": "0.9.0",
      "resolved": "https://registry.npmjs.org/api-pareto-main/-/api-pareto-main-0.9.0.tgz",
      "integrity": "sha512-DHzPRi4+ZPaimqMxcPXgW1Ic+oQs+bb++Vp+olN1uiZ+0iapNqmq3MI0FOCYqBD0fnhAXW6mGpW5NhiFl0N/gw==",
      "dependencies": {
        "pareto-core-types": "^0.6.0"
      }
    },
    "node_modules/diff": {
      "version": "5.1.0",
      "resolved": "https://registry.npmjs.org/diff/-/diff-5.1.0.tgz",
      "integrity": "sha512-D+mk+qE8VC/PAUrlAU34N+VfXev0ghe5ywmpqrawphmVZc1bEfn56uo9qpyGp1p4xpzOHkSW4ztBd6L7Xx4ACw==",
      "engines": {
        "node": ">=0.3.1"
      }
    },
    "node_modules/lib-pareto-exe": {
      "version": "0.5.0",
      "resolved": "https://registry.npmjs.org/lib-pareto-exe/-/lib-pareto-exe-0.5.0.tgz",
      "integrity": "sha512-1TlApNzB7nBvjqTtZqhW4WZ/wcRxd+f4o4ZoeE8dpZF4lhJk3CapsuaNjQE/J5Ch6c4AMfWXOElmoXreJS4njw==",
      "dependencies": {
        "pareto-core-lib": "^0.13.0",
        "pareto-core-state": "^0.10.0"
      }
    },
    "node_modules/lib-pareto-filesystem": {
      "version": "0.4.0",
      "resolved": "https://registry.npmjs.org/lib-pareto-filesystem/-/lib-pareto-filesystem-0.4.0.tgz",
      "integrity": "sha512-AlyMQsU5z5rCip2ddLsr4k8pk+eXlTNlSzx8cq51IcFJ7hvVYnzCxS10rBDu1bcJ6A1Ljr28zGsR6Cqtd7+yww==",
      "dependencies": {
        "api-pareto-filesystem": "^0.10.0",
        "pareto-core-lib": "^0.13.0"
      }
    },
    "node_modules/lib-pareto-test": {
      "version": "0.7.0",
      "resolved": "https://registry.npmjs.org/lib-pareto-test/-/lib-pareto-test-0.7.0.tgz",
      "integrity": "sha512-gGZOWGfPzedv1yxWRg+76iEiULOezDoDveBqW2pq2kyWFQ7K239zjQ4OHaro221d8JZ1Ub36sPcPNWPhBktQLA==",
      "dependencies": {
        "api-pareto-main": "^0.9.0",
        "lib-pareto-exe": "^0.5.0",
        "lib-pareto-filesystem": "^0.4.0",
        "pareto-core-lib": "^0.13.0",
        "res-pareto-arithmetic": "^0.4.0",
        "res-pareto-boolean": "^0.5.0",
        "res-pareto-collation": "^0.7.0",
        "res-pareto-diff": "^0.12.0",
        "res-pareto-filesystem": "^0.25.0"
      }
    },
    "node_modules/pareto-core": {
      "version": "0.0.4",
      "resolved": "https://registry.npmjs.org/pareto-core/-/pareto-core-0.0.4.tgz",
      "integrity": "sha512-LzPy2ob5UOV74+5IwfNQ9xIoe67l/8i1iYjLx/JugeemZnW141ZQqDDdxhcBE7hf402qijSbqe1AFVp709Ea4Q==",
      "dependencies": {
        "pareto-core-exe": "^0.13.0",
        "pareto-core-lib": "^0.13.0",
        "pareto-core-raw": "^0.5.1",
        "pareto-core-state": "^0.10.0"
      }
    },
    "node_modules/pareto-core-exe": {
      "version": "0.13.0",
      "resolved": "https://registry.npmjs.org/pareto-core-exe/-/pareto-core-exe-0.13.0.tgz",
      "integrity": "sha512-o9hgbsx8FFuqsgJJeOPldtx9usKTbtsURFOllRKN1MuWxieYH/jhyQ+Er/ZBOxC9pdW3k9wrM1NC11uXv83Cvg==",
      "dependencies": {
        "api-pareto-main": "^0.9.0",
        "pareto-core-internals": "^0.7.0",
        "pareto-core-types": "^0.6.0"
      }
    },
    "node_modules/pareto-core-internals": {
      "version": "0.7.0",
      "resolved": "https://registry.npmjs.org/pareto-core-internals/-/pareto-core-internals-0.7.0.tgz",
      "integrity": "sha512-1Mh7f9yFLSsFZKb3Rs/E9qGucUF2n1FcWPRfcRi47qI+FwhDfka0JbadlJaNnoVGOsY1bPMGxesTwReszBf9pw==",
      "dependencies": {
        "pareto-core-types": "^0.6.0"
      }
    },
    "node_modules/pareto-core-lib": {
      "version": "0.13.0",
      "resolved": "https://registry.npmjs.org/pareto-core-lib/-/pareto-core-lib-0.13.0.tgz",
      "integrity": "sha512-abwCBRCqX9zs/0ENJC0WJOWeRqT0MTe4zfj21xJZidMjcXT0ga/V6XYLF4m8OQgqqQfzPchI5rkyBJgzXQTxrg==",
      "dependencies": {
        "pareto-core-internals": "^0.7.0"
      }
    },
    "node_modules/pareto-core-raw": {
      "version": "0.5.1",
      "resolved": "https://registry.npmjs.org/pareto-core-raw/-/pareto-core-raw-0.5.1.tgz",
      "integrity": "sha512-ovVEfDA4C0zFtVb1HkyHABiz6AY8Zx3HfpmdxpOJF6vaoWSe++SN1XjNz1SROOLWJgUHww6Oo0q34VmnBgHEKQ==",
      "dependencies": {
        "pareto-core-internals": "^0.7.0"
      }
    },
    "node_modules/pareto-core-state": {
      "version": "0.10.0",
      "resolved": "https://registry.npmjs.org/pareto-core-state/-/pareto-core-state-0.10.0.tgz",
      "integrity": "sha512-3mqwo8fanO8pks7dzYbA2E2RSYA3bDBCaHHb/Dh48y5yOAtDTfWcsDi+emJDdMjaAel09o36dQ0v0Yu2D4/9KA==",
      "dependencies": {
        "pareto-core-internals": "^0.7.0"
      }
    },
    "node_modules/pareto-core-types": {
      "version": "0.6.0",
      "resolved": "https://registry.npmjs.org/pareto-core-types/-/pareto-core-types-0.6.0.tgz",
      "integrity": "sha512-q9M6w+M6kgJBaroffQto9oRqsBKDpYI+JbJgO+7wVUx5QPew9kEsdevkNfjPPPWhq0grRg9Nj3t2gQy6wXyL2g=="
    },
    "node_modules/res-pareto-arithmetic": {
      "version": "0.4.0",
      "resolved": "https://registry.npmjs.org/res-pareto-arithmetic/-/res-pareto-arithmetic-0.4.0.tgz",
      "integrity": "sha512-TZhk5EBK2yTKNB2Q8efj96uBE+KWWhuzVVUVfyJN5lhPOzH9636LBaGSxI1RW4CGP8Mh6SBY2xQUg6Un3mB7Cg==",
      "dependencies": {
        "api-pareto-arithmetic": "^0.4.0",
        "pareto-core-internals": "^0.7.0"
      }
    },
    "node_modules/res-pareto-boolean": {
      "version": "0.5.0",
      "resolved": "https://registry.npmjs.org/res-pareto-boolean/-/res-pareto-boolean-0.5.0.tgz",
      "integrity": "sha512-wxiqnCN1qfAConC1Qfc6pJor/2PArbymu4rmM3TV4e0a84zmjO95542Yc6D9rCbVvCMjIsLF7xYbzZJHPsgM0w==",
      "dependencies": {
        "api-pareto-boolean": "^0.4.0",
        "pareto-core-internals": "^0.7.0"
      }
    },
    "node_modules/res-pareto-collation": {
      "version": "0.7.0",
      "resolved": "https://registry.npmjs.org/res-pareto-collation/-/res-pareto-collation-0.7.0.tgz",
      "integrity": "sha512-iqKxiVOyxZH39aKnSfccuyxodUepniBzlun1AkitdceDnqzTbHJVwsNi4vbl9wEb6GO7f2I6Kty4JwPoNhWtSQ==",
      "dependencies": {
        "api-pareto-collation": "^0.12.0",
        "pareto-core-internals": "^0.7.0"
      }
    },
    "node_modules/res-pareto-diff": {
      "version": "0.12.0",
      "resolved": "https://registry.npmjs.org/res-pareto-diff/-/res-pareto-diff-0.12.0.tgz",
      "integrity": "sha512-xUTQd6oEwvhpTAV/f6GjCKWhXZEE8azR8Oe9P2UviZhBaPdAfKVHJ1m3dfYaTExsTF0JXW3HIzl4zkD1dYS8iA==",
      "dependencies": {
        "api-pareto-diff": "^0.8.0",
        "diff": "^5.1.0",
        "pareto-core-internals": "^0.7.0"
      }
    },
    "node_modules/res-pareto-filesystem": {
      "version": "0.25.0",
      "resolved": "https://registry.npmjs.org/res-pareto-filesystem/-/res-pareto-filesystem-0.25.0.tgz",
      "integrity": "sha512-jaxBg/KqjmpEMhb2hSsZiZpJeKDkASLcJ9erYI0nPgrSOwrdb8NyQOQZAg5iRP1VzaoQoIEWrnpvd7sDy8Gvgg==",
      "dependencies": {
        "api-pareto-filesystem": "^0.10.0",
        "pareto-core-internals": "^0.7.0"
      }
    }
  },
  "dependencies": {
    "api-pareto-arithmetic": {
      "version": "0.4.0",
      "resolved": "https://registry.npmjs.org/api-pareto-arithmetic/-/api-pareto-arithmetic-0.4.0.tgz",
      "integrity": "sha512-N/9Xd/Y83QvQVoRJFNjjZaXp3WX1IXZbK8meDNTDfloVxujjnBnKHciRqB7/X7KO6RUFmTmQaYzSGLdEquzEfg==",
      "requires": {
        "pareto-core-types": "^0.6.0"
      }
    },
    "api-pareto-boolean": {
      "version": "0.4.0",
      "resolved": "https://registry.npmjs.org/api-pareto-boolean/-/api-pareto-boolean-0.4.0.tgz",
      "integrity": "sha512-2uhbU/vP7/2319BiT9hf6iVJmDCC/czA7e+fJyVbYZaLauUMnawLDm7C/cMLllMcithyQcG5M/TdIahFES01Dw==",
      "requires": {
        "pareto-core-types": "^0.6.0"
      }
    },
    "api-pareto-collation": {
      "version": "0.12.0",
      "resolved": "https://registry.npmjs.org/api-pareto-collation/-/api-pareto-collation-0.12.0.tgz",
      "integrity": "sha512-xqMt4GzZFS+irgeAAxnNuOJyow6B3RwC2zDDr3IqpjZ7pVMIhACNgSQTGG7CfJSpLbOh1jYvI0hXzE4g47hD3A==",
      "requires": {
        "pareto-core-types": "^0.6.0"
      }
    },
    "api-pareto-diff": {
      "version": "0.8.0",
      "resolved": "https://registry.npmjs.org/api-pareto-diff/-/api-pareto-diff-0.8.0.tgz",
      "integrity": "sha512-zjCcswFyAZPbS42m1Te+I6OzoDpwRFvSkoSR9UNDqtoyTkr9/PrVb15LmNJzwB5OUeEnfzGqAdVpya/g1Zxhrw==",
      "requires": {
        "pareto-core-types": "^0.6.0"
      }
    },
    "api-pareto-filesystem": {
      "version": "0.10.0",
      "resolved": "https://registry.npmjs.org/api-pareto-filesystem/-/api-pareto-filesystem-0.10.0.tgz",
      "integrity": "sha512-2ceW9H/pr3aD9H9h0/ZHPshSXjzT30w44X6WlX7M0b/qguEVDwr/jsVz8haVuQpm/CrzcZhEDOTT6UCV6CK9oQ==",
      "requires": {
        "pareto-core-types": "^0.6.0"
      }
    },
    "api-pareto-main": {
      "version": "0.9.0",
      "resolved": "https://registry.npmjs.org/api-pareto-main/-/api-pareto-main-0.9.0.tgz",
      "integrity": "sha512-DHzPRi4+ZPaimqMxcPXgW1Ic+oQs+bb++Vp+olN1uiZ+0iapNqmq3MI0FOCYqBD0fnhAXW6mGpW5NhiFl0N/gw==",
      "requires": {
        "pareto-core-types": "^0.6.0"
      }
    },
    "diff": {
      "version": "5.1.0",
      "resolved": "https://registry.npmjs.org/diff/-/diff-5.1.0.tgz",
      "integrity": "sha512-D+mk+qE8VC/PAUrlAU34N+VfXev0ghe5ywmpqrawphmVZc1bEfn56uo9qpyGp1p4xpzOHkSW4ztBd6L7Xx4ACw=="
    },
    "lib-pareto-exe": {
      "version": "0.5.0",
      "resolved": "https://registry.npmjs.org/lib-pareto-exe/-/lib-pareto-exe-0.5.0.tgz",
      "integrity": "sha512-1TlApNzB7nBvjqTtZqhW4WZ/wcRxd+f4o4ZoeE8dpZF4lhJk3CapsuaNjQE/J5Ch6c4AMfWXOElmoXreJS4njw==",
      "requires": {
        "pareto-core-lib": "^0.13.0",
        "pareto-core-state": "^0.10.0"
      }
    },
    "lib-pareto-filesystem": {
      "version": "0.4.0",
      "resolved": "https://registry.npmjs.org/lib-pareto-filesystem/-/lib-pareto-filesystem-0.4.0.tgz",
      "integrity": "sha512-AlyMQsU5z5rCip2ddLsr4k8pk+eXlTNlSzx8cq51IcFJ7hvVYnzCxS10rBDu1bcJ6A1Ljr28zGsR6Cqtd7+yww==",
      "requires": {
        "api-pareto-filesystem": "^0.10.0",
        "pareto-core-lib": "^0.13.0"
      }
    },
    "lib-pareto-test": {
      "version": "0.7.0",
      "resolved": "https://registry.npmjs.org/lib-pareto-test/-/lib-pareto-test-0.7.0.tgz",
      "integrity": "sha512-gGZOWGfPzedv1yxWRg+76iEiULOezDoDveBqW2pq2kyWFQ7K239zjQ4OHaro221d8JZ1Ub36sPcPNWPhBktQLA==",
      "requires": {
        "api-pareto-main": "^0.9.0",
        "lib-pareto-exe": "^0.5.0",
        "lib-pareto-filesystem": "^0.4.0",
        "pareto-core-lib": "^0.13.0",
        "res-pareto-arithmetic": "^0.4.0",
        "res-pareto-boolean": "^0.5.0",
        "res-pareto-collation": "^0.7.0",
        "res-pareto-diff": "^0.12.0",
        "res-pareto-filesystem": "^0.25.0"
      }
    },
    "pareto-core": {
      "version": "0.0.4",
      "resolved": "https://registry.npmjs.org/pareto-core/-/pareto-core-0.0.4.tgz",
      "integrity": "sha512-LzPy2ob5UOV74+5IwfNQ9xIoe67l/8i1iYjLx/JugeemZnW141ZQqDDdxhcBE7hf402qijSbqe1AFVp709Ea4Q==",
      "requires": {
        "pareto-core-exe": "^0.13.0",
        "pareto-core-lib": "^0.13.0",
        "pareto-core-raw": "^0.5.1",
        "pareto-core-state": "^0.10.0"
      }
    },
    "pareto-core-exe": {
      "version": "0.13.0",
      "resolved": "https://registry.npmjs.org/pareto-core-exe/-/pareto-core-exe-0.13.0.tgz",
      "integrity": "sha512-o9hgbsx8FFuqsgJJeOPldtx9usKTbtsURFOllRKN1MuWxieYH/jhyQ+Er/ZBOxC9pdW3k9wrM1NC11uXv83Cvg==",
      "requires": {
        "api-pareto-main": "^0.9.0",
        "pareto-core-internals": "^0.7.0",
        "pareto-core-types": "^0.6.0"
      }
    },
    "pareto-core-internals": {
      "version": "0.7.0",
      "resolved": "https://registry.npmjs.org/pareto-core-internals/-/pareto-core-internals-0.7.0.tgz",
      "integrity": "sha512-1Mh7f9yFLSsFZKb3Rs/E9qGucUF2n1FcWPRfcRi47qI+FwhDfka0JbadlJaNnoVGOsY1bPMGxesTwReszBf9pw==",
      "requires": {
        "pareto-core-types": "^0.6.0"
      }
    },
    "pareto-core-lib": {
      "version": "0.13.0",
      "resolved": "https://registry.npmjs.org/pareto-core-lib/-/pareto-core-lib-0.13.0.tgz",
      "integrity": "sha512-abwCBRCqX9zs/0ENJC0WJOWeRqT0MTe4zfj21xJZidMjcXT0ga/V6XYLF4m8OQgqqQfzPchI5rkyBJgzXQTxrg==",
      "requires": {
        "pareto-core-internals": "^0.7.0"
      }
    },
    "pareto-core-raw": {
      "version": "0.5.1",
      "resolved": "https://registry.npmjs.org/pareto-core-raw/-/pareto-core-raw-0.5.1.tgz",
      "integrity": "sha512-ovVEfDA4C0zFtVb1HkyHABiz6AY8Zx3HfpmdxpOJF6vaoWSe++SN1XjNz1SROOLWJgUHww6Oo0q34VmnBgHEKQ==",
      "requires": {
        "pareto-core-internals": "^0.7.0"
      }
    },
    "pareto-core-state": {
      "version": "0.10.0",
      "resolved": "https://registry.npmjs.org/pareto-core-state/-/pareto-core-state-0.10.0.tgz",
      "integrity": "sha512-3mqwo8fanO8pks7dzYbA2E2RSYA3bDBCaHHb/Dh48y5yOAtDTfWcsDi+emJDdMjaAel09o36dQ0v0Yu2D4/9KA==",
      "requires": {
        "pareto-core-internals": "^0.7.0"
      }
    },
    "pareto-core-types": {
      "version": "0.6.0",
      "resolved": "https://registry.npmjs.org/pareto-core-types/-/pareto-core-types-0.6.0.tgz",
      "integrity": "sha512-q9M6w+M6kgJBaroffQto9oRqsBKDpYI+JbJgO+7wVUx5QPew9kEsdevkNfjPPPWhq0grRg9Nj3t2gQy6wXyL2g=="
    },
    "res-pareto-arithmetic": {
      "version": "0.4.0",
      "resolved": "https://registry.npmjs.org/res-pareto-arithmetic/-/res-pareto-arithmetic-0.4.0.tgz",
      "integrity": "sha512-TZhk5EBK2yTKNB2Q8efj96uBE+KWWhuzVVUVfyJN5lhPOzH9636LBaGSxI1RW4CGP8Mh6SBY2xQUg6Un3mB7Cg==",
      "requires": {
        "api-pareto-arithmetic": "^0.4.0",
        "pareto-core-internals": "^0.7.0"
      }
    },
    "res-pareto-boolean": {
      "version": "0.5.0",
      "resolved": "https://registry.npmjs.org/res-pareto-boolean/-/res-pareto-boolean-0.5.0.tgz",
      "integrity": "sha512-wxiqnCN1qfAConC1Qfc6pJor/2PArbymu4rmM3TV4e0a84zmjO95542Yc6D9rCbVvCMjIsLF7xYbzZJHPsgM0w==",
      "requires": {
        "api-pareto-boolean": "^0.4.0",
        "pareto-core-internals": "^0.7.0"
      }
    },
    "res-pareto-collation": {
      "version": "0.7.0",
      "resolved": "https://registry.npmjs.org/res-pareto-collation/-/res-pareto-collation-0.7.0.tgz",
      "integrity": "sha512-iqKxiVOyxZH39aKnSfccuyxodUepniBzlun1AkitdceDnqzTbHJVwsNi4vbl9wEb6GO7f2I6Kty4JwPoNhWtSQ==",
      "requires": {
        "api-pareto-collation": "^0.12.0",
        "pareto-core-internals": "^0.7.0"
      }
    },
    "res-pareto-diff": {
      "version": "0.12.0",
      "resolved": "https://registry.npmjs.org/res-pareto-diff/-/res-pareto-diff-0.12.0.tgz",
      "integrity": "sha512-xUTQd6oEwvhpTAV/f6GjCKWhXZEE8azR8Oe9P2UviZhBaPdAfKVHJ1m3dfYaTExsTF0JXW3HIzl4zkD1dYS8iA==",
      "requires": {
        "api-pareto-diff": "^0.8.0",
        "diff": "^5.1.0",
        "pareto-core-internals": "^0.7.0"
      }
    },
    "res-pareto-filesystem": {
      "version": "0.25.0",
      "resolved": "https://registry.npmjs.org/res-pareto-filesystem/-/res-pareto-filesystem-0.25.0.tgz",
      "integrity": "sha512-jaxBg/KqjmpEMhb2hSsZiZpJeKDkASLcJ9erYI0nPgrSOwrdb8NyQOQZAg5iRP1VzaoQoIEWrnpvd7sDy8Gvgg==",
      "requires": {
        "api-pareto-filesystem": "^0.10.0",
        "pareto-core-internals": "^0.7.0"
      }
    }
  }
}
