{
  "name": "pub",
  "lockfileVersion": 2,
  "requires": true,
  "packages": {
    "": {
      "license": "TBD",
      "dependencies": {
        "glo-pareto-common": "^0.26.0",
        "pareto-core-internals": "^0.13.3"
      }
    },
    "node_modules/glo-pareto-common": {
      "version": "0.26.0",
      "resolved": "https://registry.npmjs.org/glo-pareto-common/-/glo-pareto-common-0.26.0.tgz",
      "integrity": "sha512-vSILHajezetcrL0Fa5aDyFJyTRT3usDY8TvQ1TzA6ike5zKrH55PFUQq6qCIqc7BwShWX7mPUXtd5bhS8MbA2w==",
      "dependencies": {
        "pareto-core-types": "^0.12.0"
      }
    },
    "node_modules/pareto-core-internals": {
      "version": "0.13.3",
      "resolved": "https://registry.npmjs.org/pareto-core-internals/-/pareto-core-internals-0.13.3.tgz",
      "integrity": "sha512-Ct5O6Tz9UCRZNiswMU+2SR6qGWKwdOSym8R6nHeEkJ4gpKsrrrJGjRq0HHisbNw+mwnQdT1HgWyhetUMwH5DFA==",
      "dependencies": {
        "pareto-core-types": "^0.12.0"
      }
    },
    "node_modules/pareto-core-types": {
      "version": "0.12.0",
      "resolved": "https://registry.npmjs.org/pareto-core-types/-/pareto-core-types-0.12.0.tgz",
      "integrity": "sha512-cxQ3sI0kJby0o1xM6C6lMl2VFrK1cTTjMF3sSEKW9i3S1xJEnmXybh1oE4+tdIsQmQysDAGOZ0Awi/gzzjnJHw=="
    }
  },
  "dependencies": {
    "glo-pareto-common": {
      "version": "0.26.0",
      "resolved": "https://registry.npmjs.org/glo-pareto-common/-/glo-pareto-common-0.26.0.tgz",
      "integrity": "sha512-vSILHajezetcrL0Fa5aDyFJyTRT3usDY8TvQ1TzA6ike5zKrH55PFUQq6qCIqc7BwShWX7mPUXtd5bhS8MbA2w==",
      "requires": {
        "pareto-core-types": "^0.12.0"
      }
    },
    "pareto-core-internals": {
      "version": "0.13.3",
      "resolved": "https://registry.npmjs.org/pareto-core-internals/-/pareto-core-internals-0.13.3.tgz",
      "integrity": "sha512-Ct5O6Tz9UCRZNiswMU+2SR6qGWKwdOSym8R6nHeEkJ4gpKsrrrJGjRq0HHisbNw+mwnQdT1HgWyhetUMwH5DFA==",
      "requires": {
        "pareto-core-types": "^0.12.0"
      }
    },
    "pareto-core-types": {
      "version": "0.12.0",
      "resolved": "https://registry.npmjs.org/pareto-core-types/-/pareto-core-types-0.12.0.tgz",
      "integrity": "sha512-cxQ3sI0kJby0o1xM6C6lMl2VFrK1cTTjMF3sSEKW9i3S1xJEnmXybh1oE4+tdIsQmQysDAGOZ0Awi/gzzjnJHw=="
    }
  }
}
