{
  "name": "pub",
  "lockfileVersion": 2,
  "requires": true,
  "packages": {
    "": {
      "license": "TBD",
      "dependencies": {
        "glo-pareto-common": "^0.31.0",
        "pareto-core-internals": "^0.19.0"
      }
    },
    "node_modules/glo-pareto-common": {
      "version": "0.31.0",
      "resolved": "https://registry.npmjs.org/glo-pareto-common/-/glo-pareto-common-0.31.0.tgz",
      "integrity": "sha512-x0bblLec8hfVY1J2FEiYBmTsf+0XVCJFTL4lbB3dm0eD9bDwICJiKdy6OsCBjsCGqUWbVo12g/wgVeffPF7ZcQ==",
      "dependencies": {
        "pareto-core-types": "^0.15.0"
      }
    },
    "node_modules/pareto-core-internals": {
      "version": "0.19.0",
      "resolved": "https://registry.npmjs.org/pareto-core-internals/-/pareto-core-internals-0.19.0.tgz",
      "integrity": "sha512-ZHqiqxREUOMEn5gJWOr1e8L6ua+VR+6gVtErIxB8rb8WfXKsg4Bqg9/bp+7iT/C8gdcCnt1gLUV05ucV2LFK8A==",
      "dependencies": {
        "pareto-core-types": "^0.15.0"
      }
    },
    "node_modules/pareto-core-types": {
      "version": "0.15.0",
      "resolved": "https://registry.npmjs.org/pareto-core-types/-/pareto-core-types-0.15.0.tgz",
      "integrity": "sha512-tCoi3v3ldM8haCziXI5cp3Kvn1nj4DTXhCVw1PlPyAz0zjXx05H0k5OGCOChGmObVdU2rVJKHE90S4wngNNU5Q=="
    }
  },
  "dependencies": {
    "glo-pareto-common": {
      "version": "0.31.0",
      "resolved": "https://registry.npmjs.org/glo-pareto-common/-/glo-pareto-common-0.31.0.tgz",
      "integrity": "sha512-x0bblLec8hfVY1J2FEiYBmTsf+0XVCJFTL4lbB3dm0eD9bDwICJiKdy6OsCBjsCGqUWbVo12g/wgVeffPF7ZcQ==",
      "requires": {
        "pareto-core-types": "^0.15.0"
      }
    },
    "pareto-core-internals": {
      "version": "0.19.0",
      "resolved": "https://registry.npmjs.org/pareto-core-internals/-/pareto-core-internals-0.19.0.tgz",
      "integrity": "sha512-ZHqiqxREUOMEn5gJWOr1e8L6ua+VR+6gVtErIxB8rb8WfXKsg4Bqg9/bp+7iT/C8gdcCnt1gLUV05ucV2LFK8A==",
      "requires": {
        "pareto-core-types": "^0.15.0"
      }
    },
    "pareto-core-types": {
      "version": "0.15.0",
      "resolved": "https://registry.npmjs.org/pareto-core-types/-/pareto-core-types-0.15.0.tgz",
      "integrity": "sha512-tCoi3v3ldM8haCziXI5cp3Kvn1nj4DTXhCVw1PlPyAz0zjXx05H0k5OGCOChGmObVdU2rVJKHE90S4wngNNU5Q=="
    }
  }
}
