{
  "name": "res-typescript",
  "version": "0.23.0",
  "lockfileVersion": 2,
  "requires": true,
  "packages": {
    "": {
      "name": "res-typescript",
      "version": "0.23.0",
      "license": "TBD",
      "dependencies": {
        "glo-pareto-common": "^0.30.0",
        "pareto-core-internals": "^0.17.0"
      }
    },
    "node_modules/glo-pareto-common": {
      "version": "0.30.0",
      "resolved": "https://registry.npmjs.org/glo-pareto-common/-/glo-pareto-common-0.30.0.tgz",
      "integrity": "sha512-Bkfawb0HeCQAVrL26Jv9qmF0zyDUGeU4h1qf2Yn5nY0u5zRIQgZFfjCkhSrSuquUAEU/GzAl5NSaUOKSLOU9lw==",
      "dependencies": {
        "pareto-core-types": "^0.15.0"
      }
    },
    "node_modules/pareto-core-internals": {
      "version": "0.17.0",
      "resolved": "https://registry.npmjs.org/pareto-core-internals/-/pareto-core-internals-0.17.0.tgz",
      "integrity": "sha512-zY7K9kapkBe31Rfc89TBUUa+eOp4YLG+Loynh3eEzTEmgFF9kjanPUqfFPsrsUMgjRwYSdziQPxn2yQtCUvj8A==",
      "dependencies": {
        "pareto-core-types": "^0.15.0"
      }
    },
    "node_modules/pareto-core-types": {
      "version": "0.15.0",
      "resolved": "https://registry.npmjs.org/pareto-core-types/-/pareto-core-types-0.15.0.tgz",
      "integrity": "sha512-tCoi3v3ldM8haCziXI5cp3Kvn1nj4DTXhCVw1PlPyAz0zjXx05H0k5OGCOChGmObVdU2rVJKHE90S4wngNNU5Q=="
    }
  },
  "dependencies": {
    "glo-pareto-common": {
      "version": "0.30.0",
      "resolved": "https://registry.npmjs.org/glo-pareto-common/-/glo-pareto-common-0.30.0.tgz",
      "integrity": "sha512-Bkfawb0HeCQAVrL26Jv9qmF0zyDUGeU4h1qf2Yn5nY0u5zRIQgZFfjCkhSrSuquUAEU/GzAl5NSaUOKSLOU9lw==",
      "requires": {
        "pareto-core-types": "^0.15.0"
      }
    },
    "pareto-core-internals": {
      "version": "0.17.0",
      "resolved": "https://registry.npmjs.org/pareto-core-internals/-/pareto-core-internals-0.17.0.tgz",
      "integrity": "sha512-zY7K9kapkBe31Rfc89TBUUa+eOp4YLG+Loynh3eEzTEmgFF9kjanPUqfFPsrsUMgjRwYSdziQPxn2yQtCUvj8A==",
      "requires": {
        "pareto-core-types": "^0.15.0"
      }
    },
    "pareto-core-types": {
      "version": "0.15.0",
      "resolved": "https://registry.npmjs.org/pareto-core-types/-/pareto-core-types-0.15.0.tgz",
      "integrity": "sha512-tCoi3v3ldM8haCziXI5cp3Kvn1nj4DTXhCVw1PlPyAz0zjXx05H0k5OGCOChGmObVdU2rVJKHE90S4wngNNU5Q=="
    }
  }
}
