{
  "name": "scripts",
  "lockfileVersion": 2,
  "requires": true,
  "packages": {
    "": {
      "dependencies": {
        "pareto-buildenvironment": "^0.290.0"
      }
    },
    "node_modules/npm-updatedependencies2latest": {
      "version": "0.0.10",
      "resolved": "https://registry.npmjs.org/npm-updatedependencies2latest/-/npm-updatedependencies2latest-0.0.10.tgz",
      "integrity": "sha512-sjMJWNC1ZPujZPQtKbI5NGGJjfXN2aR/uswf0tUuwUg+0qD6xzhtQOR+pB2dmru38FMmsJObxqywStYVKMTIPQ=="
    },
    "node_modules/pareto-buildenvironment": {
      "version": "0.290.0",
      "resolved": "https://registry.npmjs.org/pareto-buildenvironment/-/pareto-buildenvironment-0.290.0.tgz",
      "integrity": "sha512-MaPFooY6R79t1Z/HSewIGNvrAQ3pA89wLRyGUBRcPPwkxloVIgUiGV87f9DdbCscuKcc9XEz4/eTa8PmB5casA==",
      "dependencies": {
        "npm-updatedependencies2latest": "^0.0.10",
        "typescript": "^4.9.5"
      }
    },
    "node_modules/typescript": {
      "version": "4.9.5",
      "resolved": "https://registry.npmjs.org/typescript/-/typescript-4.9.5.tgz",
      "integrity": "sha512-1FXk9E2Hm+QzZQ7z+McJiHL4NW1F2EzMu9Nq9i3zAaGqibafqYwCVU6WyWAuyQRRzOlxou8xZSyXLEN8oKj24g==",
      "bin": {
        "tsc": "bin/tsc",
        "tsserver": "bin/tsserver"
      },
      "engines": {
        "node": ">=4.2.0"
      }
    }
  },
  "dependencies": {
    "npm-updatedependencies2latest": {
      "version": "0.0.10",
      "resolved": "https://registry.npmjs.org/npm-updatedependencies2latest/-/npm-updatedependencies2latest-0.0.10.tgz",
      "integrity": "sha512-sjMJWNC1ZPujZPQtKbI5NGGJjfXN2aR/uswf0tUuwUg+0qD6xzhtQOR+pB2dmru38FMmsJObxqywStYVKMTIPQ=="
    },
    "pareto-buildenvironment": {
      "version": "0.290.0",
      "resolved": "https://registry.npmjs.org/pareto-buildenvironment/-/pareto-buildenvironment-0.290.0.tgz",
      "integrity": "sha512-MaPFooY6R79t1Z/HSewIGNvrAQ3pA89wLRyGUBRcPPwkxloVIgUiGV87f9DdbCscuKcc9XEz4/eTa8PmB5casA==",
      "requires": {
        "npm-updatedependencies2latest": "^0.0.10",
        "typescript": "^4.9.5"
      }
    },
    "typescript": {
      "version": "4.9.5",
      "resolved": "https://registry.npmjs.org/typescript/-/typescript-4.9.5.tgz",
      "integrity": "sha512-1FXk9E2Hm+QzZQ7z+McJiHL4NW1F2EzMu9Nq9i3zAaGqibafqYwCVU6WyWAuyQRRzOlxou8xZSyXLEN8oKj24g=="
    }
  }
}
