{
  "name": "scripts",
  "lockfileVersion": 3,
  "requires": true,
  "packages": {
    "": {
      "dependencies": {
        "pareto-buildenvironment": "^0.335.0"
      }
    },
    "node_modules/npm-updatedependencies2latest": {
      "version": "0.0.19",
      "resolved": "https://registry.npmjs.org/npm-updatedependencies2latest/-/npm-updatedependencies2latest-0.0.19.tgz",
      "integrity": "sha512-AXgzGre3fUqtIa1899Ngvx32AfczToicCjSaPMbC9tekmh6RvXMYpx1b5E2vCqQn360YpKFo9eMihZzy0OMzXA==",
      "license": "ISC",
      "bin": {
        "update2latest": "dist/index.js"
      }
    },
    "node_modules/pareto-buildenvironment": {
      "version": "0.335.0",
      "resolved": "https://registry.npmjs.org/pareto-buildenvironment/-/pareto-buildenvironment-0.335.0.tgz",
      "integrity": "sha512-BSZhSZS2ARIZz2P3wKp/zkLP0L3i6saZImt/HjpswK+gCW0aOdX/eEYZ2Ays0CAZ6AcustgnE9tirPJlOydCQw==",
      "dependencies": {
        "npm-updatedependencies2latest": "^0.0.19",
        "typescript": "^5.5.4"
      }
    },
    "node_modules/typescript": {
      "version": "5.6.2",
      "resolved": "https://registry.npmjs.org/typescript/-/typescript-5.6.2.tgz",
      "integrity": "sha512-NW8ByodCSNCwZeghjN3o+JX5OFH0Ojg6sadjEKY4huZ52TqbJTJnDo5+Tw98lSy63NZvi4n+ez5m2u5d4PkZyw==",
      "license": "Apache-2.0",
      "bin": {
        "tsc": "bin/tsc",
        "tsserver": "bin/tsserver"
      },
      "engines": {
        "node": ">=14.17"
      }
    }
  }
}
