{
  "name": "scripts",
  "lockfileVersion": 2,
  "requires": true,
  "packages": {
    "": {
      "dependencies": {
        "pareto-buildenvironment": "^0.311.0"
      }
    },
    "node_modules/npm-updatedependencies2latest": {
      "version": "0.0.10",
      "resolved": "https://registry.npmjs.org/npm-updatedependencies2latest/-/npm-updatedependencies2latest-0.0.10.tgz",
      "integrity": "sha512-sjMJWNC1ZPujZPQtKbI5NGGJjfXN2aR/uswf0tUuwUg+0qD6xzhtQOR+pB2dmru38FMmsJObxqywStYVKMTIPQ=="
    },
    "node_modules/pareto-buildenvironment": {
      "version": "0.311.0",
      "resolved": "https://registry.npmjs.org/pareto-buildenvironment/-/pareto-buildenvironment-0.311.0.tgz",
      "integrity": "sha512-3pgOMxyAWK+YIcc8FYAlgoJ6Al+5c31GM8L/G+/e3C7WA2gu495JAiWfzaZnW7SCDjEelIv+vXQ6DiieWR9m2g==",
      "dependencies": {
        "npm-updatedependencies2latest": "^0.0.10",
        "typescript": "^5.0.2"
      }
    },
    "node_modules/typescript": {
      "version": "5.0.4",
      "resolved": "https://registry.npmjs.org/typescript/-/typescript-5.0.4.tgz",
      "integrity": "sha512-cW9T5W9xY37cc+jfEnaUvX91foxtHkza3Nw3wkoF4sSlKn0MONdkdEndig/qPBWXNkmplh3NzayQzCiHM4/hqw==",
      "bin": {
        "tsc": "bin/tsc",
        "tsserver": "bin/tsserver"
      },
      "engines": {
        "node": ">=12.20"
      }
    }
  },
  "dependencies": {
    "npm-updatedependencies2latest": {
      "version": "0.0.10",
      "resolved": "https://registry.npmjs.org/npm-updatedependencies2latest/-/npm-updatedependencies2latest-0.0.10.tgz",
      "integrity": "sha512-sjMJWNC1ZPujZPQtKbI5NGGJjfXN2aR/uswf0tUuwUg+0qD6xzhtQOR+pB2dmru38FMmsJObxqywStYVKMTIPQ=="
    },
    "pareto-buildenvironment": {
      "version": "0.311.0",
      "resolved": "https://registry.npmjs.org/pareto-buildenvironment/-/pareto-buildenvironment-0.311.0.tgz",
      "integrity": "sha512-3pgOMxyAWK+YIcc8FYAlgoJ6Al+5c31GM8L/G+/e3C7WA2gu495JAiWfzaZnW7SCDjEelIv+vXQ6DiieWR9m2g==",
      "requires": {
        "npm-updatedependencies2latest": "^0.0.10",
        "typescript": "^5.0.2"
      }
    },
    "typescript": {
      "version": "5.0.4",
      "resolved": "https://registry.npmjs.org/typescript/-/typescript-5.0.4.tgz",
      "integrity": "sha512-cW9T5W9xY37cc+jfEnaUvX91foxtHkza3Nw3wkoF4sSlKn0MONdkdEndig/qPBWXNkmplh3NzayQzCiHM4/hqw=="
    }
  }
}
